// !$*UTF8*$!
{
	archiveVersion = 1;
	classes = {
	};
	objectVersion = 56;
	objects = {

/* Begin PBXBuildFile section */
		340A9B3F29A78EBE00F4DCC8 /* funfactoryApp.swift in Sources */ = {isa = PBXBuildFile; fileRef = 340A9B3E29A78EBE00F4DCC8 /* funfactoryApp.swift */; };
		340A9B4129A78EBE00F4DCC8 /* ContentView.swift in Sources */ = {isa = PBXBuildFile; fileRef = 340A9B4029A78EBE00F4DCC8 /* ContentView.swift */; };
		340A9B4329A78EBF00F4DCC8 /* Assets.xcassets in Resources */ = {isa = PBXBuildFile; fileRef = 340A9B4229A78EBF00F4DCC8 /* Assets.xcassets */; };
		340A9B4729A78EBF00F4DCC8 /* Preview Assets.xcassets in Resources */ = {isa = PBXBuildFile; fileRef = 340A9B4629A78EBF00F4DCC8 /* Preview Assets.xcassets */; };
		340A9B5129A78EBF00F4DCC8 /* funfactoryTests.swift in Sources */ = {isa = PBXBuildFile; fileRef = 340A9B5029A78EBF00F4DCC8 /* funfactoryTests.swift */; };
		340A9B5B29A78EBF00F4DCC8 /* funfactoryUITests.swift in Sources */ = {isa = PBXBuildFile; fileRef = 340A9B5A29A78EBF00F4DCC8 /* funfactoryUITests.swift */; };
		340A9B5D29A78EBF00F4DCC8 /* funfactoryUITestsLaunchTests.swift in Sources */ = {isa = PBXBuildFile; fileRef = 340A9B5C29A78EBF00F4DCC8 /* funfactoryUITestsLaunchTests.swift */; };
/* End PBXBuildFile section */

/* Begin PBXContainerItemProxy section */
		340A9B4D29A78EBF00F4DCC8 /* PBXContainerItemProxy */ = {
			isa = PBXContainerItemProxy;
			containerPortal = 340A9B3329A78EBE00F4DCC8 /* Project object */;
			proxyType = 1;
			remoteGlobalIDString = 340A9B3A29A78EBE00F4DCC8;
			remoteInfo = funfactory;
		};
		340A9B5729A78EBF00F4DCC8 /* PBXContainerItemProxy */ = {
			isa = PBXContainerItemProxy;
			containerPortal = 340A9B3329A78EBE00F4DCC8 /* Project object */;
			proxyType = 1;
			remoteGlobalIDString = 340A9B3A29A78EBE00F4DCC8;
			remoteInfo = funfactory;
		};
/* End PBXContainerItemProxy section */

/* Begin PBXFileReference section */
		340A9B3B29A78EBE00F4DCC8 /* funfactory.app */ = {isa = PBXFileReference; explicitFileType = wrapper.application; includeInIndex = 0; path = funfactory.app; sourceTree = BUILT_PRODUCTS_DIR; };
		340A9B3E29A78EBE00F4DCC8 /* funfactoryApp.swift */ = {isa = PBXFileReference; lastKnownFileType = sourcecode.swift; path = funfactoryApp.swift; sourceTree = "<group>"; };
		340A9B4029A78EBE00F4DCC8 /* ContentView.swift */ = {isa = PBXFileReference; lastKnownFileType = sourcecode.swift; path = ContentView.swift; sourceTree = "<group>"; };
		340A9B4229A78EBF00F4DCC8 /* Assets.xcassets */ = {isa = PBXFileReference; lastKnownFileType = folder.assetcatalog; path = Assets.xcassets; sourceTree = "<group>"; };
		340A9B4429A78EBF00F4DCC8 /* funfactory.entitlements */ = {isa = PBXFileReference; lastKnownFileType = text.plist.entitlements; path = funfactory.entitlements; sourceTree = "<group>"; };
		340A9B4629A78EBF00F4DCC8 /* Preview Assets.xcassets */ = {isa = PBXFileReference; lastKnownFileType = folder.assetcatalog; path = "Preview Assets.xcassets"; sourceTree = "<group>"; };
		340A9B4C29A78EBF00F4DCC8 /* funfactoryTests.xctest */ = {isa = PBXFileReference; explicitFileType = wrapper.cfbundle; includeInIndex = 0; path = funfactoryTests.xctest; sourceTree = BUILT_PRODUCTS_DIR; };
		340A9B5029A78EBF00F4DCC8 /* funfactoryTests.swift */ = {isa = PBXFileReference; lastKnownFileType = sourcecode.swift; path = funfactoryTests.swift; sourceTree = "<group>"; };
		340A9B5629A78EBF00F4DCC8 /* funfactoryUITests.xctest */ = {isa = PBXFileReference; explicitFileType = wrapper.cfbundle; includeInIndex = 0; path = funfactoryUITests.xctest; sourceTree = BUILT_PRODUCTS_DIR; };
		340A9B5A29A78EBF00F4DCC8 /* funfactoryUITests.swift */ = {isa = PBXFileReference; lastKnownFileType = sourcecode.swift; path = funfactoryUITests.swift; sourceTree = "<group>"; };
		340A9B5C29A78EBF00F4DCC8 /* funfactoryUITestsLaunchTests.swift */ = {isa = PBXFileReference; lastKnownFileType = sourcecode.swift; path = funfactoryUITestsLaunchTests.swift; sourceTree = "<group>"; };
/* End PBXFileReference section */

/* Begin PBXFrameworksBuildPhase section */
		340A9B3829A78EBE00F4DCC8 /* Frameworks */ = {
			isa = PBXFrameworksBuildPhase;
			buildActionMask = 2147483647;
			files = (
			);
			runOnlyForDeploymentPostprocessing = 0;
		};
		340A9B4929A78EBF00F4DCC8 /* Frameworks */ = {
			isa = PBXFrameworksBuildPhase;
			buildActionMask = 2147483647;
			files = (
			);
			runOnlyForDeploymentPostprocessing = 0;
		};
		340A9B5329A78EBF00F4DCC8 /* Frameworks */ = {
			isa = PBXFrameworksBuildPhase;
			buildActionMask = 2147483647;
			files = (
			);
			runOnlyForDeploymentPostprocessing = 0;
		};
/* End PBXFrameworksBuildPhase section */

/* Begin PBXGroup section */
		340A9B3229A78EBE00F4DCC8 = {
			isa = PBXGroup;
			children = (
				340A9B3D29A78EBE00F4DCC8 /* funfactory */,
				340A9B4F29A78EBF00F4DCC8 /* funfactoryTests */,
				340A9B5929A78EBF00F4DCC8 /* funfactoryUITests */,
				340A9B3C29A78EBE00F4DCC8 /* Products */,
			);
			sourceTree = "<group>";
		};
		340A9B3C29A78EBE00F4DCC8 /* Products */ = {
			isa = PBXGroup;
			children = (
				340A9B3B29A78EBE00F4DCC8 /* funfactory.app */,
				340A9B4C29A78EBF00F4DCC8 /* funfactoryTests.xctest */,
				340A9B5629A78EBF00F4DCC8 /* funfactoryUITests.xctest */,
			);
			name = Products;
			sourceTree = "<group>";
		};
		340A9B3D29A78EBE00F4DCC8 /* funfactory */ = {
			isa = PBXGroup;
			children = (
				340A9B3E29A78EBE00F4DCC8 /* funfactoryApp.swift */,
				340A9B4029A78EBE00F4DCC8 /* ContentView.swift */,
				340A9B4229A78EBF00F4DCC8 /* Assets.xcassets */,
				340A9B4429A78EBF00F4DCC8 /* funfactory.entitlements */,
				340A9B4529A78EBF00F4DCC8 /* Preview Content */,
			);
			path = funfactory;
			sourceTree = "<group>";
		};
		340A9B4529A78EBF00F4DCC8 /* Preview Content */ = {
			isa = PBXGroup;
			children = (
				340A9B4629A78EBF00F4DCC8 /* Preview Assets.xcassets */,
			);
			path = "Preview Content";
			sourceTree = "<group>";
		};
		340A9B4F29A78EBF00F4DCC8 /* funfactoryTests */ = {
			isa = PBXGroup;
			children = (
				340A9B5029A78EBF00F4DCC8 /* funfactoryTests.swift */,
			);
			path = funfactoryTests;
			sourceTree = "<group>";
		};
		340A9B5929A78EBF00F4DCC8 /* funfactoryUITests */ = {
			isa = PBXGroup;
			children = (
				340A9B5A29A78EBF00F4DCC8 /* funfactoryUITests.swift */,
				340A9B5C29A78EBF00F4DCC8 /* funfactoryUITestsLaunchTests.swift */,
			);
			path = funfactoryUITests;
			sourceTree = "<group>";
		};
/* End PBXGroup section */

/* Begin PBXNativeTarget section */
		340A9B3A29A78EBE00F4DCC8 /* funfactory */ = {
			isa = PBXNativeTarget;
			buildConfigurationList = 340A9B6029A78EBF00F4DCC8 /* Build configuration list for PBXNativeTarget "funfactory" */;
			buildPhases = (
				340A9B3729A78EBE00F4DCC8 /* Sources */,
				340A9B3829A78EBE00F4DCC8 /* Frameworks */,
				340A9B3929A78EBE00F4DCC8 /* Resources */,
			);
			buildRules = (
			);
			dependencies = (
			);
			name = funfactory;
			productName = funfactory;
			productReference = 340A9B3B29A78EBE00F4DCC8 /* funfactory.app */;
			productType = "com.apple.product-type.application";
		};
		340A9B4B29A78EBF00F4DCC8 /* funfactoryTests */ = {
			isa = PBXNativeTarget;
			buildConfigurationList = 340A9B6329A78EBF00F4DCC8 /* Build configuration list for PBXNativeTarget "funfactoryTests" */;
			buildPhases = (
				340A9B4829A78EBF00F4DCC8 /* Sources */,
				340A9B4929A78EBF00F4DCC8 /* Frameworks */,
				340A9B4A29A78EBF00F4DCC8 /* Resources */,
			);
			buildRules = (
			);
			dependencies = (
				340A9B4E29A78EBF00F4DCC8 /* PBXTargetDependency */,
			);
			name = funfactoryTests;
			productName = funfactoryTests;
			productReference = 340A9B4C29A78EBF00F4DCC8 /* funfactoryTests.xctest */;
			productType = "com.apple.product-type.bundle.unit-test";
		};
		340A9B5529A78EBF00F4DCC8 /* funfactoryUITests */ = {
			isa = PBXNativeTarget;
			buildConfigurationList = 340A9B6629A78EBF00F4DCC8 /* Build configuration list for PBXNativeTarget "funfactoryUITests" */;
			buildPhases = (
				340A9B5229A78EBF00F4DCC8 /* Sources */,
				340A9B5329A78EBF00F4DCC8 /* Frameworks */,
				340A9B5429A78EBF00F4DCC8 /* Resources */,
			);
			buildRules = (
			);
			dependencies = (
				340A9B5829A78EBF00F4DCC8 /* PBXTargetDependency */,
			);
			name = funfactoryUITests;
			productName = funfactoryUITests;
			productReference = 340A9B5629A78EBF00F4DCC8 /* funfactoryUITests.xctest */;
			productType = "com.apple.product-type.bundle.ui-testing";
		};
/* End PBXNativeTarget section */

/* Begin PBXProject section */
		340A9B3329A78EBE00F4DCC8 /* Project object */ = {
			isa = PBXProject;
			attributes = {
				BuildIndependentTargetsInParallel = 1;
				LastSwiftUpdateCheck = 1420;
				LastUpgradeCheck = 1420;
				TargetAttributes = {
					340A9B3A29A78EBE00F4DCC8 = {
						CreatedOnToolsVersion = 14.2;
					};
					340A9B4B29A78EBF00F4DCC8 = {
						CreatedOnToolsVersion = 14.2;
						TestTargetID = 340A9B3A29A78EBE00F4DCC8;
					};
					340A9B5529A78EBF00F4DCC8 = {
						CreatedOnToolsVersion = 14.2;
						TestTargetID = 340A9B3A29A78EBE00F4DCC8;
					};
				};
			};
			buildConfigurationList = 340A9B3629A78EBE00F4DCC8 /* Build configuration list for PBXProject "funfactory" */;
			compatibilityVersion = "Xcode 14.0";
			developmentRegion = en;
			hasScannedForEncodings = 0;
			knownRegions = (
				en,
				Base,
			);
			mainGroup = 340A9B3229A78EBE00F4DCC8;
			productRefGroup = 340A9B3C29A78EBE00F4DCC8 /* Products */;
			projectDirPath = "";
			projectRoot = "";
			targets = (
				340A9B3A29A78EBE00F4DCC8 /* funfactory */,
				340A9B4B29A78EBF00F4DCC8 /* funfactoryTests */,
				340A9B5529A78EBF00F4DCC8 /* funfactoryUITests */,
			);
		};
/* End PBXProject section */

/* Begin PBXResourcesBuildPhase section */
		340A9B3929A78EBE00F4DCC8 /* Resources */ = {
			isa = PBXResourcesBuildPhase;
			buildActionMask = 2147483647;
			files = (
				340A9B4729A78EBF00F4DCC8 /* Preview Assets.xcassets in Resources */,
				340A9B4329A78EBF00F4DCC8 /* Assets.xcassets in Resources */,
			);
			runOnlyForDeploymentPostprocessing = 0;
		};
		340A9B4A29A78EBF00F4DCC8 /* Resources */ = {
			isa = PBXResourcesBuildPhase;
			buildActionMask = 2147483647;
			files = (
			);
			runOnlyForDeploymentPostprocessing = 0;
		};
		340A9B5429A78EBF00F4DCC8 /* Resources */ = {
			isa = PBXResourcesBuildPhase;
			buildActionMask = 2147483647;
			files = (
			);
			runOnlyForDeploymentPostprocessing = 0;
		};
/* End PBXResourcesBuildPhase section */

/* Begin PBXSourcesBuildPhase section */
		340A9B3729A78EBE00F4DCC8 /* Sources */ = {
			isa = PBXSourcesBuildPhase;
			buildActionMask = 2147483647;
			files = (
				340A9B4129A78EBE00F4DCC8 /* ContentView.swift in Sources */,
				340A9B3F29A78EBE00F4DCC8 /* funfactoryApp.swift in Sources */,
			);
			runOnlyForDeploymentPostprocessing = 0;
		};
		340A9B4829A78EBF00F4DCC8 /* Sources */ = {
			isa = PBXSourcesBuildPhase;
			buildActionMask = 2147483647;
			files = (
				340A9B5129A78EBF00F4DCC8 /* funfactoryTests.swift in Sources */,
			);
			runOnlyForDeploymentPostprocessing = 0;
		};
		340A9B5229A78EBF00F4DCC8 /* Sources */ = {
			isa = PBXSourcesBuildPhase;
			buildActionMask = 2147483647;
			files = (
				340A9B5B29A78EBF00F4DCC8 /* funfactoryUITests.swift in Sources */,
				340A9B5D29A78EBF00F4DCC8 /* funfactoryUITestsLaunchTests.swift in Sources */,
			);
			runOnlyForDeploymentPostprocessing = 0;
		};
/* End PBXSourcesBuildPhase section */

/* Begin PBXTargetDependency section */
		340A9B4E29A78EBF00F4DCC8 /* PBXTargetDependency */ = {
			isa = PBXTargetDependency;
			target = 340A9B3A29A78EBE00F4DCC8 /* funfactory */;
			targetProxy = 340A9B4D29A78EBF00F4DCC8 /* PBXContainerItemProxy */;
		};
		340A9B5829A78EBF00F4DCC8 /* PBXTargetDependency */ = {
			isa = PBXTargetDependency;
			target = 340A9B3A29A78EBE00F4DCC8 /* funfactory */;
			targetProxy = 340A9B5729A78EBF00F4DCC8 /* PBXContainerItemProxy */;
		};
/* End PBXTargetDependency section */

/* Begin XCBuildConfiguration section */
		340A9B5E29A78EBF00F4DCC8 /* Debug */ = {
			isa = XCBuildConfiguration;
			buildSettings = {
				ALWAYS_SEARCH_USER_PATHS = NO;
				CLANG_ANALYZER_NONNULL = YES;
				CLANG_ANALYZER_NUMBER_OBJECT_CONVERSION = YES_AGGRESSIVE;
				CLANG_CXX_LANGUAGE_STANDARD = "gnu++20";
				CLANG_ENABLE_MODULES = YES;
				CLANG_ENABLE_OBJC_ARC = YES;
				CLANG_ENABLE_OBJC_WEAK = YES;
				CLANG_WARN_BLOCK_CAPTURE_AUTORELEASING = YES;
				CLANG_WARN_BOOL_CONVERSION = YES;
				CLANG_WARN_COMMA = YES;
				CLANG_WARN_CONSTANT_CONVERSION = YES;
				CLANG_WARN_DEPRECATED_OBJC_IMPLEMENTATIONS = YES;
				CLANG_WARN_DIRECT_OBJC_ISA_USAGE = YES_ERROR;
				CLANG_WARN_DOCUMENTATION_COMMENTS = YES;
				CLANG_WARN_EMPTY_BODY = YES;
				CLANG_WARN_ENUM_CONVERSION = YES;
				CLANG_WARN_INFINITE_RECURSION = YES;
				CLANG_WARN_INT_CONVERSION = YES;
				CLANG_WARN_NON_LITERAL_NULL_CONVERSION = YES;
				CLANG_WARN_OBJC_IMPLICIT_RETAIN_SELF = YES;
				CLANG_WARN_OBJC_LITERAL_CONVERSION = YES;
				CLANG_WARN_OBJC_ROOT_CLASS = YES_ERROR;
				CLANG_WARN_QUOTED_INCLUDE_IN_FRAMEWORK_HEADER = YES;
				CLANG_WARN_RANGE_LOOP_ANALYSIS = YES;
				CLANG_WARN_STRICT_PROTOTYPES = YES;
				CLANG_WARN_SUSPICIOUS_MOVE = YES;
				CLANG_WARN_UNGUARDED_AVAILABILITY = YES_AGGRESSIVE;
				CLANG_WARN_UNREACHABLE_CODE = YES;
				CLANG_WARN__DUPLICATE_METHOD_MATCH = YES;
				COPY_PHASE_STRIP = NO;
				DEBUG_INFORMATION_FORMAT = dwarf;
				ENABLE_STRICT_OBJC_MSGSEND = YES;
				ENABLE_TESTABILITY = YES;
				GCC_C_LANGUAGE_STANDARD = gnu11;
				GCC_DYNAMIC_NO_PIC = NO;
				GCC_NO_COMMON_BLOCKS = YES;
				GCC_OPTIMIZATION_LEVEL = 0;
				GCC_PREPROCESSOR_DEFINITIONS = (
					"DEBUG=1",
					"$(inherited)",
				);
				GCC_WARN_64_TO_32_BIT_CONVERSION = YES;
				GCC_WARN_ABOUT_RETURN_TYPE = YES_ERROR;
				GCC_WARN_UNDECLARED_SELECTOR = YES;
				GCC_WARN_UNINITIALIZED_AUTOS = YES_AGGRESSIVE;
				GCC_WARN_UNUSED_FUNCTION = YES;
				GCC_WARN_UNUSED_VARIABLE = YES;
				MTL_ENABLE_DEBUG_INFO = INCLUDE_SOURCE;
				MTL_FAST_MATH = YES;
				ONLY_ACTIVE_ARCH = YES;
				SWIFT_ACTIVE_COMPILATION_CONDITIONS = DEBUG;
				SWIFT_OPTIMIZATION_LEVEL = "-Onone";
			};
			name = Debug;
		};
		340A9B5F29A78EBF00F4DCC8 /* Release */ = {
			isa = XCBuildConfiguration;
			buildSettings = {
				ALWAYS_SEARCH_USER_PATHS = NO;
				CLANG_ANALYZER_NONNULL = YES;
				CLANG_ANALYZER_NUMBER_OBJECT_CONVERSION = YES_AGGRESSIVE;
				CLANG_CXX_LANGUAGE_STANDARD = "gnu++20";
				CLANG_ENABLE_MODULES = YES;
				CLANG_ENABLE_OBJC_ARC = YES;
				CLANG_ENABLE_OBJC_WEAK = YES;
				CLANG_WARN_BLOCK_CAPTURE_AUTORELEASING = YES;
				CLANG_WARN_BOOL_CONVERSION = YES;
				CLANG_WARN_COMMA = YES;
				CLANG_WARN_CONSTANT_CONVERSION = YES;
				CLANG_WARN_DEPRECATED_OBJC_IMPLEMENTATIONS = YES;
				CLANG_WARN_DIRECT_OBJC_ISA_USAGE = YES_ERROR;
				CLANG_WARN_DOCUMENTATION_COMMENTS = YES;
				CLANG_WARN_EMPTY_BODY = YES;
				CLANG_WARN_ENUM_CONVERSION = YES;
				CLANG_WARN_INFINITE_RECURSION = YES;
				CLANG_WARN_INT_CONVERSION = YES;
				CLANG_WARN_NON_LITERAL_NULL_CONVERSION = YES;
				CLANG_WARN_OBJC_IMPLICIT_RETAIN_SELF = YES;
				CLANG_WARN_OBJC_LITERAL_CONVERSION = YES;
				CLANG_WARN_OBJC_ROOT_CLASS = YES_ERROR;
				CLANG_WARN_QUOTED_INCLUDE_IN_FRAMEWORK_HEADER = YES;
				CLANG_WARN_RANGE_LOOP_ANALYSIS = YES;
				CLANG_WARN_STRICT_PROTOTYPES = YES;
				CLANG_WARN_SUSPICIOUS_MOVE = YES;
				CLANG_WARN_UNGUARDED_AVAILABILITY = YES_AGGRESSIVE;
				CLANG_WARN_UNREACHABLE_CODE = YES;
				CLANG_WARN__DUPLICATE_METHOD_MATCH = YES;
				COPY_PHASE_STRIP = NO;
				DEBUG_INFORMATION_FORMAT = "dwarf-with-dsym";
				ENABLE_NS_ASSERTIONS = NO;
				ENABLE_STRICT_OBJC_MSGSEND = YES;
				GCC_C_LANGUAGE_STANDARD = gnu11;
				GCC_NO_COMMON_BLOCKS = YES;
				GCC_WARN_64_TO_32_BIT_CONVERSION = YES;
				GCC_WARN_ABOUT_RETURN_TYPE = YES_ERROR;
				GCC_WARN_UNDECLARED_SELECTOR = YES;
				GCC_WARN_UNINITIALIZED_AUTOS = YES_AGGRESSIVE;
				GCC_WARN_UNUSED_FUNCTION = YES;
				GCC_WARN_UNUSED_VARIABLE = YES;
				MTL_ENABLE_DEBUG_INFO = NO;
				MTL_FAST_MATH = YES;
				SWIFT_COMPILATION_MODE = wholemodule;
				SWIFT_OPTIMIZATION_LEVEL = "-O";
			};
			name = Release;
		};
		340A9B6129A78EBF00F4DCC8 /* Debug */ = {
			isa = XCBuildConfiguration;
			buildSettings = {
				ASSETCATALOG_COMPILER_APPICON_NAME = AppIcon;
				ASSETCATALOG_COMPILER_GLOBAL_ACCENT_COLOR_NAME = AccentColor;
				CODE_SIGN_ENTITLEMENTS = funfactory/funfactory.entitlements;
				CODE_SIGN_STYLE = Automatic;
				CURRENT_PROJECT_VERSION = 1;
				DEVELOPMENT_ASSET_PATHS = "\"funfactory/Preview Content\"";
				DEVELOPMENT_TEAM = X8FPBDF85Z;
				ENABLE_HARDENED_RUNTIME = YES;
				ENABLE_PREVIEWS = YES;
				GENERATE_INFOPLIST_FILE = YES;
				"INFOPLIST_KEY_UIApplicationSceneManifest_Generation[sdk=iphoneos*]" = YES;
				"INFOPLIST_KEY_UIApplicationSceneManifest_Generation[sdk=iphonesimulator*]" = YES;
				"INFOPLIST_KEY_UIApplicationSupportsIndirectInputEvents[sdk=iphoneos*]" = YES;
				"INFOPLIST_KEY_UIApplicationSupportsIndirectInputEvents[sdk=iphonesimulator*]" = YES;
				"INFOPLIST_KEY_UILaunchScreen_Generation[sdk=iphoneos*]" = YES;
				"INFOPLIST_KEY_UILaunchScreen_Generation[sdk=iphonesimulator*]" = YES;
				"INFOPLIST_KEY_UIStatusBarStyle[sdk=iphoneos*]" = UIStatusBarStyleDefault;
				"INFOPLIST_KEY_UIStatusBarStyle[sdk=iphonesimulator*]" = UIStatusBarStyleDefault;
				INFOPLIST_KEY_UISupportedInterfaceOrientations_iPad = "UIInterfaceOrientationPortrait UIInterfaceOrientationPortraitUpsideDown UIInterfaceOrientationLandscapeLeft UIInterfaceOrientationLandscapeRight";
				INFOPLIST_KEY_UISupportedInterfaceOrientations_iPhone = "UIInterfaceOrientationPortrait UIInterfaceOrientationLandscapeLeft UIInterfaceOrientationLandscapeRight";
				IPHONEOS_DEPLOYMENT_TARGET = 16.2;
				LD_RUNPATH_SEARCH_PATHS = "@executable_path/Frameworks";
				"LD_RUNPATH_SEARCH_PATHS[sdk=macosx*]" = "@executable_path/../Frameworks";
				MACOSX_DEPLOYMENT_TARGET = 13.1;
				MARKETING_VERSION = 1.0;
				PRODUCT_BUNDLE_IDENTIFIER = de.geildesignt.funfactory;
				PRODUCT_NAME = "$(TARGET_NAME)";
				SDKROOT = auto;
				SUPPORTED_PLATFORMS = "iphoneos iphonesimulator macosx";
				SWIFT_EMIT_LOC_STRINGS = YES;
				SWIFT_VERSION = 5.0;
				TARGETED_DEVICE_FAMILY = "1,2";
			};
			name = Debug;
		};
		340A9B6229A78EBF00F4DCC8 /* Release */ = {
			isa = XCBuildConfiguration;
			buildSettings = {
				ASSETCATALOG_COMPILER_APPICON_NAME = AppIcon;
				ASSETCATALOG_COMPILER_GLOBAL_ACCENT_COLOR_NAME = AccentColor;
				CODE_SIGN_ENTITLEMENTS = funfactory/funfactory.entitlements;
				CODE_SIGN_STYLE = Automatic;
				CURRENT_PROJECT_VERSION = 1;
				DEVELOPMENT_ASSET_PATHS = "\"funfactory/Preview Content\"";
				DEVELOPMENT_TEAM = X8FPBDF85Z;
				ENABLE_HARDENED_RUNTIME = YES;
				ENABLE_PREVIEWS = YES;
				GENERATE_INFOPLIST_FILE = YES;
				"INFOPLIST_KEY_UIApplicationSceneManifest_Generation[sdk=iphoneos*]" = YES;
				"INFOPLIST_KEY_UIApplicationSceneManifest_Generation[sdk=iphonesimulator*]" = YES;
				"INFOPLIST_KEY_UIApplicationSupportsIndirectInputEvents[sdk=iphoneos*]" = YES;
				"INFOPLIST_KEY_UIApplicationSupportsIndirectInputEvents[sdk=iphonesimulator*]" = YES;
				"INFOPLIST_KEY_UILaunchScreen_Generation[sdk=iphoneos*]" = YES;
				"INFOPLIST_KEY_UILaunchScreen_Generation[sdk=iphonesimulator*]" = YES;
				"INFOPLIST_KEY_UIStatusBarStyle[sdk=iphoneos*]" = UIStatusBarStyleDefault;
				"INFOPLIST_KEY_UIStatusBarStyle[sdk=iphonesimulator*]" = UIStatusBarStyleDefault;
				INFOPLIST_KEY_UISupportedInterfaceOrientations_iPad = "UIInterfaceOrientationPortrait UIInterfaceOrientationPortraitUpsideDown UIInterfaceOrientationLandscapeLeft UIInterfaceOrientationLandscapeRight";
				INFOPLIST_KEY_UISupportedInterfaceOrientations_iPhone = "UIInterfaceOrientationPortrait UIInterfaceOrientationLandscapeLeft UIInterfaceOrientationLandscapeRight";
				IPHONEOS_DEPLOYMENT_TARGET = 16.2;
				LD_RUNPATH_SEARCH_PATHS = "@executable_path/Frameworks";
				"LD_RUNPATH_SEARCH_PATHS[sdk=macosx*]" = "@executable_path/../Frameworks";
				MACOSX_DEPLOYMENT_TARGET = 13.1;
				MARKETING_VERSION = 1.0;
				PRODUCT_BUNDLE_IDENTIFIER = de.geildesignt.funfactory;
				PRODUCT_NAME = "$(TARGET_NAME)";
				SDKROOT = auto;
				SUPPORTED_PLATFORMS = "iphoneos iphonesimulator macosx";
				SWIFT_EMIT_LOC_STRINGS = YES;
				SWIFT_VERSION = 5.0;
				TARGETED_DEVICE_FAMILY = "1,2";
			};
			name = Release;
		};
		340A9B6429A78EBF00F4DCC8 /* Debug */ = {
			isa = XCBuildConfiguration;
			buildSettings = {
				ALWAYS_EMBED_SWIFT_STANDARD_LIBRARIES = YES;
				BUNDLE_LOADER = "$(TEST_HOST)";
				CODE_SIGN_STYLE = Automatic;
				CURRENT_PROJECT_VERSION = 1;
				DEVELOPMENT_TEAM = X8FPBDF85Z;
				GENERATE_INFOPLIST_FILE = YES;
				IPHONEOS_DEPLOYMENT_TARGET = 16.2;
				MACOSX_DEPLOYMENT_TARGET = 13.1;
				MARKETING_VERSION = 1.0;
				PRODUCT_BUNDLE_IDENTIFIER = de.geildesignt.funfactoryTests;
				PRODUCT_NAME = "$(TARGET_NAME)";
				SDKROOT = auto;
				SUPPORTED_PLATFORMS = "iphoneos iphonesimulator macosx";
				SWIFT_EMIT_LOC_STRINGS = NO;
				SWIFT_VERSION = 5.0;
				TARGETED_DEVICE_FAMILY = "1,2";
				TEST_HOST = "$(BUILT_PRODUCTS_DIR)/funfactory.app/$(BUNDLE_EXECUTABLE_FOLDER_PATH)/funfactory";
			};
			name = Debug;
		};
		340A9B6529A78EBF00F4DCC8 /* Release */ = {
			isa = XCBuildConfiguration;
			buildSettings = {
				ALWAYS_EMBED_SWIFT_STANDARD_LIBRARIES = YES;
				BUNDLE_LOADER = "$(TEST_HOST)";
				CODE_SIGN_STYLE = Automatic;
				CURRENT_PROJECT_VERSION = 1;
				DEVELOPMENT_TEAM = X8FPBDF85Z;
				GENERATE_INFOPLIST_FILE = YES;
				IPHONEOS_DEPLOYMENT_TARGET = 16.2;
				MACOSX_DEPLOYMENT_TARGET = 13.1;
				MARKETING_VERSION = 1.0;
				PRODUCT_BUNDLE_IDENTIFIER = de.geildesignt.funfactoryTests;
				PRODUCT_NAME = "$(TARGET_NAME)";
				SDKROOT = auto;
				SUPPORTED_PLATFORMS = "iphoneos iphonesimulator macosx";
				SWIFT_EMIT_LOC_STRINGS = NO;
				SWIFT_VERSION = 5.0;
				TARGETED_DEVICE_FAMILY = "1,2";
				TEST_HOST = "$(BUILT_PRODUCTS_DIR)/funfactory.app/$(BUNDLE_EXECUTABLE_FOLDER_PATH)/funfactory";
			};
			name = Release;
		};
		340A9B6729A78EBF00F4DCC8 /* Debug */ = {
			isa = XCBuildConfiguration;
			buildSettings = {
				ALWAYS_EMBED_SWIFT_STANDARD_LIBRARIES = YES;
				CODE_SIGN_STYLE = Automatic;
				CURRENT_PROJECT_VERSION = 1;
				DEVELOPMENT_TEAM = X8FPBDF85Z;
				GENERATE_INFOPLIST_FILE = YES;
				IPHONEOS_DEPLOYMENT_TARGET = 16.2;
				MACOSX_DEPLOYMENT_TARGET = 13.1;
				MARKETING_VERSION = 1.0;
				PRODUCT_BUNDLE_IDENTIFIER = de.geildesignt.funfactoryUITests;
				PRODUCT_NAME = "$(TARGET_NAME)";
				SDKROOT = auto;
				SUPPORTED_PLATFORMS = "iphoneos iphonesimulator macosx";
				SWIFT_EMIT_LOC_STRINGS = NO;
				SWIFT_VERSION = 5.0;
				TARGETED_DEVICE_FAMILY = "1,2";
				TEST_TARGET_NAME = funfactory;
			};
			name = Debug;
		};
		340A9B6829A78EBF00F4DCC8 /* Release */ = {
			isa = XCBuildConfiguration;
			buildSettings = {
				ALWAYS_EMBED_SWIFT_STANDARD_LIBRARIES = YES;
				CODE_SIGN_STYLE = Automatic;
				CURRENT_PROJECT_VERSION = 1;
				DEVELOPMENT_TEAM = X8FPBDF85Z;
				GENERATE_INFOPLIST_FILE = YES;
				IPHONEOS_DEPLOYMENT_TARGET = 16.2;
				MACOSX_DEPLOYMENT_TARGET = 13.1;
				MARKETING_VERSION = 1.0;
				PRODUCT_BUNDLE_IDENTIFIER = de.geildesignt.funfactoryUITests;
				PRODUCT_NAME = "$(TARGET_NAME)";
				SDKROOT = auto;
				SUPPORTED_PLATFORMS = "iphoneos iphonesimulator macosx";
				SWIFT_EMIT_LOC_STRINGS = NO;
				SWIFT_VERSION = 5.0;
				TARGETED_DEVICE_FAMILY = "1,2";
				TEST_TARGET_NAME = funfactory;
			};
			name = Release;
		};
/* End XCBuildConfiguration section */

/* Begin XCConfigurationList section */
		340A9B3629A78EBE00F4DCC8 /* Build configuration list for PBXProject "funfactory" */ = {
			isa = XCConfigurationList;
			buildConfigurations = (
				340A9B5E29A78EBF00F4DCC8 /* Debug */,
				340A9B5F29A78EBF00F4DCC8 /* Release */,
			);
			defaultConfigurationIsVisible = 0;
			defaultConfigurationName = Release;
		};
		340A9B6029A78EBF00F4DCC8 /* Build configuration list for PBXNativeTarget "funfactory" */ = {
			isa = XCConfigurationList;
			buildConfigurations = (
				340A9B6129A78EBF00F4DCC8 /* Debug */,
				340A9B6229A78EBF00F4DCC8 /* Release */,
			);
			defaultConfigurationIsVisible = 0;
			defaultConfigurationName = Release;
		};
		340A9B6329A78EBF00F4DCC8 /* Build configuration list for PBXNativeTarget "funfactoryTests" */ = {
			isa = XCConfigurationList;
			buildConfigurations = (
				340A9B6429A78EBF00F4DCC8 /* Debug */,
				340A9B6529A78EBF00F4DCC8 /* Release */,
			);
			defaultConfigurationIsVisible = 0;
			defaultConfigurationName = Release;
		};
		340A9B6629A78EBF00F4DCC8 /* Build configuration list for PBXNativeTarget "funfactoryUITests" */ = {
			isa = XCConfigurationList;
			buildConfigurations = (
				340A9B6729A78EBF00F4DCC8 /* Debug */,
				340A9B6829A78EBF00F4DCC8 /* Release */,
			);
			defaultConfigurationIsVisible = 0;
			defaultConfigurationName = Release;
		};
/* End XCConfigurationList section */
	};
	rootObject = 340A9B3329A78EBE00F4DCC8 /* Project object */;
}
