// !$*UTF8*$!
{
	archiveVersion = 1;
	classes = {
	};
	objectVersion = 56;
	objects = {

/* Begin PBXBuildFile section */
		342AF1A62987D4BB002B6C70 /* SocialCloneApp.swift in Sources */ = {isa = PBXBuildFile; fileRef = 342AF1A52987D4BB002B6C70 /* SocialCloneApp.swift */; };
		342AF1A82987D4BB002B6C70 /* ContentView.swift in Sources */ = {isa = PBXBuildFile; fileRef = 342AF1A72987D4BB002B6C70 /* ContentView.swift */; };
		342AF1AA2987D4BC002B6C70 /* Assets.xcassets in Resources */ = {isa = PBXBuildFile; fileRef = 342AF1A92987D4BC002B6C70 /* Assets.xcassets */; };
		342AF1AD2987D4BC002B6C70 /* Preview Assets.xcassets in Resources */ = {isa = PBXBuildFile; fileRef = 342AF1AC2987D4BC002B6C70 /* Preview Assets.xcassets */; };
		342AF1B72987D4BC002B6C70 /* SocialCloneTests.swift in Sources */ = {isa = PBXBuildFile; fileRef = 342AF1B62987D4BC002B6C70 /* SocialCloneTests.swift */; };
		342AF1C12987D4BC002B6C70 /* SocialCloneUITests.swift in Sources */ = {isa = PBXBuildFile; fileRef = 342AF1C02987D4BC002B6C70 /* SocialCloneUITests.swift */; };
		342AF1C32987D4BC002B6C70 /* SocialCloneUITestsLaunchTests.swift in Sources */ = {isa = PBXBuildFile; fileRef = 342AF1C22987D4BC002B6C70 /* SocialCloneUITestsLaunchTests.swift */; };
		342AF1D42987D524002B6C70 /* Post.swift in Sources */ = {isa = PBXBuildFile; fileRef = 342AF1D32987D524002B6C70 /* Post.swift */; };
		342AF1D62987D55A002B6C70 /* Comment.swift in Sources */ = {isa = PBXBuildFile; fileRef = 342AF1D52987D55A002B6C70 /* Comment.swift */; };
		342AF1D82987D585002B6C70 /* PostViewModel.swift in Sources */ = {isa = PBXBuildFile; fileRef = 342AF1D72987D585002B6C70 /* PostViewModel.swift */; };
		342AF1DA2987D7AC002B6C70 /* PostRowView.swift in Sources */ = {isa = PBXBuildFile; fileRef = 342AF1D92987D7AC002B6C70 /* PostRowView.swift */; };
		342AF1DC2987D8AB002B6C70 /* PostListView.swift in Sources */ = {isa = PBXBuildFile; fileRef = 342AF1DB2987D8AB002B6C70 /* PostListView.swift */; };
		342AF1DE2987D909002B6C70 /* CommentRowView.swift in Sources */ = {isa = PBXBuildFile; fileRef = 342AF1DD2987D909002B6C70 /* CommentRowView.swift */; };
		342AF1E02987D956002B6C70 /* CommentListView.swift in Sources */ = {isa = PBXBuildFile; fileRef = 342AF1DF2987D956002B6C70 /* CommentListView.swift */; };
		342AF1E22987D9A9002B6C70 /* AddPostView.swift in Sources */ = {isa = PBXBuildFile; fileRef = 342AF1E12987D9A9002B6C70 /* AddPostView.swift */; };
/* End PBXBuildFile section */

/* Begin PBXContainerItemProxy section */
		342AF1B32987D4BC002B6C70 /* PBXContainerItemProxy */ = {
			isa = PBXContainerItemProxy;
			containerPortal = 342AF19A2987D4BB002B6C70 /* Project object */;
			proxyType = 1;
			remoteGlobalIDString = 342AF1A12987D4BB002B6C70;
			remoteInfo = SocialClone;
		};
		342AF1BD2987D4BC002B6C70 /* PBXContainerItemProxy */ = {
			isa = PBXContainerItemProxy;
			containerPortal = 342AF19A2987D4BB002B6C70 /* Project object */;
			proxyType = 1;
			remoteGlobalIDString = 342AF1A12987D4BB002B6C70;
			remoteInfo = SocialClone;
		};
/* End PBXContainerItemProxy section */

/* Begin PBXFileReference section */
		342AF1A22987D4BB002B6C70 /* SocialClone.app */ = {isa = PBXFileReference; explicitFileType = wrapper.application; includeInIndex = 0; path = SocialClone.app; sourceTree = BUILT_PRODUCTS_DIR; };
		342AF1A52987D4BB002B6C70 /* SocialCloneApp.swift */ = {isa = PBXFileReference; lastKnownFileType = sourcecode.swift; path = SocialCloneApp.swift; sourceTree = "<group>"; };
		342AF1A72987D4BB002B6C70 /* ContentView.swift */ = {isa = PBXFileReference; lastKnownFileType = sourcecode.swift; path = ContentView.swift; sourceTree = "<group>"; };
		342AF1A92987D4BC002B6C70 /* Assets.xcassets */ = {isa = PBXFileReference; lastKnownFileType = folder.assetcatalog; path = Assets.xcassets; sourceTree = "<group>"; };
		342AF1AC2987D4BC002B6C70 /* Preview Assets.xcassets */ = {isa = PBXFileReference; lastKnownFileType = folder.assetcatalog; path = "Preview Assets.xcassets"; sourceTree = "<group>"; };
		342AF1B22987D4BC002B6C70 /* SocialCloneTests.xctest */ = {isa = PBXFileReference; explicitFileType = wrapper.cfbundle; includeInIndex = 0; path = SocialCloneTests.xctest; sourceTree = BUILT_PRODUCTS_DIR; };
		342AF1B62987D4BC002B6C70 /* SocialCloneTests.swift */ = {isa = PBXFileReference; lastKnownFileType = sourcecode.swift; path = SocialCloneTests.swift; sourceTree = "<group>"; };
		342AF1BC2987D4BC002B6C70 /* SocialCloneUITests.xctest */ = {isa = PBXFileReference; explicitFileType = wrapper.cfbundle; includeInIndex = 0; path = SocialCloneUITests.xctest; sourceTree = BUILT_PRODUCTS_DIR; };
		342AF1C02987D4BC002B6C70 /* SocialCloneUITests.swift */ = {isa = PBXFileReference; lastKnownFileType = sourcecode.swift; path = SocialCloneUITests.swift; sourceTree = "<group>"; };
		342AF1C22987D4BC002B6C70 /* SocialCloneUITestsLaunchTests.swift */ = {isa = PBXFileReference; lastKnownFileType = sourcecode.swift; path = SocialCloneUITestsLaunchTests.swift; sourceTree = "<group>"; };
		342AF1D32987D524002B6C70 /* Post.swift */ = {isa = PBXFileReference; lastKnownFileType = sourcecode.swift; path = Post.swift; sourceTree = "<group>"; };
		342AF1D52987D55A002B6C70 /* Comment.swift */ = {isa = PBXFileReference; lastKnownFileType = sourcecode.swift; path = Comment.swift; sourceTree = "<group>"; };
		342AF1D72987D585002B6C70 /* PostViewModel.swift */ = {isa = PBXFileReference; lastKnownFileType = sourcecode.swift; path = PostViewModel.swift; sourceTree = "<group>"; };
		342AF1D92987D7AC002B6C70 /* PostRowView.swift */ = {isa = PBXFileReference; lastKnownFileType = sourcecode.swift; path = PostRowView.swift; sourceTree = "<group>"; };
		342AF1DB2987D8AB002B6C70 /* PostListView.swift */ = {isa = PBXFileReference; lastKnownFileType = sourcecode.swift; path = PostListView.swift; sourceTree = "<group>"; };
		342AF1DD2987D909002B6C70 /* CommentRowView.swift */ = {isa = PBXFileReference; lastKnownFileType = sourcecode.swift; path = CommentRowView.swift; sourceTree = "<group>"; };
		342AF1DF2987D956002B6C70 /* CommentListView.swift */ = {isa = PBXFileReference; lastKnownFileType = sourcecode.swift; path = CommentListView.swift; sourceTree = "<group>"; };
		342AF1E12987D9A9002B6C70 /* AddPostView.swift */ = {isa = PBXFileReference; lastKnownFileType = sourcecode.swift; path = AddPostView.swift; sourceTree = "<group>"; };
/* End PBXFileReference section */

/* Begin PBXFrameworksBuildPhase section */
		342AF19F2987D4BB002B6C70 /* Frameworks */ = {
			isa = PBXFrameworksBuildPhase;
			buildActionMask = 2147483647;
			files = (
			);
			runOnlyForDeploymentPostprocessing = 0;
		};
		342AF1AF2987D4BC002B6C70 /* Frameworks */ = {
			isa = PBXFrameworksBuildPhase;
			buildActionMask = 2147483647;
			files = (
			);
			runOnlyForDeploymentPostprocessing = 0;
		};
		342AF1B92987D4BC002B6C70 /* Frameworks */ = {
			isa = PBXFrameworksBuildPhase;
			buildActionMask = 2147483647;
			files = (
			);
			runOnlyForDeploymentPostprocessing = 0;
		};
/* End PBXFrameworksBuildPhase section */

/* Begin PBXGroup section */
		342AF1992987D4BB002B6C70 = {
			isa = PBXGroup;
			children = (
				342AF1A42987D4BB002B6C70 /* SocialClone */,
				342AF1B52987D4BC002B6C70 /* SocialCloneTests */,
				342AF1BF2987D4BC002B6C70 /* SocialCloneUITests */,
				342AF1A32987D4BB002B6C70 /* Products */,
			);
			sourceTree = "<group>";
		};
		342AF1A32987D4BB002B6C70 /* Products */ = {
			isa = PBXGroup;
			children = (
				342AF1A22987D4BB002B6C70 /* SocialClone.app */,
				342AF1B22987D4BC002B6C70 /* SocialCloneTests.xctest */,
				342AF1BC2987D4BC002B6C70 /* SocialCloneUITests.xctest */,
			);
			name = Products;
			sourceTree = "<group>";
		};
		342AF1A42987D4BB002B6C70 /* SocialClone */ = {
			isa = PBXGroup;
			children = (
				342AF1D22987D509002B6C70 /* Models */,
				342AF1D12987D4FF002B6C70 /* ViewModel */,
				342AF1D02987D4F6002B6C70 /* Views */,
				342AF1A52987D4BB002B6C70 /* SocialCloneApp.swift */,
				342AF1CF2987D4ED002B6C70 /* Screens */,
				342AF1A92987D4BC002B6C70 /* Assets.xcassets */,
				342AF1AB2987D4BC002B6C70 /* Preview Content */,
			);
			path = SocialClone;
			sourceTree = "<group>";
		};
		342AF1AB2987D4BC002B6C70 /* Preview Content */ = {
			isa = PBXGroup;
			children = (
				342AF1AC2987D4BC002B6C70 /* Preview Assets.xcassets */,
			);
			path = "Preview Content";
			sourceTree = "<group>";
		};
		342AF1B52987D4BC002B6C70 /* SocialCloneTests */ = {
			isa = PBXGroup;
			children = (
				342AF1B62987D4BC002B6C70 /* SocialCloneTests.swift */,
			);
			path = SocialCloneTests;
			sourceTree = "<group>";
		};
		342AF1BF2987D4BC002B6C70 /* SocialCloneUITests */ = {
			isa = PBXGroup;
			children = (
				342AF1C02987D4BC002B6C70 /* SocialCloneUITests.swift */,
				342AF1C22987D4BC002B6C70 /* SocialCloneUITestsLaunchTests.swift */,
			);
			path = SocialCloneUITests;
			sourceTree = "<group>";
		};
		342AF1CF2987D4ED002B6C70 /* Screens */ = {
			isa = PBXGroup;
			children = (
				342AF1A72987D4BB002B6C70 /* ContentView.swift */,
			);
			path = Screens;
			sourceTree = "<group>";
		};
		342AF1D02987D4F6002B6C70 /* Views */ = {
			isa = PBXGroup;
			children = (
				342AF1D92987D7AC002B6C70 /* PostRowView.swift */,
				342AF1DB2987D8AB002B6C70 /* PostListView.swift */,
				342AF1DD2987D909002B6C70 /* CommentRowView.swift */,
				342AF1DF2987D956002B6C70 /* CommentListView.swift */,
				342AF1E12987D9A9002B6C70 /* AddPostView.swift */,
			);
			path = Views;
			sourceTree = "<group>";
		};
		342AF1D12987D4FF002B6C70 /* ViewModel */ = {
			isa = PBXGroup;
			children = (
				342AF1D72987D585002B6C70 /* PostViewModel.swift */,
			);
			path = ViewModel;
			sourceTree = "<group>";
		};
		342AF1D22987D509002B6C70 /* Models */ = {
			isa = PBXGroup;
			children = (
				342AF1D32987D524002B6C70 /* Post.swift */,
				342AF1D52987D55A002B6C70 /* Comment.swift */,
			);
			path = Models;
			sourceTree = "<group>";
		};
/* End PBXGroup section */

/* Begin PBXNativeTarget section */
		342AF1A12987D4BB002B6C70 /* SocialClone */ = {
			isa = PBXNativeTarget;
			buildConfigurationList = 342AF1C62987D4BC002B6C70 /* Build configuration list for PBXNativeTarget "SocialClone" */;
			buildPhases = (
				342AF19E2987D4BB002B6C70 /* Sources */,
				342AF19F2987D4BB002B6C70 /* Frameworks */,
				342AF1A02987D4BB002B6C70 /* Resources */,
			);
			buildRules = (
			);
			dependencies = (
			);
			name = SocialClone;
			productName = SocialClone;
			productReference = 342AF1A22987D4BB002B6C70 /* SocialClone.app */;
			productType = "com.apple.product-type.application";
		};
		342AF1B12987D4BC002B6C70 /* SocialCloneTests */ = {
			isa = PBXNativeTarget;
			buildConfigurationList = 342AF1C92987D4BC002B6C70 /* Build configuration list for PBXNativeTarget "SocialCloneTests" */;
			buildPhases = (
				342AF1AE2987D4BC002B6C70 /* Sources */,
				342AF1AF2987D4BC002B6C70 /* Frameworks */,
				342AF1B02987D4BC002B6C70 /* Resources */,
			);
			buildRules = (
			);
			dependencies = (
				342AF1B42987D4BC002B6C70 /* PBXTargetDependency */,
			);
			name = SocialCloneTests;
			productName = SocialCloneTests;
			productReference = 342AF1B22987D4BC002B6C70 /* SocialCloneTests.xctest */;
			productType = "com.apple.product-type.bundle.unit-test";
		};
		342AF1BB2987D4BC002B6C70 /* SocialCloneUITests */ = {
			isa = PBXNativeTarget;
			buildConfigurationList = 342AF1CC2987D4BC002B6C70 /* Build configuration list for PBXNativeTarget "SocialCloneUITests" */;
			buildPhases = (
				342AF1B82987D4BC002B6C70 /* Sources */,
				342AF1B92987D4BC002B6C70 /* Frameworks */,
				342AF1BA2987D4BC002B6C70 /* Resources */,
			);
			buildRules = (
			);
			dependencies = (
				342AF1BE2987D4BC002B6C70 /* PBXTargetDependency */,
			);
			name = SocialCloneUITests;
			productName = SocialCloneUITests;
			productReference = 342AF1BC2987D4BC002B6C70 /* SocialCloneUITests.xctest */;
			productType = "com.apple.product-type.bundle.ui-testing";
		};
/* End PBXNativeTarget section */

/* Begin PBXProject section */
		342AF19A2987D4BB002B6C70 /* Project object */ = {
			isa = PBXProject;
			attributes = {
				BuildIndependentTargetsInParallel = 1;
				LastSwiftUpdateCheck = 1420;
				LastUpgradeCheck = 1420;
				TargetAttributes = {
					342AF1A12987D4BB002B6C70 = {
						CreatedOnToolsVersion = 14.2;
					};
					342AF1B12987D4BC002B6C70 = {
						CreatedOnToolsVersion = 14.2;
						TestTargetID = 342AF1A12987D4BB002B6C70;
					};
					342AF1BB2987D4BC002B6C70 = {
						CreatedOnToolsVersion = 14.2;
						TestTargetID = 342AF1A12987D4BB002B6C70;
					};
				};
			};
			buildConfigurationList = 342AF19D2987D4BB002B6C70 /* Build configuration list for PBXProject "SocialClone" */;
			compatibilityVersion = "Xcode 14.0";
			developmentRegion = en;
			hasScannedForEncodings = 0;
			knownRegions = (
				en,
				Base,
			);
			mainGroup = 342AF1992987D4BB002B6C70;
			productRefGroup = 342AF1A32987D4BB002B6C70 /* Products */;
			projectDirPath = "";
			projectRoot = "";
			targets = (
				342AF1A12987D4BB002B6C70 /* SocialClone */,
				342AF1B12987D4BC002B6C70 /* SocialCloneTests */,
				342AF1BB2987D4BC002B6C70 /* SocialCloneUITests */,
			);
		};
/* End PBXProject section */

/* Begin PBXResourcesBuildPhase section */
		342AF1A02987D4BB002B6C70 /* Resources */ = {
			isa = PBXResourcesBuildPhase;
			buildActionMask = 2147483647;
			files = (
				342AF1AD2987D4BC002B6C70 /* Preview Assets.xcassets in Resources */,
				342AF1AA2987D4BC002B6C70 /* Assets.xcassets in Resources */,
			);
			runOnlyForDeploymentPostprocessing = 0;
		};
		342AF1B02987D4BC002B6C70 /* Resources */ = {
			isa = PBXResourcesBuildPhase;
			buildActionMask = 2147483647;
			files = (
			);
			runOnlyForDeploymentPostprocessing = 0;
		};
		342AF1BA2987D4BC002B6C70 /* Resources */ = {
			isa = PBXResourcesBuildPhase;
			buildActionMask = 2147483647;
			files = (
			);
			runOnlyForDeploymentPostprocessing = 0;
		};
/* End PBXResourcesBuildPhase section */

/* Begin PBXSourcesBuildPhase section */
		342AF19E2987D4BB002B6C70 /* Sources */ = {
			isa = PBXSourcesBuildPhase;
			buildActionMask = 2147483647;
			files = (
				342AF1D82987D585002B6C70 /* PostViewModel.swift in Sources */,
				342AF1E02987D956002B6C70 /* CommentListView.swift in Sources */,
				342AF1D42987D524002B6C70 /* Post.swift in Sources */,
				342AF1A82987D4BB002B6C70 /* ContentView.swift in Sources */,
				342AF1E22987D9A9002B6C70 /* AddPostView.swift in Sources */,
				342AF1DA2987D7AC002B6C70 /* PostRowView.swift in Sources */,
				342AF1A62987D4BB002B6C70 /* SocialCloneApp.swift in Sources */,
				342AF1DE2987D909002B6C70 /* CommentRowView.swift in Sources */,
				342AF1D62987D55A002B6C70 /* Comment.swift in Sources */,
				342AF1DC2987D8AB002B6C70 /* PostListView.swift in Sources */,
			);
			runOnlyForDeploymentPostprocessing = 0;
		};
		342AF1AE2987D4BC002B6C70 /* Sources */ = {
			isa = PBXSourcesBuildPhase;
			buildActionMask = 2147483647;
			files = (
				342AF1B72987D4BC002B6C70 /* SocialCloneTests.swift in Sources */,
			);
			runOnlyForDeploymentPostprocessing = 0;
		};
		342AF1B82987D4BC002B6C70 /* Sources */ = {
			isa = PBXSourcesBuildPhase;
			buildActionMask = 2147483647;
			files = (
				342AF1C12987D4BC002B6C70 /* SocialCloneUITests.swift in Sources */,
				342AF1C32987D4BC002B6C70 /* SocialCloneUITestsLaunchTests.swift in Sources */,
			);
			runOnlyForDeploymentPostprocessing = 0;
		};
/* End PBXSourcesBuildPhase section */

/* Begin PBXTargetDependency section */
		342AF1B42987D4BC002B6C70 /* PBXTargetDependency */ = {
			isa = PBXTargetDependency;
			target = 342AF1A12987D4BB002B6C70 /* SocialClone */;
			targetProxy = 342AF1B32987D4BC002B6C70 /* PBXContainerItemProxy */;
		};
		342AF1BE2987D4BC002B6C70 /* PBXTargetDependency */ = {
			isa = PBXTargetDependency;
			target = 342AF1A12987D4BB002B6C70 /* SocialClone */;
			targetProxy = 342AF1BD2987D4BC002B6C70 /* PBXContainerItemProxy */;
		};
/* End PBXTargetDependency section */

/* Begin XCBuildConfiguration section */
		342AF1C42987D4BC002B6C70 /* Debug */ = {
			isa = XCBuildConfiguration;
			buildSettings = {
				ALWAYS_SEARCH_USER_PATHS = NO;
				CLANG_ANALYZER_NONNULL = YES;
				CLANG_ANALYZER_NUMBER_OBJECT_CONVERSION = YES_AGGRESSIVE;
				CLANG_CXX_LANGUAGE_STANDARD = "gnu++20";
				CLANG_ENABLE_MODULES = YES;
				CLANG_ENABLE_OBJC_ARC = YES;
				CLANG_ENABLE_OBJC_WEAK = YES;
				CLANG_WARN_BLOCK_CAPTURE_AUTORELEASING = YES;
				CLANG_WARN_BOOL_CONVERSION = YES;
				CLANG_WARN_COMMA = YES;
				CLANG_WARN_CONSTANT_CONVERSION = YES;
				CLANG_WARN_DEPRECATED_OBJC_IMPLEMENTATIONS = YES;
				CLANG_WARN_DIRECT_OBJC_ISA_USAGE = YES_ERROR;
				CLANG_WARN_DOCUMENTATION_COMMENTS = YES;
				CLANG_WARN_EMPTY_BODY = YES;
				CLANG_WARN_ENUM_CONVERSION = YES;
				CLANG_WARN_INFINITE_RECURSION = YES;
				CLANG_WARN_INT_CONVERSION = YES;
				CLANG_WARN_NON_LITERAL_NULL_CONVERSION = YES;
				CLANG_WARN_OBJC_IMPLICIT_RETAIN_SELF = YES;
				CLANG_WARN_OBJC_LITERAL_CONVERSION = YES;
				CLANG_WARN_OBJC_ROOT_CLASS = YES_ERROR;
				CLANG_WARN_QUOTED_INCLUDE_IN_FRAMEWORK_HEADER = YES;
				CLANG_WARN_RANGE_LOOP_ANALYSIS = YES;
				CLANG_WARN_STRICT_PROTOTYPES = YES;
				CLANG_WARN_SUSPICIOUS_MOVE = YES;
				CLANG_WARN_UNGUARDED_AVAILABILITY = YES_AGGRESSIVE;
				CLANG_WARN_UNREACHABLE_CODE = YES;
				CLANG_WARN__DUPLICATE_METHOD_MATCH = YES;
				COPY_PHASE_STRIP = NO;
				DEBUG_INFORMATION_FORMAT = dwarf;
				ENABLE_STRICT_OBJC_MSGSEND = YES;
				ENABLE_TESTABILITY = YES;
				GCC_C_LANGUAGE_STANDARD = gnu11;
				GCC_DYNAMIC_NO_PIC = NO;
				GCC_NO_COMMON_BLOCKS = YES;
				GCC_OPTIMIZATION_LEVEL = 0;
				GCC_PREPROCESSOR_DEFINITIONS = (
					"DEBUG=1",
					"$(inherited)",
				);
				GCC_WARN_64_TO_32_BIT_CONVERSION = YES;
				GCC_WARN_ABOUT_RETURN_TYPE = YES_ERROR;
				GCC_WARN_UNDECLARED_SELECTOR = YES;
				GCC_WARN_UNINITIALIZED_AUTOS = YES_AGGRESSIVE;
				GCC_WARN_UNUSED_FUNCTION = YES;
				GCC_WARN_UNUSED_VARIABLE = YES;
				IPHONEOS_DEPLOYMENT_TARGET = 16.2;
				MTL_ENABLE_DEBUG_INFO = INCLUDE_SOURCE;
				MTL_FAST_MATH = YES;
				ONLY_ACTIVE_ARCH = YES;
				SDKROOT = iphoneos;
				SWIFT_ACTIVE_COMPILATION_CONDITIONS = DEBUG;
				SWIFT_OPTIMIZATION_LEVEL = "-Onone";
			};
			name = Debug;
		};
		342AF1C52987D4BC002B6C70 /* Release */ = {
			isa = XCBuildConfiguration;
			buildSettings = {
				ALWAYS_SEARCH_USER_PATHS = NO;
				CLANG_ANALYZER_NONNULL = YES;
				CLANG_ANALYZER_NUMBER_OBJECT_CONVERSION = YES_AGGRESSIVE;
				CLANG_CXX_LANGUAGE_STANDARD = "gnu++20";
				CLANG_ENABLE_MODULES = YES;
				CLANG_ENABLE_OBJC_ARC = YES;
				CLANG_ENABLE_OBJC_WEAK = YES;
				CLANG_WARN_BLOCK_CAPTURE_AUTORELEASING = YES;
				CLANG_WARN_BOOL_CONVERSION = YES;
				CLANG_WARN_COMMA = YES;
				CLANG_WARN_CONSTANT_CONVERSION = YES;
				CLANG_WARN_DEPRECATED_OBJC_IMPLEMENTATIONS = YES;
				CLANG_WARN_DIRECT_OBJC_ISA_USAGE = YES_ERROR;
				CLANG_WARN_DOCUMENTATION_COMMENTS = YES;
				CLANG_WARN_EMPTY_BODY = YES;
				CLANG_WARN_ENUM_CONVERSION = YES;
				CLANG_WARN_INFINITE_RECURSION = YES;
				CLANG_WARN_INT_CONVERSION = YES;
				CLANG_WARN_NON_LITERAL_NULL_CONVERSION = YES;
				CLANG_WARN_OBJC_IMPLICIT_RETAIN_SELF = YES;
				CLANG_WARN_OBJC_LITERAL_CONVERSION = YES;
				CLANG_WARN_OBJC_ROOT_CLASS = YES_ERROR;
				CLANG_WARN_QUOTED_INCLUDE_IN_FRAMEWORK_HEADER = YES;
				CLANG_WARN_RANGE_LOOP_ANALYSIS = YES;
				CLANG_WARN_STRICT_PROTOTYPES = YES;
				CLANG_WARN_SUSPICIOUS_MOVE = YES;
				CLANG_WARN_UNGUARDED_AVAILABILITY = YES_AGGRESSIVE;
				CLANG_WARN_UNREACHABLE_CODE = YES;
				CLANG_WARN__DUPLICATE_METHOD_MATCH = YES;
				COPY_PHASE_STRIP = NO;
				DEBUG_INFORMATION_FORMAT = "dwarf-with-dsym";
				ENABLE_NS_ASSERTIONS = NO;
				ENABLE_STRICT_OBJC_MSGSEND = YES;
				GCC_C_LANGUAGE_STANDARD = gnu11;
				GCC_NO_COMMON_BLOCKS = YES;
				GCC_WARN_64_TO_32_BIT_CONVERSION = YES;
				GCC_WARN_ABOUT_RETURN_TYPE = YES_ERROR;
				GCC_WARN_UNDECLARED_SELECTOR = YES;
				GCC_WARN_UNINITIALIZED_AUTOS = YES_AGGRESSIVE;
				GCC_WARN_UNUSED_FUNCTION = YES;
				GCC_WARN_UNUSED_VARIABLE = YES;
				IPHONEOS_DEPLOYMENT_TARGET = 16.2;
				MTL_ENABLE_DEBUG_INFO = NO;
				MTL_FAST_MATH = YES;
				SDKROOT = iphoneos;
				SWIFT_COMPILATION_MODE = wholemodule;
				SWIFT_OPTIMIZATION_LEVEL = "-O";
				VALIDATE_PRODUCT = YES;
			};
			name = Release;
		};
		342AF1C72987D4BC002B6C70 /* Debug */ = {
			isa = XCBuildConfiguration;
			buildSettings = {
				ASSETCATALOG_COMPILER_APPICON_NAME = AppIcon;
				ASSETCATALOG_COMPILER_GLOBAL_ACCENT_COLOR_NAME = AccentColor;
				CODE_SIGN_STYLE = Automatic;
				CURRENT_PROJECT_VERSION = 1;
				DEVELOPMENT_ASSET_PATHS = "\"SocialClone/Preview Content\"";
				DEVELOPMENT_TEAM = X8FPBDF85Z;
				ENABLE_PREVIEWS = YES;
				GENERATE_INFOPLIST_FILE = YES;
				INFOPLIST_KEY_UIApplicationSceneManifest_Generation = YES;
				INFOPLIST_KEY_UIApplicationSupportsIndirectInputEvents = YES;
				INFOPLIST_KEY_UILaunchScreen_Generation = YES;
				INFOPLIST_KEY_UISupportedInterfaceOrientations_iPad = "UIInterfaceOrientationPortrait UIInterfaceOrientationPortraitUpsideDown UIInterfaceOrientationLandscapeLeft UIInterfaceOrientationLandscapeRight";
				INFOPLIST_KEY_UISupportedInterfaceOrientations_iPhone = "UIInterfaceOrientationPortrait UIInterfaceOrientationLandscapeLeft UIInterfaceOrientationLandscapeRight";
				LD_RUNPATH_SEARCH_PATHS = (
					"$(inherited)",
					"@executable_path/Frameworks",
				);
				MARKETING_VERSION = 1.0;
				PRODUCT_BUNDLE_IDENTIFIER = de.geildesignt.SocialClone;
				PRODUCT_NAME = "$(TARGET_NAME)";
				SWIFT_EMIT_LOC_STRINGS = YES;
				SWIFT_VERSION = 5.0;
				TARGETED_DEVICE_FAMILY = "1,2";
			};
			name = Debug;
		};
		342AF1C82987D4BC002B6C70 /* Release */ = {
			isa = XCBuildConfiguration;
			buildSettings = {
				ASSETCATALOG_COMPILER_APPICON_NAME = AppIcon;
				ASSETCATALOG_COMPILER_GLOBAL_ACCENT_COLOR_NAME = AccentColor;
				CODE_SIGN_STYLE = Automatic;
				CURRENT_PROJECT_VERSION = 1;
				DEVELOPMENT_ASSET_PATHS = "\"SocialClone/Preview Content\"";
				DEVELOPMENT_TEAM = X8FPBDF85Z;
				ENABLE_PREVIEWS = YES;
				GENERATE_INFOPLIST_FILE = YES;
				INFOPLIST_KEY_UIApplicationSceneManifest_Generation = YES;
				INFOPLIST_KEY_UIApplicationSupportsIndirectInputEvents = YES;
				INFOPLIST_KEY_UILaunchScreen_Generation = YES;
				INFOPLIST_KEY_UISupportedInterfaceOrientations_iPad = "UIInterfaceOrientationPortrait UIInterfaceOrientationPortraitUpsideDown UIInterfaceOrientationLandscapeLeft UIInterfaceOrientationLandscapeRight";
				INFOPLIST_KEY_UISupportedInterfaceOrientations_iPhone = "UIInterfaceOrientationPortrait UIInterfaceOrientationLandscapeLeft UIInterfaceOrientationLandscapeRight";
				LD_RUNPATH_SEARCH_PATHS = (
					"$(inherited)",
					"@executable_path/Frameworks",
				);
				MARKETING_VERSION = 1.0;
				PRODUCT_BUNDLE_IDENTIFIER = de.geildesignt.SocialClone;
				PRODUCT_NAME = "$(TARGET_NAME)";
				SWIFT_EMIT_LOC_STRINGS = YES;
				SWIFT_VERSION = 5.0;
				TARGETED_DEVICE_FAMILY = "1,2";
			};
			name = Release;
		};
		342AF1CA2987D4BC002B6C70 /* Debug */ = {
			isa = XCBuildConfiguration;
			buildSettings = {
				ALWAYS_EMBED_SWIFT_STANDARD_LIBRARIES = YES;
				BUNDLE_LOADER = "$(TEST_HOST)";
				CODE_SIGN_STYLE = Automatic;
				CURRENT_PROJECT_VERSION = 1;
				DEVELOPMENT_TEAM = X8FPBDF85Z;
				GENERATE_INFOPLIST_FILE = YES;
				IPHONEOS_DEPLOYMENT_TARGET = 16.2;
				MARKETING_VERSION = 1.0;
				PRODUCT_BUNDLE_IDENTIFIER = de.geildesignt.SocialCloneTests;
				PRODUCT_NAME = "$(TARGET_NAME)";
				SWIFT_EMIT_LOC_STRINGS = NO;
				SWIFT_VERSION = 5.0;
				TARGETED_DEVICE_FAMILY = "1,2";
				TEST_HOST = "$(BUILT_PRODUCTS_DIR)/SocialClone.app/$(BUNDLE_EXECUTABLE_FOLDER_PATH)/SocialClone";
			};
			name = Debug;
		};
		342AF1CB2987D4BC002B6C70 /* Release */ = {
			isa = XCBuildConfiguration;
			buildSettings = {
				ALWAYS_EMBED_SWIFT_STANDARD_LIBRARIES = YES;
				BUNDLE_LOADER = "$(TEST_HOST)";
				CODE_SIGN_STYLE = Automatic;
				CURRENT_PROJECT_VERSION = 1;
				DEVELOPMENT_TEAM = X8FPBDF85Z;
				GENERATE_INFOPLIST_FILE = YES;
				IPHONEOS_DEPLOYMENT_TARGET = 16.2;
				MARKETING_VERSION = 1.0;
				PRODUCT_BUNDLE_IDENTIFIER = de.geildesignt.SocialCloneTests;
				PRODUCT_NAME = "$(TARGET_NAME)";
				SWIFT_EMIT_LOC_STRINGS = NO;
				SWIFT_VERSION = 5.0;
				TARGETED_DEVICE_FAMILY = "1,2";
				TEST_HOST = "$(BUILT_PRODUCTS_DIR)/SocialClone.app/$(BUNDLE_EXECUTABLE_FOLDER_PATH)/SocialClone";
			};
			name = Release;
		};
		342AF1CD2987D4BC002B6C70 /* Debug */ = {
			isa = XCBuildConfiguration;
			buildSettings = {
				ALWAYS_EMBED_SWIFT_STANDARD_LIBRARIES = YES;
				CODE_SIGN_STYLE = Automatic;
				CURRENT_PROJECT_VERSION = 1;
				DEVELOPMENT_TEAM = X8FPBDF85Z;
				GENERATE_INFOPLIST_FILE = YES;
				MARKETING_VERSION = 1.0;
				PRODUCT_BUNDLE_IDENTIFIER = de.geildesignt.SocialCloneUITests;
				PRODUCT_NAME = "$(TARGET_NAME)";
				SWIFT_EMIT_LOC_STRINGS = NO;
				SWIFT_VERSION = 5.0;
				TARGETED_DEVICE_FAMILY = "1,2";
				TEST_TARGET_NAME = SocialClone;
			};
			name = Debug;
		};
		342AF1CE2987D4BC002B6C70 /* Release */ = {
			isa = XCBuildConfiguration;
			buildSettings = {
				ALWAYS_EMBED_SWIFT_STANDARD_LIBRARIES = YES;
				CODE_SIGN_STYLE = Automatic;
				CURRENT_PROJECT_VERSION = 1;
				DEVELOPMENT_TEAM = X8FPBDF85Z;
				GENERATE_INFOPLIST_FILE = YES;
				MARKETING_VERSION = 1.0;
				PRODUCT_BUNDLE_IDENTIFIER = de.geildesignt.SocialCloneUITests;
				PRODUCT_NAME = "$(TARGET_NAME)";
				SWIFT_EMIT_LOC_STRINGS = NO;
				SWIFT_VERSION = 5.0;
				TARGETED_DEVICE_FAMILY = "1,2";
				TEST_TARGET_NAME = SocialClone;
			};
			name = Release;
		};
/* End XCBuildConfiguration section */

/* Begin XCConfigurationList section */
		342AF19D2987D4BB002B6C70 /* Build configuration list for PBXProject "SocialClone" */ = {
			isa = XCConfigurationList;
			buildConfigurations = (
				342AF1C42987D4BC002B6C70 /* Debug */,
				342AF1C52987D4BC002B6C70 /* Release */,
			);
			defaultConfigurationIsVisible = 0;
			defaultConfigurationName = Release;
		};
		342AF1C62987D4BC002B6C70 /* Build configuration list for PBXNativeTarget "SocialClone" */ = {
			isa = XCConfigurationList;
			buildConfigurations = (
				342AF1C72987D4BC002B6C70 /* Debug */,
				342AF1C82987D4BC002B6C70 /* Release */,
			);
			defaultConfigurationIsVisible = 0;
			defaultConfigurationName = Release;
		};
		342AF1C92987D4BC002B6C70 /* Build configuration list for PBXNativeTarget "SocialCloneTests" */ = {
			isa = XCConfigurationList;
			buildConfigurations = (
				342AF1CA2987D4BC002B6C70 /* Debug */,
				342AF1CB2987D4BC002B6C70 /* Release */,
			);
			defaultConfigurationIsVisible = 0;
			defaultConfigurationName = Release;
		};
		342AF1CC2987D4BC002B6C70 /* Build configuration list for PBXNativeTarget "SocialCloneUITests" */ = {
			isa = XCConfigurationList;
			buildConfigurations = (
				342AF1CD2987D4BC002B6C70 /* Debug */,
				342AF1CE2987D4BC002B6C70 /* Release */,
			);
			defaultConfigurationIsVisible = 0;
			defaultConfigurationName = Release;
		};
/* End XCConfigurationList section */
	};
	rootObject = 342AF19A2987D4BB002B6C70 /* Project object */;
}
