// !$*UTF8*$!
{
	archiveVersion = 1;
	classes = {
	};
	objectVersion = 56;
	objects = {

/* Begin PBXBuildFile section */
		34C5209529A6079300FB7031 /* GEILdesigntT_ShirtShopApp.swift in Sources */ = {isa = PBXBuildFile; fileRef = 34C5209429A6079300FB7031 /* GEILdesigntT_ShirtShopApp.swift */; };
		34C5209729A6079300FB7031 /* ContentView.swift in Sources */ = {isa = PBXBuildFile; fileRef = 34C5209629A6079300FB7031 /* ContentView.swift */; };
		34C5209929A6079400FB7031 /* Assets.xcassets in Resources */ = {isa = PBXBuildFile; fileRef = 34C5209829A6079400FB7031 /* Assets.xcassets */; };
		34C5209D29A6079400FB7031 /* Preview Assets.xcassets in Resources */ = {isa = PBXBuildFile; fileRef = 34C5209C29A6079400FB7031 /* Preview Assets.xcassets */; };
		34C520A729A6079400FB7031 /* GEILdesigntT_ShirtShopTests.swift in Sources */ = {isa = PBXBuildFile; fileRef = 34C520A629A6079400FB7031 /* GEILdesigntT_ShirtShopTests.swift */; };
		34C520B129A6079400FB7031 /* GEILdesigntT_ShirtShopUITests.swift in Sources */ = {isa = PBXBuildFile; fileRef = 34C520B029A6079400FB7031 /* GEILdesigntT_ShirtShopUITests.swift */; };
		34C520B329A6079400FB7031 /* GEILdesigntT_ShirtShopUITestsLaunchTests.swift in Sources */ = {isa = PBXBuildFile; fileRef = 34C520B229A6079400FB7031 /* GEILdesigntT_ShirtShopUITestsLaunchTests.swift */; };
		34C520CD29A6093400FB7031 /* Sellabes.swift in Sources */ = {isa = PBXBuildFile; fileRef = 34C520CC29A6093400FB7031 /* Sellabes.swift */; };
		34C520D129A60C7400FB7031 /* ImageData.swift in Sources */ = {isa = PBXBuildFile; fileRef = 34C520D029A60C7400FB7031 /* ImageData.swift */; };
		34C520D329A60CBC00FB7031 /* Price.swift in Sources */ = {isa = PBXBuildFile; fileRef = 34C520D229A60CBC00FB7031 /* Price.swift */; };
		34C520D629A60CFA00FB7031 /* SellableView.swift in Sources */ = {isa = PBXBuildFile; fileRef = 34C520D529A60CFA00FB7031 /* SellableView.swift */; };
		34C520D829A60D8300FB7031 /* Sellableresponse.swift in Sources */ = {isa = PBXBuildFile; fileRef = 34C520D729A60D8300FB7031 /* Sellableresponse.swift */; };
		34C520DF29A6139700FB7031 /* BaseModelAPI.swift in Sources */ = {isa = PBXBuildFile; fileRef = 34C520DE29A6139700FB7031 /* BaseModelAPI.swift */; };
		34F03AF629A8FE990000B777 /* ProductTypeDepartment.swift in Sources */ = {isa = PBXBuildFile; fileRef = 34F03AF529A8FE990000B777 /* ProductTypeDepartment.swift */; };
		34F03AF829A8FEC20000B777 /* Category.swift in Sources */ = {isa = PBXBuildFile; fileRef = 34F03AF729A8FEC20000B777 /* Category.swift */; };
		34F03AFA29A8FEDB0000B777 /* ProductTypeReference.swift in Sources */ = {isa = PBXBuildFile; fileRef = 34F03AF929A8FEDB0000B777 /* ProductTypeReference.swift */; };
		34F03AFC29A900460000B777 /* ProdTypeView.swift in Sources */ = {isa = PBXBuildFile; fileRef = 34F03AFB29A900460000B777 /* ProdTypeView.swift */; };
/* End PBXBuildFile section */

/* Begin PBXContainerItemProxy section */
		34C520A329A6079400FB7031 /* PBXContainerItemProxy */ = {
			isa = PBXContainerItemProxy;
			containerPortal = 34C5208929A6079300FB7031 /* Project object */;
			proxyType = 1;
			remoteGlobalIDString = 34C5209029A6079300FB7031;
			remoteInfo = "GEILdesigntT-ShirtShop";
		};
		34C520AD29A6079400FB7031 /* PBXContainerItemProxy */ = {
			isa = PBXContainerItemProxy;
			containerPortal = 34C5208929A6079300FB7031 /* Project object */;
			proxyType = 1;
			remoteGlobalIDString = 34C5209029A6079300FB7031;
			remoteInfo = "GEILdesigntT-ShirtShop";
		};
/* End PBXContainerItemProxy section */

/* Begin PBXFileReference section */
		34C5209129A6079300FB7031 /* GEILdesigntT-ShirtShop.app */ = {isa = PBXFileReference; explicitFileType = wrapper.application; includeInIndex = 0; path = "GEILdesigntT-ShirtShop.app"; sourceTree = BUILT_PRODUCTS_DIR; };
		34C5209429A6079300FB7031 /* GEILdesigntT_ShirtShopApp.swift */ = {isa = PBXFileReference; lastKnownFileType = sourcecode.swift; path = GEILdesigntT_ShirtShopApp.swift; sourceTree = "<group>"; };
		34C5209629A6079300FB7031 /* ContentView.swift */ = {isa = PBXFileReference; lastKnownFileType = sourcecode.swift; path = ContentView.swift; sourceTree = "<group>"; };
		34C5209829A6079400FB7031 /* Assets.xcassets */ = {isa = PBXFileReference; lastKnownFileType = folder.assetcatalog; path = Assets.xcassets; sourceTree = "<group>"; };
		34C5209A29A6079400FB7031 /* GEILdesigntT_ShirtShop.entitlements */ = {isa = PBXFileReference; lastKnownFileType = text.plist.entitlements; path = GEILdesigntT_ShirtShop.entitlements; sourceTree = "<group>"; };
		34C5209C29A6079400FB7031 /* Preview Assets.xcassets */ = {isa = PBXFileReference; lastKnownFileType = folder.assetcatalog; path = "Preview Assets.xcassets"; sourceTree = "<group>"; };
		34C520A229A6079400FB7031 /* GEILdesigntT-ShirtShopTests.xctest */ = {isa = PBXFileReference; explicitFileType = wrapper.cfbundle; includeInIndex = 0; path = "GEILdesigntT-ShirtShopTests.xctest"; sourceTree = BUILT_PRODUCTS_DIR; };
		34C520A629A6079400FB7031 /* GEILdesigntT_ShirtShopTests.swift */ = {isa = PBXFileReference; lastKnownFileType = sourcecode.swift; path = GEILdesigntT_ShirtShopTests.swift; sourceTree = "<group>"; };
		34C520AC29A6079400FB7031 /* GEILdesigntT-ShirtShopUITests.xctest */ = {isa = PBXFileReference; explicitFileType = wrapper.cfbundle; includeInIndex = 0; path = "GEILdesigntT-ShirtShopUITests.xctest"; sourceTree = BUILT_PRODUCTS_DIR; };
		34C520B029A6079400FB7031 /* GEILdesigntT_ShirtShopUITests.swift */ = {isa = PBXFileReference; lastKnownFileType = sourcecode.swift; path = GEILdesigntT_ShirtShopUITests.swift; sourceTree = "<group>"; };
		34C520B229A6079400FB7031 /* GEILdesigntT_ShirtShopUITestsLaunchTests.swift */ = {isa = PBXFileReference; lastKnownFileType = sourcecode.swift; path = GEILdesigntT_ShirtShopUITestsLaunchTests.swift; sourceTree = "<group>"; };
		34C520CC29A6093400FB7031 /* Sellabes.swift */ = {isa = PBXFileReference; lastKnownFileType = sourcecode.swift; path = Sellabes.swift; sourceTree = "<group>"; };
		34C520D029A60C7400FB7031 /* ImageData.swift */ = {isa = PBXFileReference; lastKnownFileType = sourcecode.swift; path = ImageData.swift; sourceTree = "<group>"; };
		34C520D229A60CBC00FB7031 /* Price.swift */ = {isa = PBXFileReference; lastKnownFileType = sourcecode.swift; path = Price.swift; sourceTree = "<group>"; };
		34C520D529A60CFA00FB7031 /* SellableView.swift */ = {isa = PBXFileReference; lastKnownFileType = sourcecode.swift; path = SellableView.swift; sourceTree = "<group>"; };
		34C520D729A60D8300FB7031 /* Sellableresponse.swift */ = {isa = PBXFileReference; lastKnownFileType = sourcecode.swift; path = Sellableresponse.swift; sourceTree = "<group>"; };
		34C520DE29A6139700FB7031 /* BaseModelAPI.swift */ = {isa = PBXFileReference; lastKnownFileType = sourcecode.swift; path = BaseModelAPI.swift; sourceTree = "<group>"; };
		34F03AF529A8FE990000B777 /* ProductTypeDepartment.swift */ = {isa = PBXFileReference; lastKnownFileType = sourcecode.swift; path = ProductTypeDepartment.swift; sourceTree = "<group>"; };
		34F03AF729A8FEC20000B777 /* Category.swift */ = {isa = PBXFileReference; lastKnownFileType = sourcecode.swift; path = Category.swift; sourceTree = "<group>"; };
		34F03AF929A8FEDB0000B777 /* ProductTypeReference.swift */ = {isa = PBXFileReference; lastKnownFileType = sourcecode.swift; path = ProductTypeReference.swift; sourceTree = "<group>"; };
		34F03AFB29A900460000B777 /* ProdTypeView.swift */ = {isa = PBXFileReference; lastKnownFileType = sourcecode.swift; path = ProdTypeView.swift; sourceTree = "<group>"; };
/* End PBXFileReference section */

/* Begin PBXFrameworksBuildPhase section */
		34C5208E29A6079300FB7031 /* Frameworks */ = {
			isa = PBXFrameworksBuildPhase;
			buildActionMask = 2147483647;
			files = (
			);
			runOnlyForDeploymentPostprocessing = 0;
		};
		34C5209F29A6079400FB7031 /* Frameworks */ = {
			isa = PBXFrameworksBuildPhase;
			buildActionMask = 2147483647;
			files = (
			);
			runOnlyForDeploymentPostprocessing = 0;
		};
		34C520A929A6079400FB7031 /* Frameworks */ = {
			isa = PBXFrameworksBuildPhase;
			buildActionMask = 2147483647;
			files = (
			);
			runOnlyForDeploymentPostprocessing = 0;
		};
/* End PBXFrameworksBuildPhase section */

/* Begin PBXGroup section */
		34C5208829A6079300FB7031 = {
			isa = PBXGroup;
			children = (
				34C5209329A6079300FB7031 /* GEILdesigntT-ShirtShop */,
				34C520A529A6079400FB7031 /* GEILdesigntT-ShirtShopTests */,
				34C520AF29A6079400FB7031 /* GEILdesigntT-ShirtShopUITests */,
				34C5209229A6079300FB7031 /* Products */,
			);
			sourceTree = "<group>";
		};
		34C5209229A6079300FB7031 /* Products */ = {
			isa = PBXGroup;
			children = (
				34C5209129A6079300FB7031 /* GEILdesigntT-ShirtShop.app */,
				34C520A229A6079400FB7031 /* GEILdesigntT-ShirtShopTests.xctest */,
				34C520AC29A6079400FB7031 /* GEILdesigntT-ShirtShopUITests.xctest */,
			);
			name = Products;
			sourceTree = "<group>";
		};
		34C5209329A6079300FB7031 /* GEILdesigntT-ShirtShop */ = {
			isa = PBXGroup;
			children = (
				34C520E129A6142F00FB7031 /* Extensions */,
				34C520E029A6141D00FB7031 /* Models */,
				34C520D929A60DBE00FB7031 /* Managers */,
				34C520DC29A60E2F00FB7031 /* Screens */,
				34C520D429A60CE300FB7031 /* Views (Single) */,
				34C520CF29A60C5400FB7031 /* DataModels */,
				34C520DB29A60E0100FB7031 /* ViewModels */,
				34C520DA29A60DF100FB7031 /* Networks */,
				34C5209429A6079300FB7031 /* GEILdesigntT_ShirtShopApp.swift */,
				34C5209829A6079400FB7031 /* Assets.xcassets */,
				34C5209A29A6079400FB7031 /* GEILdesigntT_ShirtShop.entitlements */,
				34C5209B29A6079400FB7031 /* Preview Content */,
			);
			path = "GEILdesigntT-ShirtShop";
			sourceTree = "<group>";
		};
		34C5209B29A6079400FB7031 /* Preview Content */ = {
			isa = PBXGroup;
			children = (
				34C5209C29A6079400FB7031 /* Preview Assets.xcassets */,
			);
			path = "Preview Content";
			sourceTree = "<group>";
		};
		34C520A529A6079400FB7031 /* GEILdesigntT-ShirtShopTests */ = {
			isa = PBXGroup;
			children = (
				34C520A629A6079400FB7031 /* GEILdesigntT_ShirtShopTests.swift */,
			);
			path = "GEILdesigntT-ShirtShopTests";
			sourceTree = "<group>";
		};
		34C520AF29A6079400FB7031 /* GEILdesigntT-ShirtShopUITests */ = {
			isa = PBXGroup;
			children = (
				34C520B029A6079400FB7031 /* GEILdesigntT_ShirtShopUITests.swift */,
				34C520B229A6079400FB7031 /* GEILdesigntT_ShirtShopUITestsLaunchTests.swift */,
			);
			path = "GEILdesigntT-ShirtShopUITests";
			sourceTree = "<group>";
		};
		34C520CF29A60C5400FB7031 /* DataModels */ = {
			isa = PBXGroup;
			children = (
				34F03AF429A8FE700000B777 /* ProductTypesDepartment */,
				34C520DD29A60E8200FB7031 /* Single Design on Products */,
			);
			path = DataModels;
			sourceTree = "<group>";
		};
		34C520D429A60CE300FB7031 /* Views (Single) */ = {
			isa = PBXGroup;
			children = (
				34C520D529A60CFA00FB7031 /* SellableView.swift */,
				34F03AFB29A900460000B777 /* ProdTypeView.swift */,
			);
			path = "Views (Single)";
			sourceTree = "<group>";
		};
		34C520D929A60DBE00FB7031 /* Managers */ = {
			isa = PBXGroup;
			children = (
			);
			path = Managers;
			sourceTree = "<group>";
		};
		34C520DA29A60DF100FB7031 /* Networks */ = {
			isa = PBXGroup;
			children = (
			);
			path = Networks;
			sourceTree = "<group>";
		};
		34C520DB29A60E0100FB7031 /* ViewModels */ = {
			isa = PBXGroup;
			children = (
			);
			path = ViewModels;
			sourceTree = "<group>";
		};
		34C520DC29A60E2F00FB7031 /* Screens */ = {
			isa = PBXGroup;
			children = (
				34C5209629A6079300FB7031 /* ContentView.swift */,
			);
			path = Screens;
			sourceTree = "<group>";
		};
		34C520DD29A60E8200FB7031 /* Single Design on Products */ = {
			isa = PBXGroup;
			children = (
				34C520CC29A6093400FB7031 /* Sellabes.swift */,
				34C520D029A60C7400FB7031 /* ImageData.swift */,
				34C520D229A60CBC00FB7031 /* Price.swift */,
				34C520D729A60D8300FB7031 /* Sellableresponse.swift */,
			);
			path = "Single Design on Products";
			sourceTree = "<group>";
		};
		34C520E029A6141D00FB7031 /* Models */ = {
			isa = PBXGroup;
			children = (
				34C520DE29A6139700FB7031 /* BaseModelAPI.swift */,
			);
			path = Models;
			sourceTree = "<group>";
		};
		34C520E129A6142F00FB7031 /* Extensions */ = {
			isa = PBXGroup;
			children = (
			);
			path = Extensions;
			sourceTree = "<group>";
		};
		34F03AF429A8FE700000B777 /* ProductTypesDepartment */ = {
			isa = PBXGroup;
			children = (
				34F03AF529A8FE990000B777 /* ProductTypeDepartment.swift */,
				34F03AF729A8FEC20000B777 /* Category.swift */,
				34F03AF929A8FEDB0000B777 /* ProductTypeReference.swift */,
			);
			name = ProductTypesDepartment;
			sourceTree = "<group>";
		};
/* End PBXGroup section */

/* Begin PBXNativeTarget section */
		34C5209029A6079300FB7031 /* GEILdesigntT-ShirtShop */ = {
			isa = PBXNativeTarget;
			buildConfigurationList = 34C520B629A6079400FB7031 /* Build configuration list for PBXNativeTarget "GEILdesigntT-ShirtShop" */;
			buildPhases = (
				34C5208D29A6079300FB7031 /* Sources */,
				34C5208E29A6079300FB7031 /* Frameworks */,
				34C5208F29A6079300FB7031 /* Resources */,
			);
			buildRules = (
			);
			dependencies = (
			);
			name = "GEILdesigntT-ShirtShop";
			productName = "GEILdesigntT-ShirtShop";
			productReference = 34C5209129A6079300FB7031 /* GEILdesigntT-ShirtShop.app */;
			productType = "com.apple.product-type.application";
		};
		34C520A129A6079400FB7031 /* GEILdesigntT-ShirtShopTests */ = {
			isa = PBXNativeTarget;
			buildConfigurationList = 34C520B929A6079400FB7031 /* Build configuration list for PBXNativeTarget "GEILdesigntT-ShirtShopTests" */;
			buildPhases = (
				34C5209E29A6079400FB7031 /* Sources */,
				34C5209F29A6079400FB7031 /* Frameworks */,
				34C520A029A6079400FB7031 /* Resources */,
			);
			buildRules = (
			);
			dependencies = (
				34C520A429A6079400FB7031 /* PBXTargetDependency */,
			);
			name = "GEILdesigntT-ShirtShopTests";
			productName = "GEILdesigntT-ShirtShopTests";
			productReference = 34C520A229A6079400FB7031 /* GEILdesigntT-ShirtShopTests.xctest */;
			productType = "com.apple.product-type.bundle.unit-test";
		};
		34C520AB29A6079400FB7031 /* GEILdesigntT-ShirtShopUITests */ = {
			isa = PBXNativeTarget;
			buildConfigurationList = 34C520BC29A6079400FB7031 /* Build configuration list for PBXNativeTarget "GEILdesigntT-ShirtShopUITests" */;
			buildPhases = (
				34C520A829A6079400FB7031 /* Sources */,
				34C520A929A6079400FB7031 /* Frameworks */,
				34C520AA29A6079400FB7031 /* Resources */,
			);
			buildRules = (
			);
			dependencies = (
				34C520AE29A6079400FB7031 /* PBXTargetDependency */,
			);
			name = "GEILdesigntT-ShirtShopUITests";
			productName = "GEILdesigntT-ShirtShopUITests";
			productReference = 34C520AC29A6079400FB7031 /* GEILdesigntT-ShirtShopUITests.xctest */;
			productType = "com.apple.product-type.bundle.ui-testing";
		};
/* End PBXNativeTarget section */

/* Begin PBXProject section */
		34C5208929A6079300FB7031 /* Project object */ = {
			isa = PBXProject;
			attributes = {
				BuildIndependentTargetsInParallel = 1;
				LastSwiftUpdateCheck = 1420;
				LastUpgradeCheck = 1420;
				TargetAttributes = {
					34C5209029A6079300FB7031 = {
						CreatedOnToolsVersion = 14.2;
					};
					34C520A129A6079400FB7031 = {
						CreatedOnToolsVersion = 14.2;
						TestTargetID = 34C5209029A6079300FB7031;
					};
					34C520AB29A6079400FB7031 = {
						CreatedOnToolsVersion = 14.2;
						TestTargetID = 34C5209029A6079300FB7031;
					};
				};
			};
			buildConfigurationList = 34C5208C29A6079300FB7031 /* Build configuration list for PBXProject "GEILdesigntT-ShirtShop" */;
			compatibilityVersion = "Xcode 14.0";
			developmentRegion = en;
			hasScannedForEncodings = 0;
			knownRegions = (
				en,
				Base,
			);
			mainGroup = 34C5208829A6079300FB7031;
			productRefGroup = 34C5209229A6079300FB7031 /* Products */;
			projectDirPath = "";
			projectRoot = "";
			targets = (
				34C5209029A6079300FB7031 /* GEILdesigntT-ShirtShop */,
				34C520A129A6079400FB7031 /* GEILdesigntT-ShirtShopTests */,
				34C520AB29A6079400FB7031 /* GEILdesigntT-ShirtShopUITests */,
			);
		};
/* End PBXProject section */

/* Begin PBXResourcesBuildPhase section */
		34C5208F29A6079300FB7031 /* Resources */ = {
			isa = PBXResourcesBuildPhase;
			buildActionMask = 2147483647;
			files = (
				34C5209D29A6079400FB7031 /* Preview Assets.xcassets in Resources */,
				34C5209929A6079400FB7031 /* Assets.xcassets in Resources */,
			);
			runOnlyForDeploymentPostprocessing = 0;
		};
		34C520A029A6079400FB7031 /* Resources */ = {
			isa = PBXResourcesBuildPhase;
			buildActionMask = 2147483647;
			files = (
			);
			runOnlyForDeploymentPostprocessing = 0;
		};
		34C520AA29A6079400FB7031 /* Resources */ = {
			isa = PBXResourcesBuildPhase;
			buildActionMask = 2147483647;
			files = (
			);
			runOnlyForDeploymentPostprocessing = 0;
		};
/* End PBXResourcesBuildPhase section */

/* Begin PBXSourcesBuildPhase section */
		34C5208D29A6079300FB7031 /* Sources */ = {
			isa = PBXSourcesBuildPhase;
			buildActionMask = 2147483647;
			files = (
				34C520CD29A6093400FB7031 /* Sellabes.swift in Sources */,
				34F03AF829A8FEC20000B777 /* Category.swift in Sources */,
				34C520D829A60D8300FB7031 /* Sellableresponse.swift in Sources */,
				34C5209729A6079300FB7031 /* ContentView.swift in Sources */,
				34C520DF29A6139700FB7031 /* BaseModelAPI.swift in Sources */,
				34F03AFA29A8FEDB0000B777 /* ProductTypeReference.swift in Sources */,
				34C520D629A60CFA00FB7031 /* SellableView.swift in Sources */,
				34F03AF629A8FE990000B777 /* ProductTypeDepartment.swift in Sources */,
				34C5209529A6079300FB7031 /* GEILdesigntT_ShirtShopApp.swift in Sources */,
				34C520D329A60CBC00FB7031 /* Price.swift in Sources */,
				34C520D129A60C7400FB7031 /* ImageData.swift in Sources */,
				34F03AFC29A900460000B777 /* ProdTypeView.swift in Sources */,
			);
			runOnlyForDeploymentPostprocessing = 0;
		};
		34C5209E29A6079400FB7031 /* Sources */ = {
			isa = PBXSourcesBuildPhase;
			buildActionMask = 2147483647;
			files = (
				34C520A729A6079400FB7031 /* GEILdesigntT_ShirtShopTests.swift in Sources */,
			);
			runOnlyForDeploymentPostprocessing = 0;
		};
		34C520A829A6079400FB7031 /* Sources */ = {
			isa = PBXSourcesBuildPhase;
			buildActionMask = 2147483647;
			files = (
				34C520B329A6079400FB7031 /* GEILdesigntT_ShirtShopUITestsLaunchTests.swift in Sources */,
				34C520B129A6079400FB7031 /* GEILdesigntT_ShirtShopUITests.swift in Sources */,
			);
			runOnlyForDeploymentPostprocessing = 0;
		};
/* End PBXSourcesBuildPhase section */

/* Begin PBXTargetDependency section */
		34C520A429A6079400FB7031 /* PBXTargetDependency */ = {
			isa = PBXTargetDependency;
			target = 34C5209029A6079300FB7031 /* GEILdesigntT-ShirtShop */;
			targetProxy = 34C520A329A6079400FB7031 /* PBXContainerItemProxy */;
		};
		34C520AE29A6079400FB7031 /* PBXTargetDependency */ = {
			isa = PBXTargetDependency;
			target = 34C5209029A6079300FB7031 /* GEILdesigntT-ShirtShop */;
			targetProxy = 34C520AD29A6079400FB7031 /* PBXContainerItemProxy */;
		};
/* End PBXTargetDependency section */

/* Begin XCBuildConfiguration section */
		34C520B429A6079400FB7031 /* Debug */ = {
			isa = XCBuildConfiguration;
			buildSettings = {
				ALWAYS_SEARCH_USER_PATHS = NO;
				CLANG_ANALYZER_NONNULL = YES;
				CLANG_ANALYZER_NUMBER_OBJECT_CONVERSION = YES_AGGRESSIVE;
				CLANG_CXX_LANGUAGE_STANDARD = "gnu++20";
				CLANG_ENABLE_MODULES = YES;
				CLANG_ENABLE_OBJC_ARC = YES;
				CLANG_ENABLE_OBJC_WEAK = YES;
				CLANG_WARN_BLOCK_CAPTURE_AUTORELEASING = YES;
				CLANG_WARN_BOOL_CONVERSION = YES;
				CLANG_WARN_COMMA = YES;
				CLANG_WARN_CONSTANT_CONVERSION = YES;
				CLANG_WARN_DEPRECATED_OBJC_IMPLEMENTATIONS = YES;
				CLANG_WARN_DIRECT_OBJC_ISA_USAGE = YES_ERROR;
				CLANG_WARN_DOCUMENTATION_COMMENTS = YES;
				CLANG_WARN_EMPTY_BODY = YES;
				CLANG_WARN_ENUM_CONVERSION = YES;
				CLANG_WARN_INFINITE_RECURSION = YES;
				CLANG_WARN_INT_CONVERSION = YES;
				CLANG_WARN_NON_LITERAL_NULL_CONVERSION = YES;
				CLANG_WARN_OBJC_IMPLICIT_RETAIN_SELF = YES;
				CLANG_WARN_OBJC_LITERAL_CONVERSION = YES;
				CLANG_WARN_OBJC_ROOT_CLASS = YES_ERROR;
				CLANG_WARN_QUOTED_INCLUDE_IN_FRAMEWORK_HEADER = YES;
				CLANG_WARN_RANGE_LOOP_ANALYSIS = YES;
				CLANG_WARN_STRICT_PROTOTYPES = YES;
				CLANG_WARN_SUSPICIOUS_MOVE = YES;
				CLANG_WARN_UNGUARDED_AVAILABILITY = YES_AGGRESSIVE;
				CLANG_WARN_UNREACHABLE_CODE = YES;
				CLANG_WARN__DUPLICATE_METHOD_MATCH = YES;
				COPY_PHASE_STRIP = NO;
				DEBUG_INFORMATION_FORMAT = dwarf;
				ENABLE_STRICT_OBJC_MSGSEND = YES;
				ENABLE_TESTABILITY = YES;
				GCC_C_LANGUAGE_STANDARD = gnu11;
				GCC_DYNAMIC_NO_PIC = NO;
				GCC_NO_COMMON_BLOCKS = YES;
				GCC_OPTIMIZATION_LEVEL = 0;
				GCC_PREPROCESSOR_DEFINITIONS = (
					"DEBUG=1",
					"$(inherited)",
				);
				GCC_WARN_64_TO_32_BIT_CONVERSION = YES;
				GCC_WARN_ABOUT_RETURN_TYPE = YES_ERROR;
				GCC_WARN_UNDECLARED_SELECTOR = YES;
				GCC_WARN_UNINITIALIZED_AUTOS = YES_AGGRESSIVE;
				GCC_WARN_UNUSED_FUNCTION = YES;
				GCC_WARN_UNUSED_VARIABLE = YES;
				MTL_ENABLE_DEBUG_INFO = INCLUDE_SOURCE;
				MTL_FAST_MATH = YES;
				ONLY_ACTIVE_ARCH = YES;
				SWIFT_ACTIVE_COMPILATION_CONDITIONS = DEBUG;
				SWIFT_OPTIMIZATION_LEVEL = "-Onone";
			};
			name = Debug;
		};
		34C520B529A6079400FB7031 /* Release */ = {
			isa = XCBuildConfiguration;
			buildSettings = {
				ALWAYS_SEARCH_USER_PATHS = NO;
				CLANG_ANALYZER_NONNULL = YES;
				CLANG_ANALYZER_NUMBER_OBJECT_CONVERSION = YES_AGGRESSIVE;
				CLANG_CXX_LANGUAGE_STANDARD = "gnu++20";
				CLANG_ENABLE_MODULES = YES;
				CLANG_ENABLE_OBJC_ARC = YES;
				CLANG_ENABLE_OBJC_WEAK = YES;
				CLANG_WARN_BLOCK_CAPTURE_AUTORELEASING = YES;
				CLANG_WARN_BOOL_CONVERSION = YES;
				CLANG_WARN_COMMA = YES;
				CLANG_WARN_CONSTANT_CONVERSION = YES;
				CLANG_WARN_DEPRECATED_OBJC_IMPLEMENTATIONS = YES;
				CLANG_WARN_DIRECT_OBJC_ISA_USAGE = YES_ERROR;
				CLANG_WARN_DOCUMENTATION_COMMENTS = YES;
				CLANG_WARN_EMPTY_BODY = YES;
				CLANG_WARN_ENUM_CONVERSION = YES;
				CLANG_WARN_INFINITE_RECURSION = YES;
				CLANG_WARN_INT_CONVERSION = YES;
				CLANG_WARN_NON_LITERAL_NULL_CONVERSION = YES;
				CLANG_WARN_OBJC_IMPLICIT_RETAIN_SELF = YES;
				CLANG_WARN_OBJC_LITERAL_CONVERSION = YES;
				CLANG_WARN_OBJC_ROOT_CLASS = YES_ERROR;
				CLANG_WARN_QUOTED_INCLUDE_IN_FRAMEWORK_HEADER = YES;
				CLANG_WARN_RANGE_LOOP_ANALYSIS = YES;
				CLANG_WARN_STRICT_PROTOTYPES = YES;
				CLANG_WARN_SUSPICIOUS_MOVE = YES;
				CLANG_WARN_UNGUARDED_AVAILABILITY = YES_AGGRESSIVE;
				CLANG_WARN_UNREACHABLE_CODE = YES;
				CLANG_WARN__DUPLICATE_METHOD_MATCH = YES;
				COPY_PHASE_STRIP = NO;
				DEBUG_INFORMATION_FORMAT = "dwarf-with-dsym";
				ENABLE_NS_ASSERTIONS = NO;
				ENABLE_STRICT_OBJC_MSGSEND = YES;
				GCC_C_LANGUAGE_STANDARD = gnu11;
				GCC_NO_COMMON_BLOCKS = YES;
				GCC_WARN_64_TO_32_BIT_CONVERSION = YES;
				GCC_WARN_ABOUT_RETURN_TYPE = YES_ERROR;
				GCC_WARN_UNDECLARED_SELECTOR = YES;
				GCC_WARN_UNINITIALIZED_AUTOS = YES_AGGRESSIVE;
				GCC_WARN_UNUSED_FUNCTION = YES;
				GCC_WARN_UNUSED_VARIABLE = YES;
				MTL_ENABLE_DEBUG_INFO = NO;
				MTL_FAST_MATH = YES;
				SWIFT_COMPILATION_MODE = wholemodule;
				SWIFT_OPTIMIZATION_LEVEL = "-O";
			};
			name = Release;
		};
		34C520B729A6079400FB7031 /* Debug */ = {
			isa = XCBuildConfiguration;
			buildSettings = {
				ASSETCATALOG_COMPILER_APPICON_NAME = AppIcon;
				ASSETCATALOG_COMPILER_GLOBAL_ACCENT_COLOR_NAME = AccentColor;
				CODE_SIGN_ENTITLEMENTS = "GEILdesigntT-ShirtShop/GEILdesigntT_ShirtShop.entitlements";
				CODE_SIGN_STYLE = Automatic;
				CURRENT_PROJECT_VERSION = 1;
				DEVELOPMENT_ASSET_PATHS = "\"GEILdesigntT-ShirtShop/Preview Content\"";
				DEVELOPMENT_TEAM = X8FPBDF85Z;
				ENABLE_HARDENED_RUNTIME = YES;
				ENABLE_PREVIEWS = YES;
				GENERATE_INFOPLIST_FILE = YES;
				"INFOPLIST_KEY_UIApplicationSceneManifest_Generation[sdk=iphoneos*]" = YES;
				"INFOPLIST_KEY_UIApplicationSceneManifest_Generation[sdk=iphonesimulator*]" = YES;
				"INFOPLIST_KEY_UIApplicationSupportsIndirectInputEvents[sdk=iphoneos*]" = YES;
				"INFOPLIST_KEY_UIApplicationSupportsIndirectInputEvents[sdk=iphonesimulator*]" = YES;
				"INFOPLIST_KEY_UILaunchScreen_Generation[sdk=iphoneos*]" = YES;
				"INFOPLIST_KEY_UILaunchScreen_Generation[sdk=iphonesimulator*]" = YES;
				"INFOPLIST_KEY_UIStatusBarStyle[sdk=iphoneos*]" = UIStatusBarStyleDefault;
				"INFOPLIST_KEY_UIStatusBarStyle[sdk=iphonesimulator*]" = UIStatusBarStyleDefault;
				INFOPLIST_KEY_UISupportedInterfaceOrientations_iPad = "UIInterfaceOrientationPortrait UIInterfaceOrientationPortraitUpsideDown UIInterfaceOrientationLandscapeLeft UIInterfaceOrientationLandscapeRight";
				INFOPLIST_KEY_UISupportedInterfaceOrientations_iPhone = "UIInterfaceOrientationPortrait UIInterfaceOrientationLandscapeLeft UIInterfaceOrientationLandscapeRight";
				IPHONEOS_DEPLOYMENT_TARGET = 16.2;
				LD_RUNPATH_SEARCH_PATHS = "@executable_path/Frameworks";
				"LD_RUNPATH_SEARCH_PATHS[sdk=macosx*]" = "@executable_path/../Frameworks";
				MACOSX_DEPLOYMENT_TARGET = 13.1;
				MARKETING_VERSION = 1.0;
				PRODUCT_BUNDLE_IDENTIFIER = "de.geildesignt.GEILdesigntT-ShirtShop";
				PRODUCT_NAME = "$(TARGET_NAME)";
				SDKROOT = auto;
				SUPPORTED_PLATFORMS = "iphoneos iphonesimulator macosx";
				SWIFT_EMIT_LOC_STRINGS = YES;
				SWIFT_VERSION = 5.0;
				TARGETED_DEVICE_FAMILY = "1,2";
			};
			name = Debug;
		};
		34C520B829A6079400FB7031 /* Release */ = {
			isa = XCBuildConfiguration;
			buildSettings = {
				ASSETCATALOG_COMPILER_APPICON_NAME = AppIcon;
				ASSETCATALOG_COMPILER_GLOBAL_ACCENT_COLOR_NAME = AccentColor;
				CODE_SIGN_ENTITLEMENTS = "GEILdesigntT-ShirtShop/GEILdesigntT_ShirtShop.entitlements";
				CODE_SIGN_STYLE = Automatic;
				CURRENT_PROJECT_VERSION = 1;
				DEVELOPMENT_ASSET_PATHS = "\"GEILdesigntT-ShirtShop/Preview Content\"";
				DEVELOPMENT_TEAM = X8FPBDF85Z;
				ENABLE_HARDENED_RUNTIME = YES;
				ENABLE_PREVIEWS = YES;
				GENERATE_INFOPLIST_FILE = YES;
				"INFOPLIST_KEY_UIApplicationSceneManifest_Generation[sdk=iphoneos*]" = YES;
				"INFOPLIST_KEY_UIApplicationSceneManifest_Generation[sdk=iphonesimulator*]" = YES;
				"INFOPLIST_KEY_UIApplicationSupportsIndirectInputEvents[sdk=iphoneos*]" = YES;
				"INFOPLIST_KEY_UIApplicationSupportsIndirectInputEvents[sdk=iphonesimulator*]" = YES;
				"INFOPLIST_KEY_UILaunchScreen_Generation[sdk=iphoneos*]" = YES;
				"INFOPLIST_KEY_UILaunchScreen_Generation[sdk=iphonesimulator*]" = YES;
				"INFOPLIST_KEY_UIStatusBarStyle[sdk=iphoneos*]" = UIStatusBarStyleDefault;
				"INFOPLIST_KEY_UIStatusBarStyle[sdk=iphonesimulator*]" = UIStatusBarStyleDefault;
				INFOPLIST_KEY_UISupportedInterfaceOrientations_iPad = "UIInterfaceOrientationPortrait UIInterfaceOrientationPortraitUpsideDown UIInterfaceOrientationLandscapeLeft UIInterfaceOrientationLandscapeRight";
				INFOPLIST_KEY_UISupportedInterfaceOrientations_iPhone = "UIInterfaceOrientationPortrait UIInterfaceOrientationLandscapeLeft UIInterfaceOrientationLandscapeRight";
				IPHONEOS_DEPLOYMENT_TARGET = 16.2;
				LD_RUNPATH_SEARCH_PATHS = "@executable_path/Frameworks";
				"LD_RUNPATH_SEARCH_PATHS[sdk=macosx*]" = "@executable_path/../Frameworks";
				MACOSX_DEPLOYMENT_TARGET = 13.1;
				MARKETING_VERSION = 1.0;
				PRODUCT_BUNDLE_IDENTIFIER = "de.geildesignt.GEILdesigntT-ShirtShop";
				PRODUCT_NAME = "$(TARGET_NAME)";
				SDKROOT = auto;
				SUPPORTED_PLATFORMS = "iphoneos iphonesimulator macosx";
				SWIFT_EMIT_LOC_STRINGS = YES;
				SWIFT_VERSION = 5.0;
				TARGETED_DEVICE_FAMILY = "1,2";
			};
			name = Release;
		};
		34C520BA29A6079400FB7031 /* Debug */ = {
			isa = XCBuildConfiguration;
			buildSettings = {
				ALWAYS_EMBED_SWIFT_STANDARD_LIBRARIES = YES;
				BUNDLE_LOADER = "$(TEST_HOST)";
				CODE_SIGN_STYLE = Automatic;
				CURRENT_PROJECT_VERSION = 1;
				DEVELOPMENT_TEAM = X8FPBDF85Z;
				GENERATE_INFOPLIST_FILE = YES;
				IPHONEOS_DEPLOYMENT_TARGET = 16.2;
				MACOSX_DEPLOYMENT_TARGET = 13.1;
				MARKETING_VERSION = 1.0;
				PRODUCT_BUNDLE_IDENTIFIER = "de.geildesignt.GEILdesigntT-ShirtShopTests";
				PRODUCT_NAME = "$(TARGET_NAME)";
				SDKROOT = auto;
				SUPPORTED_PLATFORMS = "iphoneos iphonesimulator macosx";
				SWIFT_EMIT_LOC_STRINGS = NO;
				SWIFT_VERSION = 5.0;
				TARGETED_DEVICE_FAMILY = "1,2";
				TEST_HOST = "$(BUILT_PRODUCTS_DIR)/GEILdesigntT-ShirtShop.app/$(BUNDLE_EXECUTABLE_FOLDER_PATH)/GEILdesigntT-ShirtShop";
			};
			name = Debug;
		};
		34C520BB29A6079400FB7031 /* Release */ = {
			isa = XCBuildConfiguration;
			buildSettings = {
				ALWAYS_EMBED_SWIFT_STANDARD_LIBRARIES = YES;
				BUNDLE_LOADER = "$(TEST_HOST)";
				CODE_SIGN_STYLE = Automatic;
				CURRENT_PROJECT_VERSION = 1;
				DEVELOPMENT_TEAM = X8FPBDF85Z;
				GENERATE_INFOPLIST_FILE = YES;
				IPHONEOS_DEPLOYMENT_TARGET = 16.2;
				MACOSX_DEPLOYMENT_TARGET = 13.1;
				MARKETING_VERSION = 1.0;
				PRODUCT_BUNDLE_IDENTIFIER = "de.geildesignt.GEILdesigntT-ShirtShopTests";
				PRODUCT_NAME = "$(TARGET_NAME)";
				SDKROOT = auto;
				SUPPORTED_PLATFORMS = "iphoneos iphonesimulator macosx";
				SWIFT_EMIT_LOC_STRINGS = NO;
				SWIFT_VERSION = 5.0;
				TARGETED_DEVICE_FAMILY = "1,2";
				TEST_HOST = "$(BUILT_PRODUCTS_DIR)/GEILdesigntT-ShirtShop.app/$(BUNDLE_EXECUTABLE_FOLDER_PATH)/GEILdesigntT-ShirtShop";
			};
			name = Release;
		};
		34C520BD29A6079400FB7031 /* Debug */ = {
			isa = XCBuildConfiguration;
			buildSettings = {
				ALWAYS_EMBED_SWIFT_STANDARD_LIBRARIES = YES;
				CODE_SIGN_STYLE = Automatic;
				CURRENT_PROJECT_VERSION = 1;
				DEVELOPMENT_TEAM = X8FPBDF85Z;
				GENERATE_INFOPLIST_FILE = YES;
				IPHONEOS_DEPLOYMENT_TARGET = 16.2;
				MACOSX_DEPLOYMENT_TARGET = 13.1;
				MARKETING_VERSION = 1.0;
				PRODUCT_BUNDLE_IDENTIFIER = "de.geildesignt.GEILdesigntT-ShirtShopUITests";
				PRODUCT_NAME = "$(TARGET_NAME)";
				SDKROOT = auto;
				SUPPORTED_PLATFORMS = "iphoneos iphonesimulator macosx";
				SWIFT_EMIT_LOC_STRINGS = NO;
				SWIFT_VERSION = 5.0;
				TARGETED_DEVICE_FAMILY = "1,2";
				TEST_TARGET_NAME = "GEILdesigntT-ShirtShop";
			};
			name = Debug;
		};
		34C520BE29A6079400FB7031 /* Release */ = {
			isa = XCBuildConfiguration;
			buildSettings = {
				ALWAYS_EMBED_SWIFT_STANDARD_LIBRARIES = YES;
				CODE_SIGN_STYLE = Automatic;
				CURRENT_PROJECT_VERSION = 1;
				DEVELOPMENT_TEAM = X8FPBDF85Z;
				GENERATE_INFOPLIST_FILE = YES;
				IPHONEOS_DEPLOYMENT_TARGET = 16.2;
				MACOSX_DEPLOYMENT_TARGET = 13.1;
				MARKETING_VERSION = 1.0;
				PRODUCT_BUNDLE_IDENTIFIER = "de.geildesignt.GEILdesigntT-ShirtShopUITests";
				PRODUCT_NAME = "$(TARGET_NAME)";
				SDKROOT = auto;
				SUPPORTED_PLATFORMS = "iphoneos iphonesimulator macosx";
				SWIFT_EMIT_LOC_STRINGS = NO;
				SWIFT_VERSION = 5.0;
				TARGETED_DEVICE_FAMILY = "1,2";
				TEST_TARGET_NAME = "GEILdesigntT-ShirtShop";
			};
			name = Release;
		};
/* End XCBuildConfiguration section */

/* Begin XCConfigurationList section */
		34C5208C29A6079300FB7031 /* Build configuration list for PBXProject "GEILdesigntT-ShirtShop" */ = {
			isa = XCConfigurationList;
			buildConfigurations = (
				34C520B429A6079400FB7031 /* Debug */,
				34C520B529A6079400FB7031 /* Release */,
			);
			defaultConfigurationIsVisible = 0;
			defaultConfigurationName = Release;
		};
		34C520B629A6079400FB7031 /* Build configuration list for PBXNativeTarget "GEILdesigntT-ShirtShop" */ = {
			isa = XCConfigurationList;
			buildConfigurations = (
				34C520B729A6079400FB7031 /* Debug */,
				34C520B829A6079400FB7031 /* Release */,
			);
			defaultConfigurationIsVisible = 0;
			defaultConfigurationName = Release;
		};
		34C520B929A6079400FB7031 /* Build configuration list for PBXNativeTarget "GEILdesigntT-ShirtShopTests" */ = {
			isa = XCConfigurationList;
			buildConfigurations = (
				34C520BA29A6079400FB7031 /* Debug */,
				34C520BB29A6079400FB7031 /* Release */,
			);
			defaultConfigurationIsVisible = 0;
			defaultConfigurationName = Release;
		};
		34C520BC29A6079400FB7031 /* Build configuration list for PBXNativeTarget "GEILdesigntT-ShirtShopUITests" */ = {
			isa = XCConfigurationList;
			buildConfigurations = (
				34C520BD29A6079400FB7031 /* Debug */,
				34C520BE29A6079400FB7031 /* Release */,
			);
			defaultConfigurationIsVisible = 0;
			defaultConfigurationName = Release;
		};
/* End XCConfigurationList section */
	};
	rootObject = 34C5208929A6079300FB7031 /* Project object */;
}
