// !$*UTF8*$!
{
	archiveVersion = 1;
	classes = {
	};
	objectVersion = 56;
	objects = {

/* Begin PBXBuildFile section */
		34623B61295467C3005AB21A /* AppDelegate.swift in Sources */ = {isa = PBXBuildFile; fileRef = 34623B60295467C3005AB21A /* AppDelegate.swift */; };
		34623B63295467C3005AB21A /* SceneDelegate.swift in Sources */ = {isa = PBXBuildFile; fileRef = 34623B62295467C3005AB21A /* SceneDelegate.swift */; };
		34623B65295467C3005AB21A /* ViewController.swift in Sources */ = {isa = PBXBuildFile; fileRef = 34623B64295467C3005AB21A /* ViewController.swift */; };
		34623B68295467C3005AB21A /* Main.storyboard in Resources */ = {isa = PBXBuildFile; fileRef = 34623B66295467C3005AB21A /* Main.storyboard */; };
		34623B6A295467C4005AB21A /* Assets.xcassets in Resources */ = {isa = PBXBuildFile; fileRef = 34623B69295467C4005AB21A /* Assets.xcassets */; };
		34623B6D295467C4005AB21A /* LaunchScreen.storyboard in Resources */ = {isa = PBXBuildFile; fileRef = 34623B6B295467C4005AB21A /* LaunchScreen.storyboard */; };
		34623B78295467C4005AB21A /* syntaxOracleTests.swift in Sources */ = {isa = PBXBuildFile; fileRef = 34623B77295467C4005AB21A /* syntaxOracleTests.swift */; };
		34623B82295467C4005AB21A /* syntaxOracleUITests.swift in Sources */ = {isa = PBXBuildFile; fileRef = 34623B81295467C4005AB21A /* syntaxOracleUITests.swift */; };
		34623B84295467C4005AB21A /* syntaxOracleUITestsLaunchTests.swift in Sources */ = {isa = PBXBuildFile; fileRef = 34623B83295467C4005AB21A /* syntaxOracleUITestsLaunchTests.swift */; };
/* End PBXBuildFile section */

/* Begin PBXContainerItemProxy section */
		34623B74295467C4005AB21A /* PBXContainerItemProxy */ = {
			isa = PBXContainerItemProxy;
			containerPortal = 34623B55295467C3005AB21A /* Project object */;
			proxyType = 1;
			remoteGlobalIDString = 34623B5C295467C3005AB21A;
			remoteInfo = syntaxOracle;
		};
		34623B7E295467C4005AB21A /* PBXContainerItemProxy */ = {
			isa = PBXContainerItemProxy;
			containerPortal = 34623B55295467C3005AB21A /* Project object */;
			proxyType = 1;
			remoteGlobalIDString = 34623B5C295467C3005AB21A;
			remoteInfo = syntaxOracle;
		};
/* End PBXContainerItemProxy section */

/* Begin PBXFileReference section */
		34623B5D295467C3005AB21A /* syntaxOracle.app */ = {isa = PBXFileReference; explicitFileType = wrapper.application; includeInIndex = 0; path = syntaxOracle.app; sourceTree = BUILT_PRODUCTS_DIR; };
		34623B60295467C3005AB21A /* AppDelegate.swift */ = {isa = PBXFileReference; lastKnownFileType = sourcecode.swift; path = AppDelegate.swift; sourceTree = "<group>"; };
		34623B62295467C3005AB21A /* SceneDelegate.swift */ = {isa = PBXFileReference; lastKnownFileType = sourcecode.swift; path = SceneDelegate.swift; sourceTree = "<group>"; };
		34623B64295467C3005AB21A /* ViewController.swift */ = {isa = PBXFileReference; lastKnownFileType = sourcecode.swift; path = ViewController.swift; sourceTree = "<group>"; };
		34623B67295467C3005AB21A /* Base */ = {isa = PBXFileReference; lastKnownFileType = file.storyboard; name = Base; path = Base.lproj/Main.storyboard; sourceTree = "<group>"; };
		34623B69295467C4005AB21A /* Assets.xcassets */ = {isa = PBXFileReference; lastKnownFileType = folder.assetcatalog; path = Assets.xcassets; sourceTree = "<group>"; };
		34623B6C295467C4005AB21A /* Base */ = {isa = PBXFileReference; lastKnownFileType = file.storyboard; name = Base; path = Base.lproj/LaunchScreen.storyboard; sourceTree = "<group>"; };
		34623B6E295467C4005AB21A /* Info.plist */ = {isa = PBXFileReference; lastKnownFileType = text.plist.xml; path = Info.plist; sourceTree = "<group>"; };
		34623B73295467C4005AB21A /* syntaxOracleTests.xctest */ = {isa = PBXFileReference; explicitFileType = wrapper.cfbundle; includeInIndex = 0; path = syntaxOracleTests.xctest; sourceTree = BUILT_PRODUCTS_DIR; };
		34623B77295467C4005AB21A /* syntaxOracleTests.swift */ = {isa = PBXFileReference; lastKnownFileType = sourcecode.swift; path = syntaxOracleTests.swift; sourceTree = "<group>"; };
		34623B7D295467C4005AB21A /* syntaxOracleUITests.xctest */ = {isa = PBXFileReference; explicitFileType = wrapper.cfbundle; includeInIndex = 0; path = syntaxOracleUITests.xctest; sourceTree = BUILT_PRODUCTS_DIR; };
		34623B81295467C4005AB21A /* syntaxOracleUITests.swift */ = {isa = PBXFileReference; lastKnownFileType = sourcecode.swift; path = syntaxOracleUITests.swift; sourceTree = "<group>"; };
		34623B83295467C4005AB21A /* syntaxOracleUITestsLaunchTests.swift */ = {isa = PBXFileReference; lastKnownFileType = sourcecode.swift; path = syntaxOracleUITestsLaunchTests.swift; sourceTree = "<group>"; };
/* End PBXFileReference section */

/* Begin PBXFrameworksBuildPhase section */
		34623B5A295467C3005AB21A /* Frameworks */ = {
			isa = PBXFrameworksBuildPhase;
			buildActionMask = 2147483647;
			files = (
			);
			runOnlyForDeploymentPostprocessing = 0;
		};
		34623B70295467C4005AB21A /* Frameworks */ = {
			isa = PBXFrameworksBuildPhase;
			buildActionMask = 2147483647;
			files = (
			);
			runOnlyForDeploymentPostprocessing = 0;
		};
		34623B7A295467C4005AB21A /* Frameworks */ = {
			isa = PBXFrameworksBuildPhase;
			buildActionMask = 2147483647;
			files = (
			);
			runOnlyForDeploymentPostprocessing = 0;
		};
/* End PBXFrameworksBuildPhase section */

/* Begin PBXGroup section */
		34623B54295467C3005AB21A = {
			isa = PBXGroup;
			children = (
				34623B5F295467C3005AB21A /* syntaxOracle */,
				34623B76295467C4005AB21A /* syntaxOracleTests */,
				34623B80295467C4005AB21A /* syntaxOracleUITests */,
				34623B5E295467C3005AB21A /* Products */,
			);
			sourceTree = "<group>";
		};
		34623B5E295467C3005AB21A /* Products */ = {
			isa = PBXGroup;
			children = (
				34623B5D295467C3005AB21A /* syntaxOracle.app */,
				34623B73295467C4005AB21A /* syntaxOracleTests.xctest */,
				34623B7D295467C4005AB21A /* syntaxOracleUITests.xctest */,
			);
			name = Products;
			sourceTree = "<group>";
		};
		34623B5F295467C3005AB21A /* syntaxOracle */ = {
			isa = PBXGroup;
			children = (
				34623B60295467C3005AB21A /* AppDelegate.swift */,
				34623B62295467C3005AB21A /* SceneDelegate.swift */,
				34623B64295467C3005AB21A /* ViewController.swift */,
				34623B66295467C3005AB21A /* Main.storyboard */,
				34623B69295467C4005AB21A /* Assets.xcassets */,
				34623B6B295467C4005AB21A /* LaunchScreen.storyboard */,
				34623B6E295467C4005AB21A /* Info.plist */,
			);
			path = syntaxOracle;
			sourceTree = "<group>";
		};
		34623B76295467C4005AB21A /* syntaxOracleTests */ = {
			isa = PBXGroup;
			children = (
				34623B77295467C4005AB21A /* syntaxOracleTests.swift */,
			);
			path = syntaxOracleTests;
			sourceTree = "<group>";
		};
		34623B80295467C4005AB21A /* syntaxOracleUITests */ = {
			isa = PBXGroup;
			children = (
				34623B81295467C4005AB21A /* syntaxOracleUITests.swift */,
				34623B83295467C4005AB21A /* syntaxOracleUITestsLaunchTests.swift */,
			);
			path = syntaxOracleUITests;
			sourceTree = "<group>";
		};
/* End PBXGroup section */

/* Begin PBXNativeTarget section */
		34623B5C295467C3005AB21A /* syntaxOracle */ = {
			isa = PBXNativeTarget;
			buildConfigurationList = 34623B87295467C4005AB21A /* Build configuration list for PBXNativeTarget "syntaxOracle" */;
			buildPhases = (
				34623B59295467C3005AB21A /* Sources */,
				34623B5A295467C3005AB21A /* Frameworks */,
				34623B5B295467C3005AB21A /* Resources */,
			);
			buildRules = (
			);
			dependencies = (
			);
			name = syntaxOracle;
			productName = syntaxOracle;
			productReference = 34623B5D295467C3005AB21A /* syntaxOracle.app */;
			productType = "com.apple.product-type.application";
		};
		34623B72295467C4005AB21A /* syntaxOracleTests */ = {
			isa = PBXNativeTarget;
			buildConfigurationList = 34623B8A295467C4005AB21A /* Build configuration list for PBXNativeTarget "syntaxOracleTests" */;
			buildPhases = (
				34623B6F295467C4005AB21A /* Sources */,
				34623B70295467C4005AB21A /* Frameworks */,
				34623B71295467C4005AB21A /* Resources */,
			);
			buildRules = (
			);
			dependencies = (
				34623B75295467C4005AB21A /* PBXTargetDependency */,
			);
			name = syntaxOracleTests;
			productName = syntaxOracleTests;
			productReference = 34623B73295467C4005AB21A /* syntaxOracleTests.xctest */;
			productType = "com.apple.product-type.bundle.unit-test";
		};
		34623B7C295467C4005AB21A /* syntaxOracleUITests */ = {
			isa = PBXNativeTarget;
			buildConfigurationList = 34623B8D295467C4005AB21A /* Build configuration list for PBXNativeTarget "syntaxOracleUITests" */;
			buildPhases = (
				34623B79295467C4005AB21A /* Sources */,
				34623B7A295467C4005AB21A /* Frameworks */,
				34623B7B295467C4005AB21A /* Resources */,
			);
			buildRules = (
			);
			dependencies = (
				34623B7F295467C4005AB21A /* PBXTargetDependency */,
			);
			name = syntaxOracleUITests;
			productName = syntaxOracleUITests;
			productReference = 34623B7D295467C4005AB21A /* syntaxOracleUITests.xctest */;
			productType = "com.apple.product-type.bundle.ui-testing";
		};
/* End PBXNativeTarget section */

/* Begin PBXProject section */
		34623B55295467C3005AB21A /* Project object */ = {
			isa = PBXProject;
			attributes = {
				BuildIndependentTargetsInParallel = 1;
				LastSwiftUpdateCheck = 1410;
				LastUpgradeCheck = 1410;
				TargetAttributes = {
					34623B5C295467C3005AB21A = {
						CreatedOnToolsVersion = 14.1;
					};
					34623B72295467C4005AB21A = {
						CreatedOnToolsVersion = 14.1;
						TestTargetID = 34623B5C295467C3005AB21A;
					};
					34623B7C295467C4005AB21A = {
						CreatedOnToolsVersion = 14.1;
						TestTargetID = 34623B5C295467C3005AB21A;
					};
				};
			};
			buildConfigurationList = 34623B58295467C3005AB21A /* Build configuration list for PBXProject "syntaxOracle" */;
			compatibilityVersion = "Xcode 14.0";
			developmentRegion = en;
			hasScannedForEncodings = 0;
			knownRegions = (
				en,
				Base,
			);
			mainGroup = 34623B54295467C3005AB21A;
			productRefGroup = 34623B5E295467C3005AB21A /* Products */;
			projectDirPath = "";
			projectRoot = "";
			targets = (
				34623B5C295467C3005AB21A /* syntaxOracle */,
				34623B72295467C4005AB21A /* syntaxOracleTests */,
				34623B7C295467C4005AB21A /* syntaxOracleUITests */,
			);
		};
/* End PBXProject section */

/* Begin PBXResourcesBuildPhase section */
		34623B5B295467C3005AB21A /* Resources */ = {
			isa = PBXResourcesBuildPhase;
			buildActionMask = 2147483647;
			files = (
				34623B6D295467C4005AB21A /* LaunchScreen.storyboard in Resources */,
				34623B6A295467C4005AB21A /* Assets.xcassets in Resources */,
				34623B68295467C3005AB21A /* Main.storyboard in Resources */,
			);
			runOnlyForDeploymentPostprocessing = 0;
		};
		34623B71295467C4005AB21A /* Resources */ = {
			isa = PBXResourcesBuildPhase;
			buildActionMask = 2147483647;
			files = (
			);
			runOnlyForDeploymentPostprocessing = 0;
		};
		34623B7B295467C4005AB21A /* Resources */ = {
			isa = PBXResourcesBuildPhase;
			buildActionMask = 2147483647;
			files = (
			);
			runOnlyForDeploymentPostprocessing = 0;
		};
/* End PBXResourcesBuildPhase section */

/* Begin PBXSourcesBuildPhase section */
		34623B59295467C3005AB21A /* Sources */ = {
			isa = PBXSourcesBuildPhase;
			buildActionMask = 2147483647;
			files = (
				34623B65295467C3005AB21A /* ViewController.swift in Sources */,
				34623B61295467C3005AB21A /* AppDelegate.swift in Sources */,
				34623B63295467C3005AB21A /* SceneDelegate.swift in Sources */,
			);
			runOnlyForDeploymentPostprocessing = 0;
		};
		34623B6F295467C4005AB21A /* Sources */ = {
			isa = PBXSourcesBuildPhase;
			buildActionMask = 2147483647;
			files = (
				34623B78295467C4005AB21A /* syntaxOracleTests.swift in Sources */,
			);
			runOnlyForDeploymentPostprocessing = 0;
		};
		34623B79295467C4005AB21A /* Sources */ = {
			isa = PBXSourcesBuildPhase;
			buildActionMask = 2147483647;
			files = (
				34623B82295467C4005AB21A /* syntaxOracleUITests.swift in Sources */,
				34623B84295467C4005AB21A /* syntaxOracleUITestsLaunchTests.swift in Sources */,
			);
			runOnlyForDeploymentPostprocessing = 0;
		};
/* End PBXSourcesBuildPhase section */

/* Begin PBXTargetDependency section */
		34623B75295467C4005AB21A /* PBXTargetDependency */ = {
			isa = PBXTargetDependency;
			target = 34623B5C295467C3005AB21A /* syntaxOracle */;
			targetProxy = 34623B74295467C4005AB21A /* PBXContainerItemProxy */;
		};
		34623B7F295467C4005AB21A /* PBXTargetDependency */ = {
			isa = PBXTargetDependency;
			target = 34623B5C295467C3005AB21A /* syntaxOracle */;
			targetProxy = 34623B7E295467C4005AB21A /* PBXContainerItemProxy */;
		};
/* End PBXTargetDependency section */

/* Begin PBXVariantGroup section */
		34623B66295467C3005AB21A /* Main.storyboard */ = {
			isa = PBXVariantGroup;
			children = (
				34623B67295467C3005AB21A /* Base */,
			);
			name = Main.storyboard;
			sourceTree = "<group>";
		};
		34623B6B295467C4005AB21A /* LaunchScreen.storyboard */ = {
			isa = PBXVariantGroup;
			children = (
				34623B6C295467C4005AB21A /* Base */,
			);
			name = LaunchScreen.storyboard;
			sourceTree = "<group>";
		};
/* End PBXVariantGroup section */

/* Begin XCBuildConfiguration section */
		34623B85295467C4005AB21A /* Debug */ = {
			isa = XCBuildConfiguration;
			buildSettings = {
				ALWAYS_SEARCH_USER_PATHS = NO;
				CLANG_ANALYZER_NONNULL = YES;
				CLANG_ANALYZER_NUMBER_OBJECT_CONVERSION = YES_AGGRESSIVE;
				CLANG_CXX_LANGUAGE_STANDARD = "gnu++20";
				CLANG_ENABLE_MODULES = YES;
				CLANG_ENABLE_OBJC_ARC = YES;
				CLANG_ENABLE_OBJC_WEAK = YES;
				CLANG_WARN_BLOCK_CAPTURE_AUTORELEASING = YES;
				CLANG_WARN_BOOL_CONVERSION = YES;
				CLANG_WARN_COMMA = YES;
				CLANG_WARN_CONSTANT_CONVERSION = YES;
				CLANG_WARN_DEPRECATED_OBJC_IMPLEMENTATIONS = YES;
				CLANG_WARN_DIRECT_OBJC_ISA_USAGE = YES_ERROR;
				CLANG_WARN_DOCUMENTATION_COMMENTS = YES;
				CLANG_WARN_EMPTY_BODY = YES;
				CLANG_WARN_ENUM_CONVERSION = YES;
				CLANG_WARN_INFINITE_RECURSION = YES;
				CLANG_WARN_INT_CONVERSION = YES;
				CLANG_WARN_NON_LITERAL_NULL_CONVERSION = YES;
				CLANG_WARN_OBJC_IMPLICIT_RETAIN_SELF = YES;
				CLANG_WARN_OBJC_LITERAL_CONVERSION = YES;
				CLANG_WARN_OBJC_ROOT_CLASS = YES_ERROR;
				CLANG_WARN_QUOTED_INCLUDE_IN_FRAMEWORK_HEADER = YES;
				CLANG_WARN_RANGE_LOOP_ANALYSIS = YES;
				CLANG_WARN_STRICT_PROTOTYPES = YES;
				CLANG_WARN_SUSPICIOUS_MOVE = YES;
				CLANG_WARN_UNGUARDED_AVAILABILITY = YES_AGGRESSIVE;
				CLANG_WARN_UNREACHABLE_CODE = YES;
				CLANG_WARN__DUPLICATE_METHOD_MATCH = YES;
				COPY_PHASE_STRIP = NO;
				DEBUG_INFORMATION_FORMAT = dwarf;
				ENABLE_STRICT_OBJC_MSGSEND = YES;
				ENABLE_TESTABILITY = YES;
				GCC_C_LANGUAGE_STANDARD = gnu11;
				GCC_DYNAMIC_NO_PIC = NO;
				GCC_NO_COMMON_BLOCKS = YES;
				GCC_OPTIMIZATION_LEVEL = 0;
				GCC_PREPROCESSOR_DEFINITIONS = (
					"DEBUG=1",
					"$(inherited)",
				);
				GCC_WARN_64_TO_32_BIT_CONVERSION = YES;
				GCC_WARN_ABOUT_RETURN_TYPE = YES_ERROR;
				GCC_WARN_UNDECLARED_SELECTOR = YES;
				GCC_WARN_UNINITIALIZED_AUTOS = YES_AGGRESSIVE;
				GCC_WARN_UNUSED_FUNCTION = YES;
				GCC_WARN_UNUSED_VARIABLE = YES;
				IPHONEOS_DEPLOYMENT_TARGET = 16.1;
				MTL_ENABLE_DEBUG_INFO = INCLUDE_SOURCE;
				MTL_FAST_MATH = YES;
				ONLY_ACTIVE_ARCH = YES;
				SDKROOT = iphoneos;
				SWIFT_ACTIVE_COMPILATION_CONDITIONS = DEBUG;
				SWIFT_OPTIMIZATION_LEVEL = "-Onone";
			};
			name = Debug;
		};
		34623B86295467C4005AB21A /* Release */ = {
			isa = XCBuildConfiguration;
			buildSettings = {
				ALWAYS_SEARCH_USER_PATHS = NO;
				CLANG_ANALYZER_NONNULL = YES;
				CLANG_ANALYZER_NUMBER_OBJECT_CONVERSION = YES_AGGRESSIVE;
				CLANG_CXX_LANGUAGE_STANDARD = "gnu++20";
				CLANG_ENABLE_MODULES = YES;
				CLANG_ENABLE_OBJC_ARC = YES;
				CLANG_ENABLE_OBJC_WEAK = YES;
				CLANG_WARN_BLOCK_CAPTURE_AUTORELEASING = YES;
				CLANG_WARN_BOOL_CONVERSION = YES;
				CLANG_WARN_COMMA = YES;
				CLANG_WARN_CONSTANT_CONVERSION = YES;
				CLANG_WARN_DEPRECATED_OBJC_IMPLEMENTATIONS = YES;
				CLANG_WARN_DIRECT_OBJC_ISA_USAGE = YES_ERROR;
				CLANG_WARN_DOCUMENTATION_COMMENTS = YES;
				CLANG_WARN_EMPTY_BODY = YES;
				CLANG_WARN_ENUM_CONVERSION = YES;
				CLANG_WARN_INFINITE_RECURSION = YES;
				CLANG_WARN_INT_CONVERSION = YES;
				CLANG_WARN_NON_LITERAL_NULL_CONVERSION = YES;
				CLANG_WARN_OBJC_IMPLICIT_RETAIN_SELF = YES;
				CLANG_WARN_OBJC_LITERAL_CONVERSION = YES;
				CLANG_WARN_OBJC_ROOT_CLASS = YES_ERROR;
				CLANG_WARN_QUOTED_INCLUDE_IN_FRAMEWORK_HEADER = YES;
				CLANG_WARN_RANGE_LOOP_ANALYSIS = YES;
				CLANG_WARN_STRICT_PROTOTYPES = YES;
				CLANG_WARN_SUSPICIOUS_MOVE = YES;
				CLANG_WARN_UNGUARDED_AVAILABILITY = YES_AGGRESSIVE;
				CLANG_WARN_UNREACHABLE_CODE = YES;
				CLANG_WARN__DUPLICATE_METHOD_MATCH = YES;
				COPY_PHASE_STRIP = NO;
				DEBUG_INFORMATION_FORMAT = "dwarf-with-dsym";
				ENABLE_NS_ASSERTIONS = NO;
				ENABLE_STRICT_OBJC_MSGSEND = YES;
				GCC_C_LANGUAGE_STANDARD = gnu11;
				GCC_NO_COMMON_BLOCKS = YES;
				GCC_WARN_64_TO_32_BIT_CONVERSION = YES;
				GCC_WARN_ABOUT_RETURN_TYPE = YES_ERROR;
				GCC_WARN_UNDECLARED_SELECTOR = YES;
				GCC_WARN_UNINITIALIZED_AUTOS = YES_AGGRESSIVE;
				GCC_WARN_UNUSED_FUNCTION = YES;
				GCC_WARN_UNUSED_VARIABLE = YES;
				IPHONEOS_DEPLOYMENT_TARGET = 16.1;
				MTL_ENABLE_DEBUG_INFO = NO;
				MTL_FAST_MATH = YES;
				SDKROOT = iphoneos;
				SWIFT_COMPILATION_MODE = wholemodule;
				SWIFT_OPTIMIZATION_LEVEL = "-O";
				VALIDATE_PRODUCT = YES;
			};
			name = Release;
		};
		34623B88295467C4005AB21A /* Debug */ = {
			isa = XCBuildConfiguration;
			buildSettings = {
				ASSETCATALOG_COMPILER_APPICON_NAME = AppIcon;
				ASSETCATALOG_COMPILER_GLOBAL_ACCENT_COLOR_NAME = AccentColor;
				CODE_SIGN_STYLE = Automatic;
				CURRENT_PROJECT_VERSION = 1;
				DEVELOPMENT_TEAM = X8FPBDF85Z;
				GENERATE_INFOPLIST_FILE = YES;
				INFOPLIST_FILE = syntaxOracle/Info.plist;
				INFOPLIST_KEY_UIApplicationSupportsIndirectInputEvents = YES;
				INFOPLIST_KEY_UILaunchStoryboardName = LaunchScreen;
				INFOPLIST_KEY_UIMainStoryboardFile = Main;
				INFOPLIST_KEY_UISupportedInterfaceOrientations_iPad = "UIInterfaceOrientationPortrait UIInterfaceOrientationPortraitUpsideDown UIInterfaceOrientationLandscapeLeft UIInterfaceOrientationLandscapeRight";
				INFOPLIST_KEY_UISupportedInterfaceOrientations_iPhone = "UIInterfaceOrientationPortrait UIInterfaceOrientationLandscapeLeft UIInterfaceOrientationLandscapeRight";
				LD_RUNPATH_SEARCH_PATHS = (
					"$(inherited)",
					"@executable_path/Frameworks",
				);
				MARKETING_VERSION = 1.0;
				PRODUCT_BUNDLE_IDENTIFIER = de.GEILdesignt.syntaxOracle;
				PRODUCT_NAME = "$(TARGET_NAME)";
				SWIFT_EMIT_LOC_STRINGS = YES;
				SWIFT_VERSION = 5.0;
				TARGETED_DEVICE_FAMILY = "1,2";
			};
			name = Debug;
		};
		34623B89295467C4005AB21A /* Release */ = {
			isa = XCBuildConfiguration;
			buildSettings = {
				ASSETCATALOG_COMPILER_APPICON_NAME = AppIcon;
				ASSETCATALOG_COMPILER_GLOBAL_ACCENT_COLOR_NAME = AccentColor;
				CODE_SIGN_STYLE = Automatic;
				CURRENT_PROJECT_VERSION = 1;
				DEVELOPMENT_TEAM = X8FPBDF85Z;
				GENERATE_INFOPLIST_FILE = YES;
				INFOPLIST_FILE = syntaxOracle/Info.plist;
				INFOPLIST_KEY_UIApplicationSupportsIndirectInputEvents = YES;
				INFOPLIST_KEY_UILaunchStoryboardName = LaunchScreen;
				INFOPLIST_KEY_UIMainStoryboardFile = Main;
				INFOPLIST_KEY_UISupportedInterfaceOrientations_iPad = "UIInterfaceOrientationPortrait UIInterfaceOrientationPortraitUpsideDown UIInterfaceOrientationLandscapeLeft UIInterfaceOrientationLandscapeRight";
				INFOPLIST_KEY_UISupportedInterfaceOrientations_iPhone = "UIInterfaceOrientationPortrait UIInterfaceOrientationLandscapeLeft UIInterfaceOrientationLandscapeRight";
				LD_RUNPATH_SEARCH_PATHS = (
					"$(inherited)",
					"@executable_path/Frameworks",
				);
				MARKETING_VERSION = 1.0;
				PRODUCT_BUNDLE_IDENTIFIER = de.GEILdesignt.syntaxOracle;
				PRODUCT_NAME = "$(TARGET_NAME)";
				SWIFT_EMIT_LOC_STRINGS = YES;
				SWIFT_VERSION = 5.0;
				TARGETED_DEVICE_FAMILY = "1,2";
			};
			name = Release;
		};
		34623B8B295467C4005AB21A /* Debug */ = {
			isa = XCBuildConfiguration;
			buildSettings = {
				ALWAYS_EMBED_SWIFT_STANDARD_LIBRARIES = YES;
				BUNDLE_LOADER = "$(TEST_HOST)";
				CODE_SIGN_STYLE = Automatic;
				CURRENT_PROJECT_VERSION = 1;
				DEVELOPMENT_TEAM = X8FPBDF85Z;
				GENERATE_INFOPLIST_FILE = YES;
				IPHONEOS_DEPLOYMENT_TARGET = 16.1;
				MARKETING_VERSION = 1.0;
				PRODUCT_BUNDLE_IDENTIFIER = de.GEILdesignt.syntaxOracleTests;
				PRODUCT_NAME = "$(TARGET_NAME)";
				SWIFT_EMIT_LOC_STRINGS = NO;
				SWIFT_VERSION = 5.0;
				TARGETED_DEVICE_FAMILY = "1,2";
				TEST_HOST = "$(BUILT_PRODUCTS_DIR)/syntaxOracle.app/$(BUNDLE_EXECUTABLE_FOLDER_PATH)/syntaxOracle";
			};
			name = Debug;
		};
		34623B8C295467C4005AB21A /* Release */ = {
			isa = XCBuildConfiguration;
			buildSettings = {
				ALWAYS_EMBED_SWIFT_STANDARD_LIBRARIES = YES;
				BUNDLE_LOADER = "$(TEST_HOST)";
				CODE_SIGN_STYLE = Automatic;
				CURRENT_PROJECT_VERSION = 1;
				DEVELOPMENT_TEAM = X8FPBDF85Z;
				GENERATE_INFOPLIST_FILE = YES;
				IPHONEOS_DEPLOYMENT_TARGET = 16.1;
				MARKETING_VERSION = 1.0;
				PRODUCT_BUNDLE_IDENTIFIER = de.GEILdesignt.syntaxOracleTests;
				PRODUCT_NAME = "$(TARGET_NAME)";
				SWIFT_EMIT_LOC_STRINGS = NO;
				SWIFT_VERSION = 5.0;
				TARGETED_DEVICE_FAMILY = "1,2";
				TEST_HOST = "$(BUILT_PRODUCTS_DIR)/syntaxOracle.app/$(BUNDLE_EXECUTABLE_FOLDER_PATH)/syntaxOracle";
			};
			name = Release;
		};
		34623B8E295467C4005AB21A /* Debug */ = {
			isa = XCBuildConfiguration;
			buildSettings = {
				ALWAYS_EMBED_SWIFT_STANDARD_LIBRARIES = YES;
				CODE_SIGN_STYLE = Automatic;
				CURRENT_PROJECT_VERSION = 1;
				DEVELOPMENT_TEAM = X8FPBDF85Z;
				GENERATE_INFOPLIST_FILE = YES;
				MARKETING_VERSION = 1.0;
				PRODUCT_BUNDLE_IDENTIFIER = de.GEILdesignt.syntaxOracleUITests;
				PRODUCT_NAME = "$(TARGET_NAME)";
				SWIFT_EMIT_LOC_STRINGS = NO;
				SWIFT_VERSION = 5.0;
				TARGETED_DEVICE_FAMILY = "1,2";
				TEST_TARGET_NAME = syntaxOracle;
			};
			name = Debug;
		};
		34623B8F295467C4005AB21A /* Release */ = {
			isa = XCBuildConfiguration;
			buildSettings = {
				ALWAYS_EMBED_SWIFT_STANDARD_LIBRARIES = YES;
				CODE_SIGN_STYLE = Automatic;
				CURRENT_PROJECT_VERSION = 1;
				DEVELOPMENT_TEAM = X8FPBDF85Z;
				GENERATE_INFOPLIST_FILE = YES;
				MARKETING_VERSION = 1.0;
				PRODUCT_BUNDLE_IDENTIFIER = de.GEILdesignt.syntaxOracleUITests;
				PRODUCT_NAME = "$(TARGET_NAME)";
				SWIFT_EMIT_LOC_STRINGS = NO;
				SWIFT_VERSION = 5.0;
				TARGETED_DEVICE_FAMILY = "1,2";
				TEST_TARGET_NAME = syntaxOracle;
			};
			name = Release;
		};
/* End XCBuildConfiguration section */

/* Begin XCConfigurationList section */
		34623B58295467C3005AB21A /* Build configuration list for PBXProject "syntaxOracle" */ = {
			isa = XCConfigurationList;
			buildConfigurations = (
				34623B85295467C4005AB21A /* Debug */,
				34623B86295467C4005AB21A /* Release */,
			);
			defaultConfigurationIsVisible = 0;
			defaultConfigurationName = Release;
		};
		34623B87295467C4005AB21A /* Build configuration list for PBXNativeTarget "syntaxOracle" */ = {
			isa = XCConfigurationList;
			buildConfigurations = (
				34623B88295467C4005AB21A /* Debug */,
				34623B89295467C4005AB21A /* Release */,
			);
			defaultConfigurationIsVisible = 0;
			defaultConfigurationName = Release;
		};
		34623B8A295467C4005AB21A /* Build configuration list for PBXNativeTarget "syntaxOracleTests" */ = {
			isa = XCConfigurationList;
			buildConfigurations = (
				34623B8B295467C4005AB21A /* Debug */,
				34623B8C295467C4005AB21A /* Release */,
			);
			defaultConfigurationIsVisible = 0;
			defaultConfigurationName = Release;
		};
		34623B8D295467C4005AB21A /* Build configuration list for PBXNativeTarget "syntaxOracleUITests" */ = {
			isa = XCConfigurationList;
			buildConfigurations = (
				34623B8E295467C4005AB21A /* Debug */,
				34623B8F295467C4005AB21A /* Release */,
			);
			defaultConfigurationIsVisible = 0;
			defaultConfigurationName = Release;
		};
/* End XCConfigurationList section */
	};
	rootObject = 34623B55295467C3005AB21A /* Project object */;
}
