// !$*UTF8*$!
{
	archiveVersion = 1;
	classes = {
	};
	objectVersion = 56;
	objects = {

/* Begin PBXBuildFile section */
		34965B71299FA57600371A93 /* FireBaseApp.swift in Sources */ = {isa = PBXBuildFile; fileRef = 34965B70299FA57600371A93 /* FireBaseApp.swift */; };
		34965B73299FA57600371A93 /* ContentView.swift in Sources */ = {isa = PBXBuildFile; fileRef = 34965B72299FA57600371A93 /* ContentView.swift */; };
		34965B75299FA57600371A93 /* Assets.xcassets in Resources */ = {isa = PBXBuildFile; fileRef = 34965B74299FA57600371A93 /* Assets.xcassets */; };
		34965B78299FA57600371A93 /* Preview Assets.xcassets in Resources */ = {isa = PBXBuildFile; fileRef = 34965B77299FA57600371A93 /* Preview Assets.xcassets */; };
		34965B82299FA57700371A93 /* FireBaseTests.swift in Sources */ = {isa = PBXBuildFile; fileRef = 34965B81299FA57700371A93 /* FireBaseTests.swift */; };
		34965B8C299FA57700371A93 /* FireBaseUITests.swift in Sources */ = {isa = PBXBuildFile; fileRef = 34965B8B299FA57700371A93 /* FireBaseUITests.swift */; };
		34965B8E299FA57700371A93 /* FireBaseUITestsLaunchTests.swift in Sources */ = {isa = PBXBuildFile; fileRef = 34965B8D299FA57700371A93 /* FireBaseUITestsLaunchTests.swift */; };
/* End PBXBuildFile section */

/* Begin PBXContainerItemProxy section */
		34965B7E299FA57700371A93 /* PBXContainerItemProxy */ = {
			isa = PBXContainerItemProxy;
			containerPortal = 34965B65299FA57600371A93 /* Project object */;
			proxyType = 1;
			remoteGlobalIDString = 34965B6C299FA57600371A93;
			remoteInfo = FireBase;
		};
		34965B88299FA57700371A93 /* PBXContainerItemProxy */ = {
			isa = PBXContainerItemProxy;
			containerPortal = 34965B65299FA57600371A93 /* Project object */;
			proxyType = 1;
			remoteGlobalIDString = 34965B6C299FA57600371A93;
			remoteInfo = FireBase;
		};
/* End PBXContainerItemProxy section */

/* Begin PBXFileReference section */
		34965B6D299FA57600371A93 /* FireBase.app */ = {isa = PBXFileReference; explicitFileType = wrapper.application; includeInIndex = 0; path = FireBase.app; sourceTree = BUILT_PRODUCTS_DIR; };
		34965B70299FA57600371A93 /* FireBaseApp.swift */ = {isa = PBXFileReference; lastKnownFileType = sourcecode.swift; path = FireBaseApp.swift; sourceTree = "<group>"; };
		34965B72299FA57600371A93 /* ContentView.swift */ = {isa = PBXFileReference; lastKnownFileType = sourcecode.swift; path = ContentView.swift; sourceTree = "<group>"; };
		34965B74299FA57600371A93 /* Assets.xcassets */ = {isa = PBXFileReference; lastKnownFileType = folder.assetcatalog; path = Assets.xcassets; sourceTree = "<group>"; };
		34965B77299FA57600371A93 /* Preview Assets.xcassets */ = {isa = PBXFileReference; lastKnownFileType = folder.assetcatalog; path = "Preview Assets.xcassets"; sourceTree = "<group>"; };
		34965B7D299FA57700371A93 /* FireBaseTests.xctest */ = {isa = PBXFileReference; explicitFileType = wrapper.cfbundle; includeInIndex = 0; path = FireBaseTests.xctest; sourceTree = BUILT_PRODUCTS_DIR; };
		34965B81299FA57700371A93 /* FireBaseTests.swift */ = {isa = PBXFileReference; lastKnownFileType = sourcecode.swift; path = FireBaseTests.swift; sourceTree = "<group>"; };
		34965B87299FA57700371A93 /* FireBaseUITests.xctest */ = {isa = PBXFileReference; explicitFileType = wrapper.cfbundle; includeInIndex = 0; path = FireBaseUITests.xctest; sourceTree = BUILT_PRODUCTS_DIR; };
		34965B8B299FA57700371A93 /* FireBaseUITests.swift */ = {isa = PBXFileReference; lastKnownFileType = sourcecode.swift; path = FireBaseUITests.swift; sourceTree = "<group>"; };
		34965B8D299FA57700371A93 /* FireBaseUITestsLaunchTests.swift */ = {isa = PBXFileReference; lastKnownFileType = sourcecode.swift; path = FireBaseUITestsLaunchTests.swift; sourceTree = "<group>"; };
/* End PBXFileReference section */

/* Begin PBXFrameworksBuildPhase section */
		34965B6A299FA57600371A93 /* Frameworks */ = {
			isa = PBXFrameworksBuildPhase;
			buildActionMask = 2147483647;
			files = (
			);
			runOnlyForDeploymentPostprocessing = 0;
		};
		34965B7A299FA57700371A93 /* Frameworks */ = {
			isa = PBXFrameworksBuildPhase;
			buildActionMask = 2147483647;
			files = (
			);
			runOnlyForDeploymentPostprocessing = 0;
		};
		34965B84299FA57700371A93 /* Frameworks */ = {
			isa = PBXFrameworksBuildPhase;
			buildActionMask = 2147483647;
			files = (
			);
			runOnlyForDeploymentPostprocessing = 0;
		};
/* End PBXFrameworksBuildPhase section */

/* Begin PBXGroup section */
		34965B64299FA57600371A93 = {
			isa = PBXGroup;
			children = (
				34965B6F299FA57600371A93 /* FireBase */,
				34965B80299FA57700371A93 /* FireBaseTests */,
				34965B8A299FA57700371A93 /* FireBaseUITests */,
				34965B6E299FA57600371A93 /* Products */,
			);
			sourceTree = "<group>";
		};
		34965B6E299FA57600371A93 /* Products */ = {
			isa = PBXGroup;
			children = (
				34965B6D299FA57600371A93 /* FireBase.app */,
				34965B7D299FA57700371A93 /* FireBaseTests.xctest */,
				34965B87299FA57700371A93 /* FireBaseUITests.xctest */,
			);
			name = Products;
			sourceTree = "<group>";
		};
		34965B6F299FA57600371A93 /* FireBase */ = {
			isa = PBXGroup;
			children = (
				34965B70299FA57600371A93 /* FireBaseApp.swift */,
				34965B72299FA57600371A93 /* ContentView.swift */,
				34965B74299FA57600371A93 /* Assets.xcassets */,
				34965B76299FA57600371A93 /* Preview Content */,
			);
			path = FireBase;
			sourceTree = "<group>";
		};
		34965B76299FA57600371A93 /* Preview Content */ = {
			isa = PBXGroup;
			children = (
				34965B77299FA57600371A93 /* Preview Assets.xcassets */,
			);
			path = "Preview Content";
			sourceTree = "<group>";
		};
		34965B80299FA57700371A93 /* FireBaseTests */ = {
			isa = PBXGroup;
			children = (
				34965B81299FA57700371A93 /* FireBaseTests.swift */,
			);
			path = FireBaseTests;
			sourceTree = "<group>";
		};
		34965B8A299FA57700371A93 /* FireBaseUITests */ = {
			isa = PBXGroup;
			children = (
				34965B8B299FA57700371A93 /* FireBaseUITests.swift */,
				34965B8D299FA57700371A93 /* FireBaseUITestsLaunchTests.swift */,
			);
			path = FireBaseUITests;
			sourceTree = "<group>";
		};
/* End PBXGroup section */

/* Begin PBXNativeTarget section */
		34965B6C299FA57600371A93 /* FireBase */ = {
			isa = PBXNativeTarget;
			buildConfigurationList = 34965B91299FA57700371A93 /* Build configuration list for PBXNativeTarget "FireBase" */;
			buildPhases = (
				34965B69299FA57600371A93 /* Sources */,
				34965B6A299FA57600371A93 /* Frameworks */,
				34965B6B299FA57600371A93 /* Resources */,
			);
			buildRules = (
			);
			dependencies = (
			);
			name = FireBase;
			productName = FireBase;
			productReference = 34965B6D299FA57600371A93 /* FireBase.app */;
			productType = "com.apple.product-type.application";
		};
		34965B7C299FA57700371A93 /* FireBaseTests */ = {
			isa = PBXNativeTarget;
			buildConfigurationList = 34965B94299FA57700371A93 /* Build configuration list for PBXNativeTarget "FireBaseTests" */;
			buildPhases = (
				34965B79299FA57700371A93 /* Sources */,
				34965B7A299FA57700371A93 /* Frameworks */,
				34965B7B299FA57700371A93 /* Resources */,
			);
			buildRules = (
			);
			dependencies = (
				34965B7F299FA57700371A93 /* PBXTargetDependency */,
			);
			name = FireBaseTests;
			productName = FireBaseTests;
			productReference = 34965B7D299FA57700371A93 /* FireBaseTests.xctest */;
			productType = "com.apple.product-type.bundle.unit-test";
		};
		34965B86299FA57700371A93 /* FireBaseUITests */ = {
			isa = PBXNativeTarget;
			buildConfigurationList = 34965B97299FA57700371A93 /* Build configuration list for PBXNativeTarget "FireBaseUITests" */;
			buildPhases = (
				34965B83299FA57700371A93 /* Sources */,
				34965B84299FA57700371A93 /* Frameworks */,
				34965B85299FA57700371A93 /* Resources */,
			);
			buildRules = (
			);
			dependencies = (
				34965B89299FA57700371A93 /* PBXTargetDependency */,
			);
			name = FireBaseUITests;
			productName = FireBaseUITests;
			productReference = 34965B87299FA57700371A93 /* FireBaseUITests.xctest */;
			productType = "com.apple.product-type.bundle.ui-testing";
		};
/* End PBXNativeTarget section */

/* Begin PBXProject section */
		34965B65299FA57600371A93 /* Project object */ = {
			isa = PBXProject;
			attributes = {
				BuildIndependentTargetsInParallel = 1;
				LastSwiftUpdateCheck = 1420;
				LastUpgradeCheck = 1420;
				TargetAttributes = {
					34965B6C299FA57600371A93 = {
						CreatedOnToolsVersion = 14.2;
					};
					34965B7C299FA57700371A93 = {
						CreatedOnToolsVersion = 14.2;
						TestTargetID = 34965B6C299FA57600371A93;
					};
					34965B86299FA57700371A93 = {
						CreatedOnToolsVersion = 14.2;
						TestTargetID = 34965B6C299FA57600371A93;
					};
				};
			};
			buildConfigurationList = 34965B68299FA57600371A93 /* Build configuration list for PBXProject "FireBase" */;
			compatibilityVersion = "Xcode 14.0";
			developmentRegion = en;
			hasScannedForEncodings = 0;
			knownRegions = (
				en,
				Base,
			);
			mainGroup = 34965B64299FA57600371A93;
			productRefGroup = 34965B6E299FA57600371A93 /* Products */;
			projectDirPath = "";
			projectRoot = "";
			targets = (
				34965B6C299FA57600371A93 /* FireBase */,
				34965B7C299FA57700371A93 /* FireBaseTests */,
				34965B86299FA57700371A93 /* FireBaseUITests */,
			);
		};
/* End PBXProject section */

/* Begin PBXResourcesBuildPhase section */
		34965B6B299FA57600371A93 /* Resources */ = {
			isa = PBXResourcesBuildPhase;
			buildActionMask = 2147483647;
			files = (
				34965B78299FA57600371A93 /* Preview Assets.xcassets in Resources */,
				34965B75299FA57600371A93 /* Assets.xcassets in Resources */,
			);
			runOnlyForDeploymentPostprocessing = 0;
		};
		34965B7B299FA57700371A93 /* Resources */ = {
			isa = PBXResourcesBuildPhase;
			buildActionMask = 2147483647;
			files = (
			);
			runOnlyForDeploymentPostprocessing = 0;
		};
		34965B85299FA57700371A93 /* Resources */ = {
			isa = PBXResourcesBuildPhase;
			buildActionMask = 2147483647;
			files = (
			);
			runOnlyForDeploymentPostprocessing = 0;
		};
/* End PBXResourcesBuildPhase section */

/* Begin PBXSourcesBuildPhase section */
		34965B69299FA57600371A93 /* Sources */ = {
			isa = PBXSourcesBuildPhase;
			buildActionMask = 2147483647;
			files = (
				34965B73299FA57600371A93 /* ContentView.swift in Sources */,
				34965B71299FA57600371A93 /* FireBaseApp.swift in Sources */,
			);
			runOnlyForDeploymentPostprocessing = 0;
		};
		34965B79299FA57700371A93 /* Sources */ = {
			isa = PBXSourcesBuildPhase;
			buildActionMask = 2147483647;
			files = (
				34965B82299FA57700371A93 /* FireBaseTests.swift in Sources */,
			);
			runOnlyForDeploymentPostprocessing = 0;
		};
		34965B83299FA57700371A93 /* Sources */ = {
			isa = PBXSourcesBuildPhase;
			buildActionMask = 2147483647;
			files = (
				34965B8E299FA57700371A93 /* FireBaseUITestsLaunchTests.swift in Sources */,
				34965B8C299FA57700371A93 /* FireBaseUITests.swift in Sources */,
			);
			runOnlyForDeploymentPostprocessing = 0;
		};
/* End PBXSourcesBuildPhase section */

/* Begin PBXTargetDependency section */
		34965B7F299FA57700371A93 /* PBXTargetDependency */ = {
			isa = PBXTargetDependency;
			target = 34965B6C299FA57600371A93 /* FireBase */;
			targetProxy = 34965B7E299FA57700371A93 /* PBXContainerItemProxy */;
		};
		34965B89299FA57700371A93 /* PBXTargetDependency */ = {
			isa = PBXTargetDependency;
			target = 34965B6C299FA57600371A93 /* FireBase */;
			targetProxy = 34965B88299FA57700371A93 /* PBXContainerItemProxy */;
		};
/* End PBXTargetDependency section */

/* Begin XCBuildConfiguration section */
		34965B8F299FA57700371A93 /* Debug */ = {
			isa = XCBuildConfiguration;
			buildSettings = {
				ALWAYS_SEARCH_USER_PATHS = NO;
				CLANG_ANALYZER_NONNULL = YES;
				CLANG_ANALYZER_NUMBER_OBJECT_CONVERSION = YES_AGGRESSIVE;
				CLANG_CXX_LANGUAGE_STANDARD = "gnu++20";
				CLANG_ENABLE_MODULES = YES;
				CLANG_ENABLE_OBJC_ARC = YES;
				CLANG_ENABLE_OBJC_WEAK = YES;
				CLANG_WARN_BLOCK_CAPTURE_AUTORELEASING = YES;
				CLANG_WARN_BOOL_CONVERSION = YES;
				CLANG_WARN_COMMA = YES;
				CLANG_WARN_CONSTANT_CONVERSION = YES;
				CLANG_WARN_DEPRECATED_OBJC_IMPLEMENTATIONS = YES;
				CLANG_WARN_DIRECT_OBJC_ISA_USAGE = YES_ERROR;
				CLANG_WARN_DOCUMENTATION_COMMENTS = YES;
				CLANG_WARN_EMPTY_BODY = YES;
				CLANG_WARN_ENUM_CONVERSION = YES;
				CLANG_WARN_INFINITE_RECURSION = YES;
				CLANG_WARN_INT_CONVERSION = YES;
				CLANG_WARN_NON_LITERAL_NULL_CONVERSION = YES;
				CLANG_WARN_OBJC_IMPLICIT_RETAIN_SELF = YES;
				CLANG_WARN_OBJC_LITERAL_CONVERSION = YES;
				CLANG_WARN_OBJC_ROOT_CLASS = YES_ERROR;
				CLANG_WARN_QUOTED_INCLUDE_IN_FRAMEWORK_HEADER = YES;
				CLANG_WARN_RANGE_LOOP_ANALYSIS = YES;
				CLANG_WARN_STRICT_PROTOTYPES = YES;
				CLANG_WARN_SUSPICIOUS_MOVE = YES;
				CLANG_WARN_UNGUARDED_AVAILABILITY = YES_AGGRESSIVE;
				CLANG_WARN_UNREACHABLE_CODE = YES;
				CLANG_WARN__DUPLICATE_METHOD_MATCH = YES;
				COPY_PHASE_STRIP = NO;
				DEBUG_INFORMATION_FORMAT = dwarf;
				ENABLE_STRICT_OBJC_MSGSEND = YES;
				ENABLE_TESTABILITY = YES;
				GCC_C_LANGUAGE_STANDARD = gnu11;
				GCC_DYNAMIC_NO_PIC = NO;
				GCC_NO_COMMON_BLOCKS = YES;
				GCC_OPTIMIZATION_LEVEL = 0;
				GCC_PREPROCESSOR_DEFINITIONS = (
					"DEBUG=1",
					"$(inherited)",
				);
				GCC_WARN_64_TO_32_BIT_CONVERSION = YES;
				GCC_WARN_ABOUT_RETURN_TYPE = YES_ERROR;
				GCC_WARN_UNDECLARED_SELECTOR = YES;
				GCC_WARN_UNINITIALIZED_AUTOS = YES_AGGRESSIVE;
				GCC_WARN_UNUSED_FUNCTION = YES;
				GCC_WARN_UNUSED_VARIABLE = YES;
				IPHONEOS_DEPLOYMENT_TARGET = 16.2;
				MTL_ENABLE_DEBUG_INFO = INCLUDE_SOURCE;
				MTL_FAST_MATH = YES;
				ONLY_ACTIVE_ARCH = YES;
				SDKROOT = iphoneos;
				SWIFT_ACTIVE_COMPILATION_CONDITIONS = DEBUG;
				SWIFT_OPTIMIZATION_LEVEL = "-Onone";
			};
			name = Debug;
		};
		34965B90299FA57700371A93 /* Release */ = {
			isa = XCBuildConfiguration;
			buildSettings = {
				ALWAYS_SEARCH_USER_PATHS = NO;
				CLANG_ANALYZER_NONNULL = YES;
				CLANG_ANALYZER_NUMBER_OBJECT_CONVERSION = YES_AGGRESSIVE;
				CLANG_CXX_LANGUAGE_STANDARD = "gnu++20";
				CLANG_ENABLE_MODULES = YES;
				CLANG_ENABLE_OBJC_ARC = YES;
				CLANG_ENABLE_OBJC_WEAK = YES;
				CLANG_WARN_BLOCK_CAPTURE_AUTORELEASING = YES;
				CLANG_WARN_BOOL_CONVERSION = YES;
				CLANG_WARN_COMMA = YES;
				CLANG_WARN_CONSTANT_CONVERSION = YES;
				CLANG_WARN_DEPRECATED_OBJC_IMPLEMENTATIONS = YES;
				CLANG_WARN_DIRECT_OBJC_ISA_USAGE = YES_ERROR;
				CLANG_WARN_DOCUMENTATION_COMMENTS = YES;
				CLANG_WARN_EMPTY_BODY = YES;
				CLANG_WARN_ENUM_CONVERSION = YES;
				CLANG_WARN_INFINITE_RECURSION = YES;
				CLANG_WARN_INT_CONVERSION = YES;
				CLANG_WARN_NON_LITERAL_NULL_CONVERSION = YES;
				CLANG_WARN_OBJC_IMPLICIT_RETAIN_SELF = YES;
				CLANG_WARN_OBJC_LITERAL_CONVERSION = YES;
				CLANG_WARN_OBJC_ROOT_CLASS = YES_ERROR;
				CLANG_WARN_QUOTED_INCLUDE_IN_FRAMEWORK_HEADER = YES;
				CLANG_WARN_RANGE_LOOP_ANALYSIS = YES;
				CLANG_WARN_STRICT_PROTOTYPES = YES;
				CLANG_WARN_SUSPICIOUS_MOVE = YES;
				CLANG_WARN_UNGUARDED_AVAILABILITY = YES_AGGRESSIVE;
				CLANG_WARN_UNREACHABLE_CODE = YES;
				CLANG_WARN__DUPLICATE_METHOD_MATCH = YES;
				COPY_PHASE_STRIP = NO;
				DEBUG_INFORMATION_FORMAT = "dwarf-with-dsym";
				ENABLE_NS_ASSERTIONS = NO;
				ENABLE_STRICT_OBJC_MSGSEND = YES;
				GCC_C_LANGUAGE_STANDARD = gnu11;
				GCC_NO_COMMON_BLOCKS = YES;
				GCC_WARN_64_TO_32_BIT_CONVERSION = YES;
				GCC_WARN_ABOUT_RETURN_TYPE = YES_ERROR;
				GCC_WARN_UNDECLARED_SELECTOR = YES;
				GCC_WARN_UNINITIALIZED_AUTOS = YES_AGGRESSIVE;
				GCC_WARN_UNUSED_FUNCTION = YES;
				GCC_WARN_UNUSED_VARIABLE = YES;
				IPHONEOS_DEPLOYMENT_TARGET = 16.2;
				MTL_ENABLE_DEBUG_INFO = NO;
				MTL_FAST_MATH = YES;
				SDKROOT = iphoneos;
				SWIFT_COMPILATION_MODE = wholemodule;
				SWIFT_OPTIMIZATION_LEVEL = "-O";
				VALIDATE_PRODUCT = YES;
			};
			name = Release;
		};
		34965B92299FA57700371A93 /* Debug */ = {
			isa = XCBuildConfiguration;
			buildSettings = {
				ASSETCATALOG_COMPILER_APPICON_NAME = AppIcon;
				ASSETCATALOG_COMPILER_GLOBAL_ACCENT_COLOR_NAME = AccentColor;
				CODE_SIGN_STYLE = Automatic;
				CURRENT_PROJECT_VERSION = 1;
				DEVELOPMENT_ASSET_PATHS = "\"FireBase/Preview Content\"";
				DEVELOPMENT_TEAM = X8FPBDF85Z;
				ENABLE_PREVIEWS = YES;
				GENERATE_INFOPLIST_FILE = YES;
				INFOPLIST_KEY_UIApplicationSceneManifest_Generation = YES;
				INFOPLIST_KEY_UIApplicationSupportsIndirectInputEvents = YES;
				INFOPLIST_KEY_UILaunchScreen_Generation = YES;
				INFOPLIST_KEY_UISupportedInterfaceOrientations_iPad = "UIInterfaceOrientationPortrait UIInterfaceOrientationPortraitUpsideDown UIInterfaceOrientationLandscapeLeft UIInterfaceOrientationLandscapeRight";
				INFOPLIST_KEY_UISupportedInterfaceOrientations_iPhone = "UIInterfaceOrientationPortrait UIInterfaceOrientationLandscapeLeft UIInterfaceOrientationLandscapeRight";
				LD_RUNPATH_SEARCH_PATHS = (
					"$(inherited)",
					"@executable_path/Frameworks",
				);
				MARKETING_VERSION = 1.0;
				PRODUCT_BUNDLE_IDENTIFIER = de.geildesignt.FireBase;
				PRODUCT_NAME = "$(TARGET_NAME)";
				SWIFT_EMIT_LOC_STRINGS = YES;
				SWIFT_VERSION = 5.0;
				TARGETED_DEVICE_FAMILY = "1,2";
			};
			name = Debug;
		};
		34965B93299FA57700371A93 /* Release */ = {
			isa = XCBuildConfiguration;
			buildSettings = {
				ASSETCATALOG_COMPILER_APPICON_NAME = AppIcon;
				ASSETCATALOG_COMPILER_GLOBAL_ACCENT_COLOR_NAME = AccentColor;
				CODE_SIGN_STYLE = Automatic;
				CURRENT_PROJECT_VERSION = 1;
				DEVELOPMENT_ASSET_PATHS = "\"FireBase/Preview Content\"";
				DEVELOPMENT_TEAM = X8FPBDF85Z;
				ENABLE_PREVIEWS = YES;
				GENERATE_INFOPLIST_FILE = YES;
				INFOPLIST_KEY_UIApplicationSceneManifest_Generation = YES;
				INFOPLIST_KEY_UIApplicationSupportsIndirectInputEvents = YES;
				INFOPLIST_KEY_UILaunchScreen_Generation = YES;
				INFOPLIST_KEY_UISupportedInterfaceOrientations_iPad = "UIInterfaceOrientationPortrait UIInterfaceOrientationPortraitUpsideDown UIInterfaceOrientationLandscapeLeft UIInterfaceOrientationLandscapeRight";
				INFOPLIST_KEY_UISupportedInterfaceOrientations_iPhone = "UIInterfaceOrientationPortrait UIInterfaceOrientationLandscapeLeft UIInterfaceOrientationLandscapeRight";
				LD_RUNPATH_SEARCH_PATHS = (
					"$(inherited)",
					"@executable_path/Frameworks",
				);
				MARKETING_VERSION = 1.0;
				PRODUCT_BUNDLE_IDENTIFIER = de.geildesignt.FireBase;
				PRODUCT_NAME = "$(TARGET_NAME)";
				SWIFT_EMIT_LOC_STRINGS = YES;
				SWIFT_VERSION = 5.0;
				TARGETED_DEVICE_FAMILY = "1,2";
			};
			name = Release;
		};
		34965B95299FA57700371A93 /* Debug */ = {
			isa = XCBuildConfiguration;
			buildSettings = {
				ALWAYS_EMBED_SWIFT_STANDARD_LIBRARIES = YES;
				BUNDLE_LOADER = "$(TEST_HOST)";
				CODE_SIGN_STYLE = Automatic;
				CURRENT_PROJECT_VERSION = 1;
				DEVELOPMENT_TEAM = X8FPBDF85Z;
				GENERATE_INFOPLIST_FILE = YES;
				IPHONEOS_DEPLOYMENT_TARGET = 16.2;
				MARKETING_VERSION = 1.0;
				PRODUCT_BUNDLE_IDENTIFIER = de.geildesignt.FireBaseTests;
				PRODUCT_NAME = "$(TARGET_NAME)";
				SWIFT_EMIT_LOC_STRINGS = NO;
				SWIFT_VERSION = 5.0;
				TARGETED_DEVICE_FAMILY = "1,2";
				TEST_HOST = "$(BUILT_PRODUCTS_DIR)/FireBase.app/$(BUNDLE_EXECUTABLE_FOLDER_PATH)/FireBase";
			};
			name = Debug;
		};
		34965B96299FA57700371A93 /* Release */ = {
			isa = XCBuildConfiguration;
			buildSettings = {
				ALWAYS_EMBED_SWIFT_STANDARD_LIBRARIES = YES;
				BUNDLE_LOADER = "$(TEST_HOST)";
				CODE_SIGN_STYLE = Automatic;
				CURRENT_PROJECT_VERSION = 1;
				DEVELOPMENT_TEAM = X8FPBDF85Z;
				GENERATE_INFOPLIST_FILE = YES;
				IPHONEOS_DEPLOYMENT_TARGET = 16.2;
				MARKETING_VERSION = 1.0;
				PRODUCT_BUNDLE_IDENTIFIER = de.geildesignt.FireBaseTests;
				PRODUCT_NAME = "$(TARGET_NAME)";
				SWIFT_EMIT_LOC_STRINGS = NO;
				SWIFT_VERSION = 5.0;
				TARGETED_DEVICE_FAMILY = "1,2";
				TEST_HOST = "$(BUILT_PRODUCTS_DIR)/FireBase.app/$(BUNDLE_EXECUTABLE_FOLDER_PATH)/FireBase";
			};
			name = Release;
		};
		34965B98299FA57700371A93 /* Debug */ = {
			isa = XCBuildConfiguration;
			buildSettings = {
				ALWAYS_EMBED_SWIFT_STANDARD_LIBRARIES = YES;
				CODE_SIGN_STYLE = Automatic;
				CURRENT_PROJECT_VERSION = 1;
				DEVELOPMENT_TEAM = X8FPBDF85Z;
				GENERATE_INFOPLIST_FILE = YES;
				MARKETING_VERSION = 1.0;
				PRODUCT_BUNDLE_IDENTIFIER = de.geildesignt.FireBaseUITests;
				PRODUCT_NAME = "$(TARGET_NAME)";
				SWIFT_EMIT_LOC_STRINGS = NO;
				SWIFT_VERSION = 5.0;
				TARGETED_DEVICE_FAMILY = "1,2";
				TEST_TARGET_NAME = FireBase;
			};
			name = Debug;
		};
		34965B99299FA57700371A93 /* Release */ = {
			isa = XCBuildConfiguration;
			buildSettings = {
				ALWAYS_EMBED_SWIFT_STANDARD_LIBRARIES = YES;
				CODE_SIGN_STYLE = Automatic;
				CURRENT_PROJECT_VERSION = 1;
				DEVELOPMENT_TEAM = X8FPBDF85Z;
				GENERATE_INFOPLIST_FILE = YES;
				MARKETING_VERSION = 1.0;
				PRODUCT_BUNDLE_IDENTIFIER = de.geildesignt.FireBaseUITests;
				PRODUCT_NAME = "$(TARGET_NAME)";
				SWIFT_EMIT_LOC_STRINGS = NO;
				SWIFT_VERSION = 5.0;
				TARGETED_DEVICE_FAMILY = "1,2";
				TEST_TARGET_NAME = FireBase;
			};
			name = Release;
		};
/* End XCBuildConfiguration section */

/* Begin XCConfigurationList section */
		34965B68299FA57600371A93 /* Build configuration list for PBXProject "FireBase" */ = {
			isa = XCConfigurationList;
			buildConfigurations = (
				34965B8F299FA57700371A93 /* Debug */,
				34965B90299FA57700371A93 /* Release */,
			);
			defaultConfigurationIsVisible = 0;
			defaultConfigurationName = Release;
		};
		34965B91299FA57700371A93 /* Build configuration list for PBXNativeTarget "FireBase" */ = {
			isa = XCConfigurationList;
			buildConfigurations = (
				34965B92299FA57700371A93 /* Debug */,
				34965B93299FA57700371A93 /* Release */,
			);
			defaultConfigurationIsVisible = 0;
			defaultConfigurationName = Release;
		};
		34965B94299FA57700371A93 /* Build configuration list for PBXNativeTarget "FireBaseTests" */ = {
			isa = XCConfigurationList;
			buildConfigurations = (
				34965B95299FA57700371A93 /* Debug */,
				34965B96299FA57700371A93 /* Release */,
			);
			defaultConfigurationIsVisible = 0;
			defaultConfigurationName = Release;
		};
		34965B97299FA57700371A93 /* Build configuration list for PBXNativeTarget "FireBaseUITests" */ = {
			isa = XCConfigurationList;
			buildConfigurations = (
				34965B98299FA57700371A93 /* Debug */,
				34965B99299FA57700371A93 /* Release */,
			);
			defaultConfigurationIsVisible = 0;
			defaultConfigurationName = Release;
		};
/* End XCConfigurationList section */
	};
	rootObject = 34965B65299FA57600371A93 /* Project object */;
}
