// !$*UTF8*$!
{
	archiveVersion = 1;
	classes = {
	};
	objectVersion = 56;
	objects = {

/* Begin PBXBuildFile section */
		343F11EC2996720900316CE7 /* apiCallApp.swift in Sources */ = {isa = PBXBuildFile; fileRef = 343F11EB2996720900316CE7 /* apiCallApp.swift */; };
		343F11EE2996720900316CE7 /* ContentView.swift in Sources */ = {isa = PBXBuildFile; fileRef = 343F11ED2996720900316CE7 /* ContentView.swift */; };
		343F11F02996720900316CE7 /* Assets.xcassets in Resources */ = {isa = PBXBuildFile; fileRef = 343F11EF2996720900316CE7 /* Assets.xcassets */; };
		343F11F32996720900316CE7 /* Preview Assets.xcassets in Resources */ = {isa = PBXBuildFile; fileRef = 343F11F22996720900316CE7 /* Preview Assets.xcassets */; };
		343F11F52996720900316CE7 /* Persistence.swift in Sources */ = {isa = PBXBuildFile; fileRef = 343F11F42996720900316CE7 /* Persistence.swift */; };
		343F11F82996720900316CE7 /* apiCall.xcdatamodeld in Sources */ = {isa = PBXBuildFile; fileRef = 343F11F62996720900316CE7 /* apiCall.xcdatamodeld */; };
		343F12022996720A00316CE7 /* apiCallTests.swift in Sources */ = {isa = PBXBuildFile; fileRef = 343F12012996720A00316CE7 /* apiCallTests.swift */; };
		343F120C2996720A00316CE7 /* apiCallUITests.swift in Sources */ = {isa = PBXBuildFile; fileRef = 343F120B2996720A00316CE7 /* apiCallUITests.swift */; };
		343F120E2996720A00316CE7 /* apiCallUITestsLaunchTests.swift in Sources */ = {isa = PBXBuildFile; fileRef = 343F120D2996720A00316CE7 /* apiCallUITestsLaunchTests.swift */; };
/* End PBXBuildFile section */

/* Begin PBXContainerItemProxy section */
		343F11FE2996720A00316CE7 /* PBXContainerItemProxy */ = {
			isa = PBXContainerItemProxy;
			containerPortal = 343F11E02996720900316CE7 /* Project object */;
			proxyType = 1;
			remoteGlobalIDString = 343F11E72996720900316CE7;
			remoteInfo = apiCall;
		};
		343F12082996720A00316CE7 /* PBXContainerItemProxy */ = {
			isa = PBXContainerItemProxy;
			containerPortal = 343F11E02996720900316CE7 /* Project object */;
			proxyType = 1;
			remoteGlobalIDString = 343F11E72996720900316CE7;
			remoteInfo = apiCall;
		};
/* End PBXContainerItemProxy section */

/* Begin PBXFileReference section */
		343F11E82996720900316CE7 /* apiCall.app */ = {isa = PBXFileReference; explicitFileType = wrapper.application; includeInIndex = 0; path = apiCall.app; sourceTree = BUILT_PRODUCTS_DIR; };
		343F11EB2996720900316CE7 /* apiCallApp.swift */ = {isa = PBXFileReference; lastKnownFileType = sourcecode.swift; path = apiCallApp.swift; sourceTree = "<group>"; };
		343F11ED2996720900316CE7 /* ContentView.swift */ = {isa = PBXFileReference; lastKnownFileType = sourcecode.swift; path = ContentView.swift; sourceTree = "<group>"; };
		343F11EF2996720900316CE7 /* Assets.xcassets */ = {isa = PBXFileReference; lastKnownFileType = folder.assetcatalog; path = Assets.xcassets; sourceTree = "<group>"; };
		343F11F22996720900316CE7 /* Preview Assets.xcassets */ = {isa = PBXFileReference; lastKnownFileType = folder.assetcatalog; path = "Preview Assets.xcassets"; sourceTree = "<group>"; };
		343F11F42996720900316CE7 /* Persistence.swift */ = {isa = PBXFileReference; lastKnownFileType = sourcecode.swift; path = Persistence.swift; sourceTree = "<group>"; };
		343F11F72996720900316CE7 /* apiCall.xcdatamodel */ = {isa = PBXFileReference; lastKnownFileType = wrapper.xcdatamodel; path = apiCall.xcdatamodel; sourceTree = "<group>"; };
		343F11FD2996720A00316CE7 /* apiCallTests.xctest */ = {isa = PBXFileReference; explicitFileType = wrapper.cfbundle; includeInIndex = 0; path = apiCallTests.xctest; sourceTree = BUILT_PRODUCTS_DIR; };
		343F12012996720A00316CE7 /* apiCallTests.swift */ = {isa = PBXFileReference; lastKnownFileType = sourcecode.swift; path = apiCallTests.swift; sourceTree = "<group>"; };
		343F12072996720A00316CE7 /* apiCallUITests.xctest */ = {isa = PBXFileReference; explicitFileType = wrapper.cfbundle; includeInIndex = 0; path = apiCallUITests.xctest; sourceTree = BUILT_PRODUCTS_DIR; };
		343F120B2996720A00316CE7 /* apiCallUITests.swift */ = {isa = PBXFileReference; lastKnownFileType = sourcecode.swift; path = apiCallUITests.swift; sourceTree = "<group>"; };
		343F120D2996720A00316CE7 /* apiCallUITestsLaunchTests.swift */ = {isa = PBXFileReference; lastKnownFileType = sourcecode.swift; path = apiCallUITestsLaunchTests.swift; sourceTree = "<group>"; };
/* End PBXFileReference section */

/* Begin PBXFrameworksBuildPhase section */
		343F11E52996720900316CE7 /* Frameworks */ = {
			isa = PBXFrameworksBuildPhase;
			buildActionMask = 2147483647;
			files = (
			);
			runOnlyForDeploymentPostprocessing = 0;
		};
		343F11FA2996720A00316CE7 /* Frameworks */ = {
			isa = PBXFrameworksBuildPhase;
			buildActionMask = 2147483647;
			files = (
			);
			runOnlyForDeploymentPostprocessing = 0;
		};
		343F12042996720A00316CE7 /* Frameworks */ = {
			isa = PBXFrameworksBuildPhase;
			buildActionMask = 2147483647;
			files = (
			);
			runOnlyForDeploymentPostprocessing = 0;
		};
/* End PBXFrameworksBuildPhase section */

/* Begin PBXGroup section */
		343F11DF2996720900316CE7 = {
			isa = PBXGroup;
			children = (
				343F11EA2996720900316CE7 /* apiCall */,
				343F12002996720A00316CE7 /* apiCallTests */,
				343F120A2996720A00316CE7 /* apiCallUITests */,
				343F11E92996720900316CE7 /* Products */,
			);
			sourceTree = "<group>";
		};
		343F11E92996720900316CE7 /* Products */ = {
			isa = PBXGroup;
			children = (
				343F11E82996720900316CE7 /* apiCall.app */,
				343F11FD2996720A00316CE7 /* apiCallTests.xctest */,
				343F12072996720A00316CE7 /* apiCallUITests.xctest */,
			);
			name = Products;
			sourceTree = "<group>";
		};
		343F11EA2996720900316CE7 /* apiCall */ = {
			isa = PBXGroup;
			children = (
				343F11EB2996720900316CE7 /* apiCallApp.swift */,
				343F11ED2996720900316CE7 /* ContentView.swift */,
				343F11EF2996720900316CE7 /* Assets.xcassets */,
				343F11F42996720900316CE7 /* Persistence.swift */,
				343F11F62996720900316CE7 /* apiCall.xcdatamodeld */,
				343F11F12996720900316CE7 /* Preview Content */,
			);
			path = apiCall;
			sourceTree = "<group>";
		};
		343F11F12996720900316CE7 /* Preview Content */ = {
			isa = PBXGroup;
			children = (
				343F11F22996720900316CE7 /* Preview Assets.xcassets */,
			);
			path = "Preview Content";
			sourceTree = "<group>";
		};
		343F12002996720A00316CE7 /* apiCallTests */ = {
			isa = PBXGroup;
			children = (
				343F12012996720A00316CE7 /* apiCallTests.swift */,
			);
			path = apiCallTests;
			sourceTree = "<group>";
		};
		343F120A2996720A00316CE7 /* apiCallUITests */ = {
			isa = PBXGroup;
			children = (
				343F120B2996720A00316CE7 /* apiCallUITests.swift */,
				343F120D2996720A00316CE7 /* apiCallUITestsLaunchTests.swift */,
			);
			path = apiCallUITests;
			sourceTree = "<group>";
		};
/* End PBXGroup section */

/* Begin PBXNativeTarget section */
		343F11E72996720900316CE7 /* apiCall */ = {
			isa = PBXNativeTarget;
			buildConfigurationList = 343F12112996720A00316CE7 /* Build configuration list for PBXNativeTarget "apiCall" */;
			buildPhases = (
				343F11E42996720900316CE7 /* Sources */,
				343F11E52996720900316CE7 /* Frameworks */,
				343F11E62996720900316CE7 /* Resources */,
			);
			buildRules = (
			);
			dependencies = (
			);
			name = apiCall;
			productName = apiCall;
			productReference = 343F11E82996720900316CE7 /* apiCall.app */;
			productType = "com.apple.product-type.application";
		};
		343F11FC2996720A00316CE7 /* apiCallTests */ = {
			isa = PBXNativeTarget;
			buildConfigurationList = 343F12142996720A00316CE7 /* Build configuration list for PBXNativeTarget "apiCallTests" */;
			buildPhases = (
				343F11F92996720A00316CE7 /* Sources */,
				343F11FA2996720A00316CE7 /* Frameworks */,
				343F11FB2996720A00316CE7 /* Resources */,
			);
			buildRules = (
			);
			dependencies = (
				343F11FF2996720A00316CE7 /* PBXTargetDependency */,
			);
			name = apiCallTests;
			productName = apiCallTests;
			productReference = 343F11FD2996720A00316CE7 /* apiCallTests.xctest */;
			productType = "com.apple.product-type.bundle.unit-test";
		};
		343F12062996720A00316CE7 /* apiCallUITests */ = {
			isa = PBXNativeTarget;
			buildConfigurationList = 343F12172996720A00316CE7 /* Build configuration list for PBXNativeTarget "apiCallUITests" */;
			buildPhases = (
				343F12032996720A00316CE7 /* Sources */,
				343F12042996720A00316CE7 /* Frameworks */,
				343F12052996720A00316CE7 /* Resources */,
			);
			buildRules = (
			);
			dependencies = (
				343F12092996720A00316CE7 /* PBXTargetDependency */,
			);
			name = apiCallUITests;
			productName = apiCallUITests;
			productReference = 343F12072996720A00316CE7 /* apiCallUITests.xctest */;
			productType = "com.apple.product-type.bundle.ui-testing";
		};
/* End PBXNativeTarget section */

/* Begin PBXProject section */
		343F11E02996720900316CE7 /* Project object */ = {
			isa = PBXProject;
			attributes = {
				BuildIndependentTargetsInParallel = 1;
				LastSwiftUpdateCheck = 1420;
				LastUpgradeCheck = 1420;
				TargetAttributes = {
					343F11E72996720900316CE7 = {
						CreatedOnToolsVersion = 14.2;
					};
					343F11FC2996720A00316CE7 = {
						CreatedOnToolsVersion = 14.2;
						TestTargetID = 343F11E72996720900316CE7;
					};
					343F12062996720A00316CE7 = {
						CreatedOnToolsVersion = 14.2;
						TestTargetID = 343F11E72996720900316CE7;
					};
				};
			};
			buildConfigurationList = 343F11E32996720900316CE7 /* Build configuration list for PBXProject "apiCall" */;
			compatibilityVersion = "Xcode 14.0";
			developmentRegion = en;
			hasScannedForEncodings = 0;
			knownRegions = (
				en,
				Base,
			);
			mainGroup = 343F11DF2996720900316CE7;
			productRefGroup = 343F11E92996720900316CE7 /* Products */;
			projectDirPath = "";
			projectRoot = "";
			targets = (
				343F11E72996720900316CE7 /* apiCall */,
				343F11FC2996720A00316CE7 /* apiCallTests */,
				343F12062996720A00316CE7 /* apiCallUITests */,
			);
		};
/* End PBXProject section */

/* Begin PBXResourcesBuildPhase section */
		343F11E62996720900316CE7 /* Resources */ = {
			isa = PBXResourcesBuildPhase;
			buildActionMask = 2147483647;
			files = (
				343F11F32996720900316CE7 /* Preview Assets.xcassets in Resources */,
				343F11F02996720900316CE7 /* Assets.xcassets in Resources */,
			);
			runOnlyForDeploymentPostprocessing = 0;
		};
		343F11FB2996720A00316CE7 /* Resources */ = {
			isa = PBXResourcesBuildPhase;
			buildActionMask = 2147483647;
			files = (
			);
			runOnlyForDeploymentPostprocessing = 0;
		};
		343F12052996720A00316CE7 /* Resources */ = {
			isa = PBXResourcesBuildPhase;
			buildActionMask = 2147483647;
			files = (
			);
			runOnlyForDeploymentPostprocessing = 0;
		};
/* End PBXResourcesBuildPhase section */

/* Begin PBXSourcesBuildPhase section */
		343F11E42996720900316CE7 /* Sources */ = {
			isa = PBXSourcesBuildPhase;
			buildActionMask = 2147483647;
			files = (
				343F11F52996720900316CE7 /* Persistence.swift in Sources */,
				343F11EE2996720900316CE7 /* ContentView.swift in Sources */,
				343F11F82996720900316CE7 /* apiCall.xcdatamodeld in Sources */,
				343F11EC2996720900316CE7 /* apiCallApp.swift in Sources */,
			);
			runOnlyForDeploymentPostprocessing = 0;
		};
		343F11F92996720A00316CE7 /* Sources */ = {
			isa = PBXSourcesBuildPhase;
			buildActionMask = 2147483647;
			files = (
				343F12022996720A00316CE7 /* apiCallTests.swift in Sources */,
			);
			runOnlyForDeploymentPostprocessing = 0;
		};
		343F12032996720A00316CE7 /* Sources */ = {
			isa = PBXSourcesBuildPhase;
			buildActionMask = 2147483647;
			files = (
				343F120C2996720A00316CE7 /* apiCallUITests.swift in Sources */,
				343F120E2996720A00316CE7 /* apiCallUITestsLaunchTests.swift in Sources */,
			);
			runOnlyForDeploymentPostprocessing = 0;
		};
/* End PBXSourcesBuildPhase section */

/* Begin PBXTargetDependency section */
		343F11FF2996720A00316CE7 /* PBXTargetDependency */ = {
			isa = PBXTargetDependency;
			target = 343F11E72996720900316CE7 /* apiCall */;
			targetProxy = 343F11FE2996720A00316CE7 /* PBXContainerItemProxy */;
		};
		343F12092996720A00316CE7 /* PBXTargetDependency */ = {
			isa = PBXTargetDependency;
			target = 343F11E72996720900316CE7 /* apiCall */;
			targetProxy = 343F12082996720A00316CE7 /* PBXContainerItemProxy */;
		};
/* End PBXTargetDependency section */

/* Begin XCBuildConfiguration section */
		343F120F2996720A00316CE7 /* Debug */ = {
			isa = XCBuildConfiguration;
			buildSettings = {
				ALWAYS_SEARCH_USER_PATHS = NO;
				CLANG_ANALYZER_NONNULL = YES;
				CLANG_ANALYZER_NUMBER_OBJECT_CONVERSION = YES_AGGRESSIVE;
				CLANG_CXX_LANGUAGE_STANDARD = "gnu++20";
				CLANG_ENABLE_MODULES = YES;
				CLANG_ENABLE_OBJC_ARC = YES;
				CLANG_ENABLE_OBJC_WEAK = YES;
				CLANG_WARN_BLOCK_CAPTURE_AUTORELEASING = YES;
				CLANG_WARN_BOOL_CONVERSION = YES;
				CLANG_WARN_COMMA = YES;
				CLANG_WARN_CONSTANT_CONVERSION = YES;
				CLANG_WARN_DEPRECATED_OBJC_IMPLEMENTATIONS = YES;
				CLANG_WARN_DIRECT_OBJC_ISA_USAGE = YES_ERROR;
				CLANG_WARN_DOCUMENTATION_COMMENTS = YES;
				CLANG_WARN_EMPTY_BODY = YES;
				CLANG_WARN_ENUM_CONVERSION = YES;
				CLANG_WARN_INFINITE_RECURSION = YES;
				CLANG_WARN_INT_CONVERSION = YES;
				CLANG_WARN_NON_LITERAL_NULL_CONVERSION = YES;
				CLANG_WARN_OBJC_IMPLICIT_RETAIN_SELF = YES;
				CLANG_WARN_OBJC_LITERAL_CONVERSION = YES;
				CLANG_WARN_OBJC_ROOT_CLASS = YES_ERROR;
				CLANG_WARN_QUOTED_INCLUDE_IN_FRAMEWORK_HEADER = YES;
				CLANG_WARN_RANGE_LOOP_ANALYSIS = YES;
				CLANG_WARN_STRICT_PROTOTYPES = YES;
				CLANG_WARN_SUSPICIOUS_MOVE = YES;
				CLANG_WARN_UNGUARDED_AVAILABILITY = YES_AGGRESSIVE;
				CLANG_WARN_UNREACHABLE_CODE = YES;
				CLANG_WARN__DUPLICATE_METHOD_MATCH = YES;
				COPY_PHASE_STRIP = NO;
				DEBUG_INFORMATION_FORMAT = dwarf;
				ENABLE_STRICT_OBJC_MSGSEND = YES;
				ENABLE_TESTABILITY = YES;
				GCC_C_LANGUAGE_STANDARD = gnu11;
				GCC_DYNAMIC_NO_PIC = NO;
				GCC_NO_COMMON_BLOCKS = YES;
				GCC_OPTIMIZATION_LEVEL = 0;
				GCC_PREPROCESSOR_DEFINITIONS = (
					"DEBUG=1",
					"$(inherited)",
				);
				GCC_WARN_64_TO_32_BIT_CONVERSION = YES;
				GCC_WARN_ABOUT_RETURN_TYPE = YES_ERROR;
				GCC_WARN_UNDECLARED_SELECTOR = YES;
				GCC_WARN_UNINITIALIZED_AUTOS = YES_AGGRESSIVE;
				GCC_WARN_UNUSED_FUNCTION = YES;
				GCC_WARN_UNUSED_VARIABLE = YES;
				IPHONEOS_DEPLOYMENT_TARGET = 16.2;
				MTL_ENABLE_DEBUG_INFO = INCLUDE_SOURCE;
				MTL_FAST_MATH = YES;
				ONLY_ACTIVE_ARCH = YES;
				SDKROOT = iphoneos;
				SWIFT_ACTIVE_COMPILATION_CONDITIONS = DEBUG;
				SWIFT_OPTIMIZATION_LEVEL = "-Onone";
			};
			name = Debug;
		};
		343F12102996720A00316CE7 /* Release */ = {
			isa = XCBuildConfiguration;
			buildSettings = {
				ALWAYS_SEARCH_USER_PATHS = NO;
				CLANG_ANALYZER_NONNULL = YES;
				CLANG_ANALYZER_NUMBER_OBJECT_CONVERSION = YES_AGGRESSIVE;
				CLANG_CXX_LANGUAGE_STANDARD = "gnu++20";
				CLANG_ENABLE_MODULES = YES;
				CLANG_ENABLE_OBJC_ARC = YES;
				CLANG_ENABLE_OBJC_WEAK = YES;
				CLANG_WARN_BLOCK_CAPTURE_AUTORELEASING = YES;
				CLANG_WARN_BOOL_CONVERSION = YES;
				CLANG_WARN_COMMA = YES;
				CLANG_WARN_CONSTANT_CONVERSION = YES;
				CLANG_WARN_DEPRECATED_OBJC_IMPLEMENTATIONS = YES;
				CLANG_WARN_DIRECT_OBJC_ISA_USAGE = YES_ERROR;
				CLANG_WARN_DOCUMENTATION_COMMENTS = YES;
				CLANG_WARN_EMPTY_BODY = YES;
				CLANG_WARN_ENUM_CONVERSION = YES;
				CLANG_WARN_INFINITE_RECURSION = YES;
				CLANG_WARN_INT_CONVERSION = YES;
				CLANG_WARN_NON_LITERAL_NULL_CONVERSION = YES;
				CLANG_WARN_OBJC_IMPLICIT_RETAIN_SELF = YES;
				CLANG_WARN_OBJC_LITERAL_CONVERSION = YES;
				CLANG_WARN_OBJC_ROOT_CLASS = YES_ERROR;
				CLANG_WARN_QUOTED_INCLUDE_IN_FRAMEWORK_HEADER = YES;
				CLANG_WARN_RANGE_LOOP_ANALYSIS = YES;
				CLANG_WARN_STRICT_PROTOTYPES = YES;
				CLANG_WARN_SUSPICIOUS_MOVE = YES;
				CLANG_WARN_UNGUARDED_AVAILABILITY = YES_AGGRESSIVE;
				CLANG_WARN_UNREACHABLE_CODE = YES;
				CLANG_WARN__DUPLICATE_METHOD_MATCH = YES;
				COPY_PHASE_STRIP = NO;
				DEBUG_INFORMATION_FORMAT = "dwarf-with-dsym";
				ENABLE_NS_ASSERTIONS = NO;
				ENABLE_STRICT_OBJC_MSGSEND = YES;
				GCC_C_LANGUAGE_STANDARD = gnu11;
				GCC_NO_COMMON_BLOCKS = YES;
				GCC_WARN_64_TO_32_BIT_CONVERSION = YES;
				GCC_WARN_ABOUT_RETURN_TYPE = YES_ERROR;
				GCC_WARN_UNDECLARED_SELECTOR = YES;
				GCC_WARN_UNINITIALIZED_AUTOS = YES_AGGRESSIVE;
				GCC_WARN_UNUSED_FUNCTION = YES;
				GCC_WARN_UNUSED_VARIABLE = YES;
				IPHONEOS_DEPLOYMENT_TARGET = 16.2;
				MTL_ENABLE_DEBUG_INFO = NO;
				MTL_FAST_MATH = YES;
				SDKROOT = iphoneos;
				SWIFT_COMPILATION_MODE = wholemodule;
				SWIFT_OPTIMIZATION_LEVEL = "-O";
				VALIDATE_PRODUCT = YES;
			};
			name = Release;
		};
		343F12122996720A00316CE7 /* Debug */ = {
			isa = XCBuildConfiguration;
			buildSettings = {
				ASSETCATALOG_COMPILER_APPICON_NAME = AppIcon;
				ASSETCATALOG_COMPILER_GLOBAL_ACCENT_COLOR_NAME = AccentColor;
				CODE_SIGN_STYLE = Automatic;
				CURRENT_PROJECT_VERSION = 1;
				DEVELOPMENT_ASSET_PATHS = "\"apiCall/Preview Content\"";
				DEVELOPMENT_TEAM = X8FPBDF85Z;
				ENABLE_PREVIEWS = YES;
				GENERATE_INFOPLIST_FILE = YES;
				INFOPLIST_KEY_UIApplicationSceneManifest_Generation = YES;
				INFOPLIST_KEY_UIApplicationSupportsIndirectInputEvents = YES;
				INFOPLIST_KEY_UILaunchScreen_Generation = YES;
				INFOPLIST_KEY_UISupportedInterfaceOrientations_iPad = "UIInterfaceOrientationPortrait UIInterfaceOrientationPortraitUpsideDown UIInterfaceOrientationLandscapeLeft UIInterfaceOrientationLandscapeRight";
				INFOPLIST_KEY_UISupportedInterfaceOrientations_iPhone = "UIInterfaceOrientationPortrait UIInterfaceOrientationLandscapeLeft UIInterfaceOrientationLandscapeRight";
				LD_RUNPATH_SEARCH_PATHS = (
					"$(inherited)",
					"@executable_path/Frameworks",
				);
				MARKETING_VERSION = 1.0;
				PRODUCT_BUNDLE_IDENTIFIER = de.geildesignt.apiCall;
				PRODUCT_NAME = "$(TARGET_NAME)";
				SWIFT_EMIT_LOC_STRINGS = YES;
				SWIFT_VERSION = 5.0;
				TARGETED_DEVICE_FAMILY = "1,2";
			};
			name = Debug;
		};
		343F12132996720A00316CE7 /* Release */ = {
			isa = XCBuildConfiguration;
			buildSettings = {
				ASSETCATALOG_COMPILER_APPICON_NAME = AppIcon;
				ASSETCATALOG_COMPILER_GLOBAL_ACCENT_COLOR_NAME = AccentColor;
				CODE_SIGN_STYLE = Automatic;
				CURRENT_PROJECT_VERSION = 1;
				DEVELOPMENT_ASSET_PATHS = "\"apiCall/Preview Content\"";
				DEVELOPMENT_TEAM = X8FPBDF85Z;
				ENABLE_PREVIEWS = YES;
				GENERATE_INFOPLIST_FILE = YES;
				INFOPLIST_KEY_UIApplicationSceneManifest_Generation = YES;
				INFOPLIST_KEY_UIApplicationSupportsIndirectInputEvents = YES;
				INFOPLIST_KEY_UILaunchScreen_Generation = YES;
				INFOPLIST_KEY_UISupportedInterfaceOrientations_iPad = "UIInterfaceOrientationPortrait UIInterfaceOrientationPortraitUpsideDown UIInterfaceOrientationLandscapeLeft UIInterfaceOrientationLandscapeRight";
				INFOPLIST_KEY_UISupportedInterfaceOrientations_iPhone = "UIInterfaceOrientationPortrait UIInterfaceOrientationLandscapeLeft UIInterfaceOrientationLandscapeRight";
				LD_RUNPATH_SEARCH_PATHS = (
					"$(inherited)",
					"@executable_path/Frameworks",
				);
				MARKETING_VERSION = 1.0;
				PRODUCT_BUNDLE_IDENTIFIER = de.geildesignt.apiCall;
				PRODUCT_NAME = "$(TARGET_NAME)";
				SWIFT_EMIT_LOC_STRINGS = YES;
				SWIFT_VERSION = 5.0;
				TARGETED_DEVICE_FAMILY = "1,2";
			};
			name = Release;
		};
		343F12152996720A00316CE7 /* Debug */ = {
			isa = XCBuildConfiguration;
			buildSettings = {
				ALWAYS_EMBED_SWIFT_STANDARD_LIBRARIES = YES;
				BUNDLE_LOADER = "$(TEST_HOST)";
				CODE_SIGN_STYLE = Automatic;
				CURRENT_PROJECT_VERSION = 1;
				DEVELOPMENT_TEAM = X8FPBDF85Z;
				GENERATE_INFOPLIST_FILE = YES;
				IPHONEOS_DEPLOYMENT_TARGET = 16.2;
				MARKETING_VERSION = 1.0;
				PRODUCT_BUNDLE_IDENTIFIER = de.geildesignt.apiCallTests;
				PRODUCT_NAME = "$(TARGET_NAME)";
				SWIFT_EMIT_LOC_STRINGS = NO;
				SWIFT_VERSION = 5.0;
				TARGETED_DEVICE_FAMILY = "1,2";
				TEST_HOST = "$(BUILT_PRODUCTS_DIR)/apiCall.app/$(BUNDLE_EXECUTABLE_FOLDER_PATH)/apiCall";
			};
			name = Debug;
		};
		343F12162996720A00316CE7 /* Release */ = {
			isa = XCBuildConfiguration;
			buildSettings = {
				ALWAYS_EMBED_SWIFT_STANDARD_LIBRARIES = YES;
				BUNDLE_LOADER = "$(TEST_HOST)";
				CODE_SIGN_STYLE = Automatic;
				CURRENT_PROJECT_VERSION = 1;
				DEVELOPMENT_TEAM = X8FPBDF85Z;
				GENERATE_INFOPLIST_FILE = YES;
				IPHONEOS_DEPLOYMENT_TARGET = 16.2;
				MARKETING_VERSION = 1.0;
				PRODUCT_BUNDLE_IDENTIFIER = de.geildesignt.apiCallTests;
				PRODUCT_NAME = "$(TARGET_NAME)";
				SWIFT_EMIT_LOC_STRINGS = NO;
				SWIFT_VERSION = 5.0;
				TARGETED_DEVICE_FAMILY = "1,2";
				TEST_HOST = "$(BUILT_PRODUCTS_DIR)/apiCall.app/$(BUNDLE_EXECUTABLE_FOLDER_PATH)/apiCall";
			};
			name = Release;
		};
		343F12182996720A00316CE7 /* Debug */ = {
			isa = XCBuildConfiguration;
			buildSettings = {
				ALWAYS_EMBED_SWIFT_STANDARD_LIBRARIES = YES;
				CODE_SIGN_STYLE = Automatic;
				CURRENT_PROJECT_VERSION = 1;
				DEVELOPMENT_TEAM = X8FPBDF85Z;
				GENERATE_INFOPLIST_FILE = YES;
				MARKETING_VERSION = 1.0;
				PRODUCT_BUNDLE_IDENTIFIER = de.geildesignt.apiCallUITests;
				PRODUCT_NAME = "$(TARGET_NAME)";
				SWIFT_EMIT_LOC_STRINGS = NO;
				SWIFT_VERSION = 5.0;
				TARGETED_DEVICE_FAMILY = "1,2";
				TEST_TARGET_NAME = apiCall;
			};
			name = Debug;
		};
		343F12192996720A00316CE7 /* Release */ = {
			isa = XCBuildConfiguration;
			buildSettings = {
				ALWAYS_EMBED_SWIFT_STANDARD_LIBRARIES = YES;
				CODE_SIGN_STYLE = Automatic;
				CURRENT_PROJECT_VERSION = 1;
				DEVELOPMENT_TEAM = X8FPBDF85Z;
				GENERATE_INFOPLIST_FILE = YES;
				MARKETING_VERSION = 1.0;
				PRODUCT_BUNDLE_IDENTIFIER = de.geildesignt.apiCallUITests;
				PRODUCT_NAME = "$(TARGET_NAME)";
				SWIFT_EMIT_LOC_STRINGS = NO;
				SWIFT_VERSION = 5.0;
				TARGETED_DEVICE_FAMILY = "1,2";
				TEST_TARGET_NAME = apiCall;
			};
			name = Release;
		};
/* End XCBuildConfiguration section */

/* Begin XCConfigurationList section */
		343F11E32996720900316CE7 /* Build configuration list for PBXProject "apiCall" */ = {
			isa = XCConfigurationList;
			buildConfigurations = (
				343F120F2996720A00316CE7 /* Debug */,
				343F12102996720A00316CE7 /* Release */,
			);
			defaultConfigurationIsVisible = 0;
			defaultConfigurationName = Release;
		};
		343F12112996720A00316CE7 /* Build configuration list for PBXNativeTarget "apiCall" */ = {
			isa = XCConfigurationList;
			buildConfigurations = (
				343F12122996720A00316CE7 /* Debug */,
				343F12132996720A00316CE7 /* Release */,
			);
			defaultConfigurationIsVisible = 0;
			defaultConfigurationName = Release;
		};
		343F12142996720A00316CE7 /* Build configuration list for PBXNativeTarget "apiCallTests" */ = {
			isa = XCConfigurationList;
			buildConfigurations = (
				343F12152996720A00316CE7 /* Debug */,
				343F12162996720A00316CE7 /* Release */,
			);
			defaultConfigurationIsVisible = 0;
			defaultConfigurationName = Release;
		};
		343F12172996720A00316CE7 /* Build configuration list for PBXNativeTarget "apiCallUITests" */ = {
			isa = XCConfigurationList;
			buildConfigurations = (
				343F12182996720A00316CE7 /* Debug */,
				343F12192996720A00316CE7 /* Release */,
			);
			defaultConfigurationIsVisible = 0;
			defaultConfigurationName = Release;
		};
/* End XCConfigurationList section */

/* Begin XCVersionGroup section */
		343F11F62996720900316CE7 /* apiCall.xcdatamodeld */ = {
			isa = XCVersionGroup;
			children = (
				343F11F72996720900316CE7 /* apiCall.xcdatamodel */,
			);
			currentVersion = 343F11F72996720900316CE7 /* apiCall.xcdatamodel */;
			path = apiCall.xcdatamodeld;
			sourceTree = "<group>";
			versionGroupType = wrapper.xcdatamodel;
		};
/* End XCVersionGroup section */
	};
	rootObject = 343F11E02996720900316CE7 /* Project object */;
}
